{
  "version": 4,
  "terraform_version": "1.13.0",
  "serial": 714,
  "lineage": "e7718dcb-4eea-e929-7b30-265ea10bcb0d",
  "outputs": {
    "app_node_public_ip": {
      "value": "35.93.24.134",
      "type": "string"
    },
    "availability_zone_list": {
      "value": [
        "us-west-2a",
        "us-west-2b",
        "us-west-2c"
      ],
      "type": [
        "list",
        "string"
      ]
    },
    "availability_zones": {
      "value": [
        "us-west-2a",
        "us-west-2b",
        "us-west-2c",
        "us-west-2d"
      ],
      "type": [
        "list",
        "string"
      ]
    },
    "join_string": {
      "value": "192.168.7.111,192.168.7.151,192.168.7.181",
      "type": "string"
    },
    "network_interfaces": {
      "value": [
        "192.168.7.111",
        "192.168.7.151",
        "192.168.7.181"
      ],
      "type": [
        "tuple",
        [
          "string",
          "string",
          "string"
        ]
      ]
    },
    "private_subnet_list": {
      "value": [
        "192.168.7.0/27",
        "192.168.7.32/27",
        "192.168.7.64/27"
      ],
      "type": [
        "list",
        "string"
      ]
    },
    "public_ips_by_az": {
      "value": {
        "us-west-2a": [
          "34.212.29.45"
        ],
        "us-west-2b": [
          "44.244.61.117"
        ],
        "us-west-2c": [
          "35.90.221.227"
        ]
      },
      "type": [
        "object",
        {
          "us-west-2a": [
            "tuple",
            [
              "string"
            ]
          ],
          "us-west-2b": [
            "tuple",
            [
              "string"
            ]
          ],
          "us-west-2c": [
            "tuple",
            [
              "string"
            ]
          ]
        }
      ]
    },
    "public_subnet_list": {
      "value": [
        "192.168.7.96/27",
        "192.168.7.128/27",
        "192.168.7.160/27"
      ],
      "type": [
        "list",
        "string"
      ]
    },
    "route_table_private_id": {
      "value": "rtb-0d703b6e79ee0fcb5",
      "type": "string"
    },
    "route_table_public_id": {
      "value": "rtb-01a61ce98dc2a8fa6",
      "type": "string"
    },
    "security_group_external_access_id": {
      "value": "sg-0b505b6ea76ac7c12",
      "type": "string"
    },
    "security_group_intra_node_id": {
      "value": "sg-04cb9eb8b8fa38fe5",
      "type": "string"
    },
    "subnets": {
      "value": [
        "192.168.7.0/27",
        "192.168.7.32/27",
        "192.168.7.64/27",
        "192.168.7.96/27",
        "192.168.7.128/27",
        "192.168.7.160/27"
      ],
      "type": [
        "list",
        "string"
      ]
    },
    "vpc_id": {
      "value": "vpc-055a393fc76985b42",
      "type": "string"
    }
  },
  "resources": [
    {
      "mode": "data",
      "type": "aws_ami",
      "name": "amazon_linux_2023_arm",
      "provider": "provider[\"registry.terraform.io/hashicorp/aws\"]",
      "instances": [
        {
          "schema_version": 0,
          "attributes": {
            "architecture": "arm64",
            "arn": "arn:aws:ec2:us-west-2::image/ami-059327c057360300b",
            "block_device_mappings": [
              {
                "device_name": "/dev/xvda",
                "ebs": {
                  "delete_on_termination": "true",
                  "encrypted": "false",
                  "iops": "3000",
                  "snapshot_id": "snap-0d71757245f9f5f1e",
                  "throughput": "125",
                  "volume_size": "8",
                  "volume_type": "gp3"
                },
                "no_device": "",
                "virtual_name": ""
              }
            ],
            "boot_mode": "uefi",
            "creation_date": "2025-09-25T05:24:11.000Z",
            "deprecation_time": "2025-12-24T05:24:00.000Z",
            "description": "Amazon Linux 2023 AMI 2023.9.20250929.0 arm64 HVM kernel-6.12",
            "ena_support": true,
            "executable_users": null,
            "filter": [
              {
                "name": "architecture",
                "values": [
                  "arm64"
                ]
              },
              {
                "name": "name",
                "values": [
                  "al2023-ami-2023*"
                ]
              },
              {
                "name": "virtualization-type",
                "values": [
                  "hvm"
                ]
              }
            ],
            "hypervisor": "xen",
            "id": "ami-059327c057360300b",
            "image_id": "ami-059327c057360300b",
            "image_location": "amazon/al2023-ami-2023.9.20250929.0-kernel-6.12-arm64",
            "image_owner_alias": "amazon",
            "image_type": "machine",
            "imds_support": "v2.0",
            "include_deprecated": false,
            "kernel_id": "",
            "most_recent": true,
            "name": "al2023-ami-2023.9.20250929.0-kernel-6.12-arm64",
            "name_regex": null,
            "owner_id": "137112412989",
            "owners": [
              "amazon"
            ],
            "platform": "",
            "platform_details": "Linux/UNIX",
            "product_codes": [],
            "public": true,
            "ramdisk_id": "",
            "root_device_name": "/dev/xvda",
            "root_device_type": "ebs",
            "root_snapshot_id": "snap-0d71757245f9f5f1e",
            "sriov_net_support": "simple",
            "state": "available",
            "state_reason": {
              "code": "UNSET",
              "message": "UNSET"
            },
            "tags": {},
            "timeouts": null,
            "tpm_support": "",
            "usage_operation": "RunInstances",
            "virtualization_type": "hvm"
          },
          "sensitive_attributes": [],
          "identity_schema_version": 0
        }
      ]
    },
    {
      "mode": "data",
      "type": "aws_ami",
      "name": "amazon_linux_2023_x64",
      "provider": "provider[\"registry.terraform.io/hashicorp/aws\"]",
      "instances": [
        {
          "schema_version": 0,
          "attributes": {
            "architecture": "x86_64",
            "arn": "arn:aws:ec2:us-west-2::image/ami-0caa91d6b7bee0ed0",
            "block_device_mappings": [
              {
                "device_name": "/dev/xvda",
                "ebs": {
                  "delete_on_termination": "true",
                  "encrypted": "false",
                  "iops": "3000",
                  "snapshot_id": "snap-09d3b75be125ae41d",
                  "throughput": "125",
                  "volume_size": "8",
                  "volume_type": "gp3"
                },
                "no_device": "",
                "virtual_name": ""
              }
            ],
            "boot_mode": "uefi-preferred",
            "creation_date": "2025-09-25T05:24:17.000Z",
            "deprecation_time": "2025-12-24T05:24:00.000Z",
            "description": "Amazon Linux 2023 AMI 2023.9.20250929.0 x86_64 HVM kernel-6.1",
            "ena_support": true,
            "executable_users": null,
            "filter": [
              {
                "name": "architecture",
                "values": [
                  "x86_64"
                ]
              },
              {
                "name": "name",
                "values": [
                  "al2023-ami-2023*"
                ]
              },
              {
                "name": "virtualization-type",
                "values": [
                  "hvm"
                ]
              }
            ],
            "hypervisor": "xen",
            "id": "ami-0caa91d6b7bee0ed0",
            "image_id": "ami-0caa91d6b7bee0ed0",
            "image_location": "amazon/al2023-ami-2023.9.20250929.0-kernel-6.1-x86_64",
            "image_owner_alias": "amazon",
            "image_type": "machine",
            "imds_support": "v2.0",
            "include_deprecated": false,
            "kernel_id": "",
            "most_recent": true,
            "name": "al2023-ami-2023.9.20250929.0-kernel-6.1-x86_64",
            "name_regex": null,
            "owner_id": "137112412989",
            "owners": [
              "amazon"
            ],
            "platform": "",
            "platform_details": "Linux/UNIX",
            "product_codes": [],
            "public": true,
            "ramdisk_id": "",
            "root_device_name": "/dev/xvda",
            "root_device_type": "ebs",
            "root_snapshot_id": "snap-09d3b75be125ae41d",
            "sriov_net_support": "simple",
            "state": "available",
            "state_reason": {
              "code": "UNSET",
              "message": "UNSET"
            },
            "tags": {},
            "timeouts": null,
            "tpm_support": "",
            "usage_operation": "RunInstances",
            "virtualization_type": "hvm"
          },
          "sensitive_attributes": [],
          "identity_schema_version": 0
        }
      ]
    },
    {
      "mode": "data",
      "type": "aws_availability_zones",
      "name": "available",
      "provider": "provider[\"registry.terraform.io/hashicorp/aws\"]",
      "instances": [
        {
          "schema_version": 0,
          "attributes": {
            "all_availability_zones": null,
            "exclude_names": null,
            "exclude_zone_ids": null,
            "filter": null,
            "group_names": [
              "us-west-2-zg-1"
            ],
            "id": "us-west-2",
            "names": [
              "us-west-2a",
              "us-west-2b",
              "us-west-2c",
              "us-west-2d"
            ],
            "state": "available",
            "timeouts": null,
            "zone_ids": [
              "usw2-az1",
              "usw2-az2",
              "usw2-az3",
              "usw2-az4"
            ]
          },
          "sensitive_attributes": [],
          "identity_schema_version": 0
        }
      ]
    },
    {
      "mode": "managed",
      "type": "aws_instance",
      "name": "app",
      "provider": "provider[\"registry.terraform.io/hashicorp/aws\"]",
      "instances": [
        {
          "index_key": 0,
          "schema_version": 1,
          "attributes": {
            "ami": "ami-0caa91d6b7bee0ed0",
            "arn": "arn:aws:ec2:us-west-2:337380398238:instance/i-042e479de47191e79",
            "associate_public_ip_address": true,
            "availability_zone": "us-west-2a",
            "capacity_reservation_specification": [
              {
                "capacity_reservation_preference": "open",
                "capacity_reservation_target": []
              }
            ],
            "cpu_core_count": 1,
            "cpu_threads_per_core": 2,
            "credit_specification": [
              {
                "cpu_credits": "unlimited"
              }
            ],
            "disable_api_stop": false,
            "disable_api_termination": false,
            "ebs_block_device": [],
            "ebs_optimized": false,
            "enclave_options": [
              {
                "enabled": false
              }
            ],
            "ephemeral_block_device": [],
            "get_password_data": false,
            "hibernation": false,
            "host_id": "",
            "host_resource_group_arn": null,
            "iam_instance_profile": "",
            "id": "i-042e479de47191e79",
            "instance_initiated_shutdown_behavior": "stop",
            "instance_state": "running",
            "instance_type": "t3a.micro",
            "ipv6_address_count": 0,
            "ipv6_addresses": [],
            "key_name": "TRS-uswest2",
            "launch_template": [],
            "maintenance_options": [
              {
                "auto_recovery": "default"
              }
            ],
            "metadata_options": [
              {
                "http_endpoint": "enabled",
                "http_put_response_hop_limit": 2,
                "http_tokens": "required",
                "instance_metadata_tags": "disabled"
              }
            ],
            "monitoring": false,
            "network_interface": [],
            "outpost_arn": "",
            "password_data": "",
            "placement_group": "",
            "placement_partition_number": 0,
            "primary_network_interface_id": "eni-0b4db892908fa8a9a",
            "private_dns": "ip-192-168-7-117.us-west-2.compute.internal",
            "private_dns_name_options": [
              {
                "enable_resource_name_dns_a_record": false,
                "enable_resource_name_dns_aaaa_record": false,
                "hostname_type": "ip-name"
              }
            ],
            "private_ip": "192.168.7.117",
            "public_dns": "ec2-35-93-24-134.us-west-2.compute.amazonaws.com",
            "public_ip": "35.93.24.134",
            "root_block_device": [
              {
                "delete_on_termination": true,
                "device_name": "/dev/xvda",
                "encrypted": true,
                "iops": 100,
                "kms_key_id": "arn:aws:kms:us-west-2:337380398238:key/111066ae-1a17-433c-b14f-be6c149a531e",
                "tags": null,
                "throughput": 0,
                "volume_id": "vol-067ef6021bad3def1",
                "volume_size": 8,
                "volume_type": "gp2"
              }
            ],
            "secondary_private_ips": [],
            "security_groups": [
              "sg-04cb9eb8b8fa38fe5",
              "sg-0b505b6ea76ac7c12"
            ],
            "source_dest_check": true,
            "subnet_id": "subnet-0bcf81d091de37ea0",
            "tags": {
              "Name": "trs-v2----crdb-app-0",
              "owner": "trs-v2---",
              "project": "trs-v2-my-project"
            },
            "tags_all": {
              "Name": "trs-v2----crdb-app-0",
              "owner": "trs-v2---",
              "project": "trs-v2-my-project"
            },
            "tenancy": "default",
            "timeouts": null,
            "user_data": "7c37ab28b0ac70fe2bfa65948fcd96818ef81f0d",
            "user_data_base64": null,
            "user_data_replace_on_change": true,
            "volume_tags": null,
            "vpc_security_group_ids": [
              "sg-04cb9eb8b8fa38fe5",
              "sg-0b505b6ea76ac7c12"
            ]
          },
          "sensitive_attributes": [
            [
              {
                "type": "get_attr",
                "value": "user_data"
              }
            ]
          ],
          "identity_schema_version": 0,
          "private": "eyJlMmJmYjczMC1lY2FhLTExZTYtOGY4OC0zNDM2M2JjN2M0YzAiOnsiY3JlYXRlIjo2MDAwMDAwMDAwMDAsImRlbGV0ZSI6MTIwMDAwMDAwMDAwMCwidXBkYXRlIjo2MDAwMDAwMDAwMDB9LCJzY2hlbWFfdmVyc2lvbiI6IjEifQ==",
          "dependencies": [
            "aws_network_interface.crdb",
            "aws_network_interface.haproxy",
            "aws_subnet.public_subnets",
            "aws_vpc.main",
            "data.aws_ami.amazon_linux_2023_x64",
            "data.aws_availability_zones.available",
            "module.security-group-01.aws_security_group.this",
            "module.security-group-01.aws_security_group.this_name_prefix",
            "module.security-group-02.aws_security_group.this",
            "module.security-group-02.aws_security_group.this_name_prefix",
            "tls_cert_request.client_csr",
            "tls_locally_signed_cert.user_cert",
            "tls_private_key.client_keys",
            "tls_private_key.crdb_ca_keys",
            "tls_self_signed_cert.crdb_ca_cert"
          ]
        }
      ]
    },
    {
      "mode": "managed",
      "type": "aws_instance",
      "name": "crdb",
      "provider": "provider[\"registry.terraform.io/hashicorp/aws\"]",
      "instances": [
        {
          "index_key": 0,
          "schema_version": 1,
          "attributes": {
            "ami": "ami-059327c057360300b",
            "arn": "arn:aws:ec2:us-west-2:337380398238:instance/i-047135032c9f7f7d0",
            "associate_public_ip_address": true,
            "availability_zone": "us-west-2a",
            "capacity_reservation_specification": [
              {
                "capacity_reservation_preference": "open",
                "capacity_reservation_target": []
              }
            ],
            "cpu_core_count": 2,
            "cpu_threads_per_core": 1,
            "credit_specification": [
              {
                "cpu_credits": "unlimited"
              }
            ],
            "disable_api_stop": false,
            "disable_api_termination": false,
            "ebs_block_device": [
              {
                "delete_on_termination": true,
                "device_name": "/dev/sdf",
                "encrypted": true,
                "iops": 3000,
                "kms_key_id": "arn:aws:kms:us-west-2:337380398238:key/111066ae-1a17-433c-b14f-be6c149a531e",
                "snapshot_id": "",
                "tags": {
                  "Name": "crdb-data",
                  "Role": "wal",
                  "owner": "trs-v2---",
                  "project": "trs-v2-my-project"
                },
                "throughput": 125,
                "volume_id": "vol-09547bcc0c17173e1",
                "volume_size": 25,
                "volume_type": "gp3"
              },
              {
                "delete_on_termination": true,
                "device_name": "/dev/sdg",
                "encrypted": true,
                "iops": 3000,
                "kms_key_id": "arn:aws:kms:us-west-2:337380398238:key/111066ae-1a17-433c-b14f-be6c149a531e",
                "snapshot_id": "",
                "tags": {
                  "Name": "crdb-data",
                  "Role": "data",
                  "owner": "trs-v2---",
                  "project": "trs-v2-my-project"
                },
                "throughput": 125,
                "volume_id": "vol-020eaec4ca9e45b61",
                "volume_size": 8,
                "volume_type": "gp3"
              }
            ],
            "ebs_optimized": false,
            "enclave_options": [
              {
                "enabled": false
              }
            ],
            "ephemeral_block_device": [],
            "get_password_data": false,
            "hibernation": false,
            "host_id": "",
            "host_resource_group_arn": null,
            "iam_instance_profile": "",
            "id": "i-047135032c9f7f7d0",
            "instance_initiated_shutdown_behavior": "stop",
            "instance_state": "running",
            "instance_type": "t4g.medium",
            "ipv6_address_count": 0,
            "ipv6_addresses": [],
            "key_name": "TRS-uswest2",
            "launch_template": [],
            "maintenance_options": [
              {
                "auto_recovery": "default"
              }
            ],
            "metadata_options": [
              {
                "http_endpoint": "enabled",
                "http_put_response_hop_limit": 2,
                "http_tokens": "required",
                "instance_metadata_tags": "disabled"
              }
            ],
            "monitoring": false,
            "network_interface": [
              {
                "delete_on_termination": false,
                "device_index": 0,
                "network_card_index": 0,
                "network_interface_id": "eni-00877fbfa52ea1c4f"
              }
            ],
            "outpost_arn": "",
            "password_data": "",
            "placement_group": "",
            "placement_partition_number": 0,
            "primary_network_interface_id": "eni-00877fbfa52ea1c4f",
            "private_dns": "ip-192-168-7-111.us-west-2.compute.internal",
            "private_dns_name_options": [
              {
                "enable_resource_name_dns_a_record": false,
                "enable_resource_name_dns_aaaa_record": false,
                "hostname_type": "ip-name"
              }
            ],
            "private_ip": "192.168.7.111",
            "public_dns": "ec2-34-212-29-45.us-west-2.compute.amazonaws.com",
            "public_ip": "34.212.29.45",
            "root_block_device": [
              {
                "delete_on_termination": true,
                "device_name": "/dev/xvda",
                "encrypted": true,
                "iops": 100,
                "kms_key_id": "arn:aws:kms:us-west-2:337380398238:key/111066ae-1a17-433c-b14f-be6c149a531e",
                "tags": null,
                "throughput": 0,
                "volume_id": "vol-08720065282ed7630",
                "volume_size": 8,
                "volume_type": "gp2"
              }
            ],
            "secondary_private_ips": [],
            "security_groups": [],
            "source_dest_check": true,
            "subnet_id": "subnet-0bcf81d091de37ea0",
            "tags": {
              "Name": "trs-v2----crdb-instance-0",
              "owner": "trs-v2---",
              "project": "trs-v2-my-project"
            },
            "tags_all": {
              "Name": "trs-v2----crdb-instance-0",
              "owner": "trs-v2---",
              "project": "trs-v2-my-project"
            },
            "tenancy": "default",
            "timeouts": null,
            "user_data": "90dac5cf5c3dcefb130ff4c16c484d5fdcb20ac3",
            "user_data_base64": null,
            "user_data_replace_on_change": true,
            "volume_tags": null,
            "vpc_security_group_ids": [
              "sg-04cb9eb8b8fa38fe5",
              "sg-0b505b6ea76ac7c12"
            ]
          },
          "sensitive_attributes": [
            [
              {
                "type": "get_attr",
                "value": "user_data"
              }
            ]
          ],
          "identity_schema_version": 0,
          "private": "eyJlMmJmYjczMC1lY2FhLTExZTYtOGY4OC0zNDM2M2JjN2M0YzAiOnsiY3JlYXRlIjo2MDAwMDAwMDAwMDAsImRlbGV0ZSI6MTIwMDAwMDAwMDAwMCwidXBkYXRlIjo2MDAwMDAwMDAwMDB9LCJzY2hlbWFfdmVyc2lvbiI6IjEifQ==",
          "dependencies": [
            "aws_instance.haproxy",
            "aws_network_interface.crdb",
            "aws_network_interface.haproxy",
            "aws_subnet.public_subnets",
            "aws_vpc.main",
            "data.aws_ami.amazon_linux_2023_arm",
            "data.aws_ami.amazon_linux_2023_x64",
            "data.aws_availability_zones.available",
            "module.security-group-01.aws_security_group.this",
            "module.security-group-01.aws_security_group.this_name_prefix",
            "module.security-group-02.aws_security_group.this",
            "module.security-group-02.aws_security_group.this_name_prefix",
            "tls_private_key.crdb_ca_keys",
            "tls_self_signed_cert.crdb_ca_cert"
          ]
        },
        {
          "index_key": 1,
          "schema_version": 1,
          "attributes": {
            "ami": "ami-059327c057360300b",
            "arn": "arn:aws:ec2:us-west-2:337380398238:instance/i-018ffc4077ec99d99",
            "associate_public_ip_address": true,
            "availability_zone": "us-west-2b",
            "capacity_reservation_specification": [
              {
                "capacity_reservation_preference": "open",
                "capacity_reservation_target": []
              }
            ],
            "cpu_core_count": 2,
            "cpu_threads_per_core": 1,
            "credit_specification": [
              {
                "cpu_credits": "unlimited"
              }
            ],
            "disable_api_stop": false,
            "disable_api_termination": false,
            "ebs_block_device": [
              {
                "delete_on_termination": true,
                "device_name": "/dev/sdf",
                "encrypted": true,
                "iops": 3000,
                "kms_key_id": "arn:aws:kms:us-west-2:337380398238:key/111066ae-1a17-433c-b14f-be6c149a531e",
                "snapshot_id": "",
                "tags": {
                  "Name": "crdb-data",
                  "Role": "wal",
                  "owner": "trs-v2---",
                  "project": "trs-v2-my-project"
                },
                "throughput": 125,
                "volume_id": "vol-0028644747efec40d",
                "volume_size": 25,
                "volume_type": "gp3"
              },
              {
                "delete_on_termination": true,
                "device_name": "/dev/sdg",
                "encrypted": true,
                "iops": 3000,
                "kms_key_id": "arn:aws:kms:us-west-2:337380398238:key/111066ae-1a17-433c-b14f-be6c149a531e",
                "snapshot_id": "",
                "tags": {
                  "Name": "crdb-data",
                  "Role": "data",
                  "owner": "trs-v2---",
                  "project": "trs-v2-my-project"
                },
                "throughput": 125,
                "volume_id": "vol-0ccb9bf0cdfaf82fa",
                "volume_size": 8,
                "volume_type": "gp3"
              }
            ],
            "ebs_optimized": false,
            "enclave_options": [
              {
                "enabled": false
              }
            ],
            "ephemeral_block_device": [],
            "get_password_data": false,
            "hibernation": false,
            "host_id": "",
            "host_resource_group_arn": null,
            "iam_instance_profile": "",
            "id": "i-018ffc4077ec99d99",
            "instance_initiated_shutdown_behavior": "stop",
            "instance_state": "running",
            "instance_type": "t4g.medium",
            "ipv6_address_count": 0,
            "ipv6_addresses": [],
            "key_name": "TRS-uswest2",
            "launch_template": [],
            "maintenance_options": [
              {
                "auto_recovery": "default"
              }
            ],
            "metadata_options": [
              {
                "http_endpoint": "enabled",
                "http_put_response_hop_limit": 2,
                "http_tokens": "required",
                "instance_metadata_tags": "disabled"
              }
            ],
            "monitoring": false,
            "network_interface": [
              {
                "delete_on_termination": false,
                "device_index": 0,
                "network_card_index": 0,
                "network_interface_id": "eni-0bccac3cc9b5a033f"
              }
            ],
            "outpost_arn": "",
            "password_data": "",
            "placement_group": "",
            "placement_partition_number": 0,
            "primary_network_interface_id": "eni-0bccac3cc9b5a033f",
            "private_dns": "ip-192-168-7-151.us-west-2.compute.internal",
            "private_dns_name_options": [
              {
                "enable_resource_name_dns_a_record": false,
                "enable_resource_name_dns_aaaa_record": false,
                "hostname_type": "ip-name"
              }
            ],
            "private_ip": "192.168.7.151",
            "public_dns": "ec2-44-244-61-117.us-west-2.compute.amazonaws.com",
            "public_ip": "44.244.61.117",
            "root_block_device": [
              {
                "delete_on_termination": true,
                "device_name": "/dev/xvda",
                "encrypted": true,
                "iops": 100,
                "kms_key_id": "arn:aws:kms:us-west-2:337380398238:key/111066ae-1a17-433c-b14f-be6c149a531e",
                "tags": null,
                "throughput": 0,
                "volume_id": "vol-01e4ac93c8a3392a1",
                "volume_size": 8,
                "volume_type": "gp2"
              }
            ],
            "secondary_private_ips": [],
            "security_groups": [],
            "source_dest_check": true,
            "subnet_id": "subnet-05bbfba8d7a04fd95",
            "tags": {
              "Name": "trs-v2----crdb-instance-1",
              "owner": "trs-v2---",
              "project": "trs-v2-my-project"
            },
            "tags_all": {
              "Name": "trs-v2----crdb-instance-1",
              "owner": "trs-v2---",
              "project": "trs-v2-my-project"
            },
            "tenancy": "default",
            "timeouts": null,
            "user_data": "c6383461caf496a5a5dd94f8e6607738df2f20c8",
            "user_data_base64": null,
            "user_data_replace_on_change": true,
            "volume_tags": null,
            "vpc_security_group_ids": [
              "sg-04cb9eb8b8fa38fe5",
              "sg-0b505b6ea76ac7c12"
            ]
          },
          "sensitive_attributes": [
            [
              {
                "type": "get_attr",
                "value": "user_data"
              }
            ]
          ],
          "identity_schema_version": 0,
          "private": "eyJlMmJmYjczMC1lY2FhLTExZTYtOGY4OC0zNDM2M2JjN2M0YzAiOnsiY3JlYXRlIjo2MDAwMDAwMDAwMDAsImRlbGV0ZSI6MTIwMDAwMDAwMDAwMCwidXBkYXRlIjo2MDAwMDAwMDAwMDB9LCJzY2hlbWFfdmVyc2lvbiI6IjEifQ==",
          "dependencies": [
            "aws_instance.haproxy",
            "aws_network_interface.crdb",
            "aws_network_interface.haproxy",
            "aws_subnet.public_subnets",
            "aws_vpc.main",
            "data.aws_ami.amazon_linux_2023_arm",
            "data.aws_ami.amazon_linux_2023_x64",
            "data.aws_availability_zones.available",
            "module.security-group-01.aws_security_group.this",
            "module.security-group-01.aws_security_group.this_name_prefix",
            "module.security-group-02.aws_security_group.this",
            "module.security-group-02.aws_security_group.this_name_prefix",
            "tls_private_key.crdb_ca_keys",
            "tls_self_signed_cert.crdb_ca_cert"
          ]
        },
        {
          "index_key": 2,
          "schema_version": 1,
          "attributes": {
            "ami": "ami-059327c057360300b",
            "arn": "arn:aws:ec2:us-west-2:337380398238:instance/i-0b15ce7117fcb4df2",
            "associate_public_ip_address": true,
            "availability_zone": "us-west-2c",
            "capacity_reservation_specification": [
              {
                "capacity_reservation_preference": "open",
                "capacity_reservation_target": []
              }
            ],
            "cpu_core_count": 2,
            "cpu_threads_per_core": 1,
            "credit_specification": [
              {
                "cpu_credits": "unlimited"
              }
            ],
            "disable_api_stop": false,
            "disable_api_termination": false,
            "ebs_block_device": [
              {
                "delete_on_termination": true,
                "device_name": "/dev/sdf",
                "encrypted": true,
                "iops": 3000,
                "kms_key_id": "arn:aws:kms:us-west-2:337380398238:key/111066ae-1a17-433c-b14f-be6c149a531e",
                "snapshot_id": "",
                "tags": {
                  "Name": "crdb-data",
                  "Role": "wal",
                  "owner": "trs-v2---",
                  "project": "trs-v2-my-project"
                },
                "throughput": 125,
                "volume_id": "vol-092ac02ce539b65c4",
                "volume_size": 25,
                "volume_type": "gp3"
              },
              {
                "delete_on_termination": true,
                "device_name": "/dev/sdg",
                "encrypted": true,
                "iops": 3000,
                "kms_key_id": "arn:aws:kms:us-west-2:337380398238:key/111066ae-1a17-433c-b14f-be6c149a531e",
                "snapshot_id": "",
                "tags": {
                  "Name": "crdb-data",
                  "Role": "data",
                  "owner": "trs-v2---",
                  "project": "trs-v2-my-project"
                },
                "throughput": 125,
                "volume_id": "vol-08edf259577523ff4",
                "volume_size": 8,
                "volume_type": "gp3"
              }
            ],
            "ebs_optimized": false,
            "enclave_options": [
              {
                "enabled": false
              }
            ],
            "ephemeral_block_device": [],
            "get_password_data": false,
            "hibernation": false,
            "host_id": "",
            "host_resource_group_arn": null,
            "iam_instance_profile": "",
            "id": "i-0b15ce7117fcb4df2",
            "instance_initiated_shutdown_behavior": "stop",
            "instance_state": "running",
            "instance_type": "t4g.medium",
            "ipv6_address_count": 0,
            "ipv6_addresses": [],
            "key_name": "TRS-uswest2",
            "launch_template": [],
            "maintenance_options": [
              {
                "auto_recovery": "default"
              }
            ],
            "metadata_options": [
              {
                "http_endpoint": "enabled",
                "http_put_response_hop_limit": 2,
                "http_tokens": "required",
                "instance_metadata_tags": "disabled"
              }
            ],
            "monitoring": false,
            "network_interface": [
              {
                "delete_on_termination": false,
                "device_index": 0,
                "network_card_index": 0,
                "network_interface_id": "eni-01bf8c83069ee9535"
              }
            ],
            "outpost_arn": "",
            "password_data": "",
            "placement_group": "",
            "placement_partition_number": 0,
            "primary_network_interface_id": "eni-01bf8c83069ee9535",
            "private_dns": "ip-192-168-7-181.us-west-2.compute.internal",
            "private_dns_name_options": [
              {
                "enable_resource_name_dns_a_record": false,
                "enable_resource_name_dns_aaaa_record": false,
                "hostname_type": "ip-name"
              }
            ],
            "private_ip": "192.168.7.181",
            "public_dns": "ec2-35-90-221-227.us-west-2.compute.amazonaws.com",
            "public_ip": "35.90.221.227",
            "root_block_device": [
              {
                "delete_on_termination": true,
                "device_name": "/dev/xvda",
                "encrypted": true,
                "iops": 100,
                "kms_key_id": "arn:aws:kms:us-west-2:337380398238:key/111066ae-1a17-433c-b14f-be6c149a531e",
                "tags": null,
                "throughput": 0,
                "volume_id": "vol-0bbfa125116b8b575",
                "volume_size": 8,
                "volume_type": "gp2"
              }
            ],
            "secondary_private_ips": [],
            "security_groups": [],
            "source_dest_check": true,
            "subnet_id": "subnet-0da1a22b4a1897fa9",
            "tags": {
              "Name": "trs-v2----crdb-instance-2",
              "owner": "trs-v2---",
              "project": "trs-v2-my-project"
            },
            "tags_all": {
              "Name": "trs-v2----crdb-instance-2",
              "owner": "trs-v2---",
              "project": "trs-v2-my-project"
            },
            "tenancy": "default",
            "timeouts": null,
            "user_data": "ef536a4e34545180531fbd8cee40993ae49b2ba4",
            "user_data_base64": null,
            "user_data_replace_on_change": true,
            "volume_tags": null,
            "vpc_security_group_ids": [
              "sg-04cb9eb8b8fa38fe5",
              "sg-0b505b6ea76ac7c12"
            ]
          },
          "sensitive_attributes": [
            [
              {
                "type": "get_attr",
                "value": "user_data"
              }
            ]
          ],
          "identity_schema_version": 0,
          "private": "eyJlMmJmYjczMC1lY2FhLTExZTYtOGY4OC0zNDM2M2JjN2M0YzAiOnsiY3JlYXRlIjo2MDAwMDAwMDAwMDAsImRlbGV0ZSI6MTIwMDAwMDAwMDAwMCwidXBkYXRlIjo2MDAwMDAwMDAwMDB9LCJzY2hlbWFfdmVyc2lvbiI6IjEifQ==",
          "dependencies": [
            "aws_instance.haproxy",
            "aws_network_interface.crdb",
            "aws_network_interface.haproxy",
            "aws_subnet.public_subnets",
            "aws_vpc.main",
            "data.aws_ami.amazon_linux_2023_arm",
            "data.aws_ami.amazon_linux_2023_x64",
            "data.aws_availability_zones.available",
            "module.security-group-01.aws_security_group.this",
            "module.security-group-01.aws_security_group.this_name_prefix",
            "module.security-group-02.aws_security_group.this",
            "module.security-group-02.aws_security_group.this_name_prefix",
            "tls_private_key.crdb_ca_keys",
            "tls_self_signed_cert.crdb_ca_cert"
          ]
        }
      ]
    },
    {
      "mode": "managed",
      "type": "aws_instance",
      "name": "haproxy",
      "provider": "provider[\"registry.terraform.io/hashicorp/aws\"]",
      "instances": [
        {
          "index_key": 0,
          "schema_version": 1,
          "attributes": {
            "ami": "ami-0caa91d6b7bee0ed0",
            "arn": "arn:aws:ec2:us-west-2:337380398238:instance/i-058b035eccb7a40d1",
            "associate_public_ip_address": true,
            "availability_zone": "us-west-2a",
            "capacity_reservation_specification": [
              {
                "capacity_reservation_preference": "open",
                "capacity_reservation_target": []
              }
            ],
            "cpu_core_count": 1,
            "cpu_threads_per_core": 2,
            "credit_specification": [
              {
                "cpu_credits": "unlimited"
              }
            ],
            "disable_api_stop": false,
            "disable_api_termination": false,
            "ebs_block_device": [],
            "ebs_optimized": false,
            "enclave_options": [
              {
                "enabled": false
              }
            ],
            "ephemeral_block_device": [],
            "get_password_data": false,
            "hibernation": false,
            "host_id": "",
            "host_resource_group_arn": null,
            "iam_instance_profile": "",
            "id": "i-058b035eccb7a40d1",
            "instance_initiated_shutdown_behavior": "stop",
            "instance_state": "running",
            "instance_type": "t3a.micro",
            "ipv6_address_count": 0,
            "ipv6_addresses": [],
            "key_name": "TRS-uswest2",
            "launch_template": [],
            "maintenance_options": [
              {
                "auto_recovery": "default"
              }
            ],
            "metadata_options": [
              {
                "http_endpoint": "enabled",
                "http_put_response_hop_limit": 2,
                "http_tokens": "required",
                "instance_metadata_tags": "disabled"
              }
            ],
            "monitoring": false,
            "network_interface": [
              {
                "delete_on_termination": false,
                "device_index": 0,
                "network_card_index": 0,
                "network_interface_id": "eni-0c4dc6356adffbaff"
              }
            ],
            "outpost_arn": "",
            "password_data": "",
            "placement_group": "",
            "placement_partition_number": 0,
            "primary_network_interface_id": "eni-0c4dc6356adffbaff",
            "private_dns": "ip-192-168-7-113.us-west-2.compute.internal",
            "private_dns_name_options": [
              {
                "enable_resource_name_dns_a_record": false,
                "enable_resource_name_dns_aaaa_record": false,
                "hostname_type": "ip-name"
              }
            ],
            "private_ip": "192.168.7.113",
            "public_dns": "ec2-34-216-75-125.us-west-2.compute.amazonaws.com",
            "public_ip": "34.216.75.125",
            "root_block_device": [
              {
                "delete_on_termination": true,
                "device_name": "/dev/xvda",
                "encrypted": true,
                "iops": 100,
                "kms_key_id": "arn:aws:kms:us-west-2:337380398238:key/111066ae-1a17-433c-b14f-be6c149a531e",
                "tags": null,
                "throughput": 0,
                "volume_id": "vol-052d581ad1d0f5b43",
                "volume_size": 8,
                "volume_type": "gp2"
              }
            ],
            "secondary_private_ips": [],
            "security_groups": [],
            "source_dest_check": true,
            "subnet_id": "subnet-0bcf81d091de37ea0",
            "tags": {
              "Name": "trs-v2----crdb-haproxy-0",
              "owner": "trs-v2---",
              "project": "trs-v2-my-project"
            },
            "tags_all": {
              "Name": "trs-v2----crdb-haproxy-0",
              "owner": "trs-v2---",
              "project": "trs-v2-my-project"
            },
            "tenancy": "default",
            "timeouts": null,
            "user_data": "4de7d5118af889973f1ea6b47c325d014ec203e9",
            "user_data_base64": null,
            "user_data_replace_on_change": true,
            "volume_tags": null,
            "vpc_security_group_ids": [
              "sg-04cb9eb8b8fa38fe5",
              "sg-0b505b6ea76ac7c12"
            ]
          },
          "sensitive_attributes": [],
          "identity_schema_version": 0,
          "private": "eyJlMmJmYjczMC1lY2FhLTExZTYtOGY4OC0zNDM2M2JjN2M0YzAiOnsiY3JlYXRlIjo2MDAwMDAwMDAwMDAsImRlbGV0ZSI6MTIwMDAwMDAwMDAwMCwidXBkYXRlIjo2MDAwMDAwMDAwMDB9LCJzY2hlbWFfdmVyc2lvbiI6IjEifQ==",
          "dependencies": [
            "aws_network_interface.crdb",
            "aws_network_interface.haproxy",
            "aws_subnet.public_subnets",
            "aws_vpc.main",
            "data.aws_ami.amazon_linux_2023_x64",
            "data.aws_availability_zones.available",
            "module.security-group-01.aws_security_group.this",
            "module.security-group-01.aws_security_group.this_name_prefix",
            "module.security-group-02.aws_security_group.this",
            "module.security-group-02.aws_security_group.this_name_prefix"
          ]
        }
      ]
    },
    {
      "mode": "managed",
      "type": "aws_internet_gateway",
      "name": "igw",
      "provider": "provider[\"registry.terraform.io/hashicorp/aws\"]",
      "instances": [
        {
          "schema_version": 0,
          "attributes": {
            "arn": "arn:aws:ec2:us-west-2:337380398238:internet-gateway/igw-04ec7b12ef18e8efb",
            "id": "igw-04ec7b12ef18e8efb",
            "owner_id": "337380398238",
            "tags": {
              "owner": "trs-v2---",
              "project": "trs-v2-my-project"
            },
            "tags_all": {
              "owner": "trs-v2---",
              "project": "trs-v2-my-project"
            },
            "timeouts": null,
            "vpc_id": "vpc-055a393fc76985b42"
          },
          "sensitive_attributes": [],
          "identity_schema_version": 0,
          "private": "eyJlMmJmYjczMC1lY2FhLTExZTYtOGY4OC0zNDM2M2JjN2M0YzAiOnsiY3JlYXRlIjoxMjAwMDAwMDAwMDAwLCJkZWxldGUiOjEyMDAwMDAwMDAwMDAsInVwZGF0ZSI6MTIwMDAwMDAwMDAwMH19",
          "dependencies": [
            "aws_vpc.main"
          ]
        }
      ]
    },
    {
      "mode": "managed",
      "type": "aws_network_interface",
      "name": "crdb",
      "provider": "provider[\"registry.terraform.io/hashicorp/aws\"]",
      "instances": [
        {
          "index_key": 0,
          "schema_version": 0,
          "attributes": {
            "arn": "arn:aws:ec2:us-west-2:337380398238:network-interface/eni-00877fbfa52ea1c4f",
            "attachment": [],
            "description": "",
            "id": "eni-00877fbfa52ea1c4f",
            "interface_type": "interface",
            "ipv4_prefix_count": 0,
            "ipv4_prefixes": [],
            "ipv6_address_count": 0,
            "ipv6_address_list": [],
            "ipv6_address_list_enabled": false,
            "ipv6_addresses": [],
            "ipv6_prefix_count": 0,
            "ipv6_prefixes": [],
            "mac_address": "02:ea:01:cf:a2:cd",
            "outpost_arn": "",
            "owner_id": "337380398238",
            "private_dns_name": "ip-192-168-7-111.us-west-2.compute.internal",
            "private_ip": "192.168.7.111",
            "private_ip_list": [
              "192.168.7.111"
            ],
            "private_ip_list_enabled": false,
            "private_ips": [
              "192.168.7.111"
            ],
            "private_ips_count": 0,
            "security_groups": [
              "sg-04cb9eb8b8fa38fe5",
              "sg-0b505b6ea76ac7c12"
            ],
            "source_dest_check": true,
            "subnet_id": "subnet-0bcf81d091de37ea0",
            "tags": {
              "owner": "trs-v2---",
              "project": "trs-v2-my-project"
            },
            "tags_all": {
              "owner": "trs-v2---",
              "project": "trs-v2-my-project"
            }
          },
          "sensitive_attributes": [],
          "identity_schema_version": 0,
          "private": "bnVsbA==",
          "dependencies": [
            "aws_subnet.public_subnets",
            "aws_vpc.main",
            "data.aws_availability_zones.available",
            "module.security-group-01.aws_security_group.this",
            "module.security-group-01.aws_security_group.this_name_prefix",
            "module.security-group-02.aws_security_group.this",
            "module.security-group-02.aws_security_group.this_name_prefix"
          ]
        },
        {
          "index_key": 1,
          "schema_version": 0,
          "attributes": {
            "arn": "arn:aws:ec2:us-west-2:337380398238:network-interface/eni-0bccac3cc9b5a033f",
            "attachment": [],
            "description": "",
            "id": "eni-0bccac3cc9b5a033f",
            "interface_type": "interface",
            "ipv4_prefix_count": 0,
            "ipv4_prefixes": [],
            "ipv6_address_count": 0,
            "ipv6_address_list": [],
            "ipv6_address_list_enabled": false,
            "ipv6_addresses": [],
            "ipv6_prefix_count": 0,
            "ipv6_prefixes": [],
            "mac_address": "06:61:08:ed:29:15",
            "outpost_arn": "",
            "owner_id": "337380398238",
            "private_dns_name": "ip-192-168-7-151.us-west-2.compute.internal",
            "private_ip": "192.168.7.151",
            "private_ip_list": [
              "192.168.7.151"
            ],
            "private_ip_list_enabled": false,
            "private_ips": [
              "192.168.7.151"
            ],
            "private_ips_count": 0,
            "security_groups": [
              "sg-04cb9eb8b8fa38fe5",
              "sg-0b505b6ea76ac7c12"
            ],
            "source_dest_check": true,
            "subnet_id": "subnet-05bbfba8d7a04fd95",
            "tags": {
              "owner": "trs-v2---",
              "project": "trs-v2-my-project"
            },
            "tags_all": {
              "owner": "trs-v2---",
              "project": "trs-v2-my-project"
            }
          },
          "sensitive_attributes": [],
          "identity_schema_version": 0,
          "private": "bnVsbA==",
          "dependencies": [
            "aws_subnet.public_subnets",
            "aws_vpc.main",
            "data.aws_availability_zones.available",
            "module.security-group-01.aws_security_group.this",
            "module.security-group-01.aws_security_group.this_name_prefix",
            "module.security-group-02.aws_security_group.this",
            "module.security-group-02.aws_security_group.this_name_prefix"
          ]
        },
        {
          "index_key": 2,
          "schema_version": 0,
          "attributes": {
            "arn": "arn:aws:ec2:us-west-2:337380398238:network-interface/eni-01bf8c83069ee9535",
            "attachment": [],
            "description": "",
            "id": "eni-01bf8c83069ee9535",
            "interface_type": "interface",
            "ipv4_prefix_count": 0,
            "ipv4_prefixes": [],
            "ipv6_address_count": 0,
            "ipv6_address_list": [],
            "ipv6_address_list_enabled": false,
            "ipv6_addresses": [],
            "ipv6_prefix_count": 0,
            "ipv6_prefixes": [],
            "mac_address": "0a:00:95:57:e7:37",
            "outpost_arn": "",
            "owner_id": "337380398238",
            "private_dns_name": "ip-192-168-7-181.us-west-2.compute.internal",
            "private_ip": "192.168.7.181",
            "private_ip_list": [
              "192.168.7.181"
            ],
            "private_ip_list_enabled": false,
            "private_ips": [
              "192.168.7.181"
            ],
            "private_ips_count": 0,
            "security_groups": [
              "sg-04cb9eb8b8fa38fe5",
              "sg-0b505b6ea76ac7c12"
            ],
            "source_dest_check": true,
            "subnet_id": "subnet-0da1a22b4a1897fa9",
            "tags": {
              "owner": "trs-v2---",
              "project": "trs-v2-my-project"
            },
            "tags_all": {
              "owner": "trs-v2---",
              "project": "trs-v2-my-project"
            }
          },
          "sensitive_attributes": [],
          "identity_schema_version": 0,
          "private": "bnVsbA==",
          "dependencies": [
            "aws_subnet.public_subnets",
            "aws_vpc.main",
            "data.aws_availability_zones.available",
            "module.security-group-01.aws_security_group.this",
            "module.security-group-01.aws_security_group.this_name_prefix",
            "module.security-group-02.aws_security_group.this",
            "module.security-group-02.aws_security_group.this_name_prefix"
          ]
        }
      ]
    },
    {
      "mode": "managed",
      "type": "aws_network_interface",
      "name": "haproxy",
      "provider": "provider[\"registry.terraform.io/hashicorp/aws\"]",
      "instances": [
        {
          "index_key": 0,
          "schema_version": 0,
          "attributes": {
            "arn": "arn:aws:ec2:us-west-2:337380398238:network-interface/eni-0c4dc6356adffbaff",
            "attachment": [],
            "description": "",
            "id": "eni-0c4dc6356adffbaff",
            "interface_type": "interface",
            "ipv4_prefix_count": 0,
            "ipv4_prefixes": [],
            "ipv6_address_count": 0,
            "ipv6_address_list": [],
            "ipv6_address_list_enabled": false,
            "ipv6_addresses": [],
            "ipv6_prefix_count": 0,
            "ipv6_prefixes": [],
            "mac_address": "02:a6:cd:c2:ee:49",
            "outpost_arn": "",
            "owner_id": "337380398238",
            "private_dns_name": "ip-192-168-7-113.us-west-2.compute.internal",
            "private_ip": "192.168.7.113",
            "private_ip_list": [
              "192.168.7.113"
            ],
            "private_ip_list_enabled": false,
            "private_ips": [
              "192.168.7.113"
            ],
            "private_ips_count": 0,
            "security_groups": [
              "sg-04cb9eb8b8fa38fe5",
              "sg-0b505b6ea76ac7c12"
            ],
            "source_dest_check": true,
            "subnet_id": "subnet-0bcf81d091de37ea0",
            "tags": {
              "owner": "trs-v2---",
              "project": "trs-v2-my-project"
            },
            "tags_all": {
              "owner": "trs-v2---",
              "project": "trs-v2-my-project"
            }
          },
          "sensitive_attributes": [],
          "identity_schema_version": 0,
          "private": "bnVsbA==",
          "dependencies": [
            "aws_subnet.public_subnets",
            "aws_vpc.main",
            "data.aws_availability_zones.available",
            "module.security-group-01.aws_security_group.this",
            "module.security-group-01.aws_security_group.this_name_prefix",
            "module.security-group-02.aws_security_group.this",
            "module.security-group-02.aws_security_group.this_name_prefix"
          ]
        }
      ]
    },
    {
      "mode": "managed",
      "type": "aws_route_table",
      "name": "private_route_table",
      "provider": "provider[\"registry.terraform.io/hashicorp/aws\"]",
      "instances": [
        {
          "schema_version": 0,
          "attributes": {
            "arn": "arn:aws:ec2:us-west-2:337380398238:route-table/rtb-0d703b6e79ee0fcb5",
            "id": "rtb-0d703b6e79ee0fcb5",
            "owner_id": "337380398238",
            "propagating_vgws": [],
            "route": [],
            "tags": {
              "Name": "trs-v2----trs-v2-my-project-private-rt",
              "owner": "trs-v2---",
              "project": "trs-v2-my-project"
            },
            "tags_all": {
              "Name": "trs-v2----trs-v2-my-project-private-rt",
              "owner": "trs-v2---",
              "project": "trs-v2-my-project"
            },
            "timeouts": null,
            "vpc_id": "vpc-055a393fc76985b42"
          },
          "sensitive_attributes": [],
          "identity_schema_version": 0,
          "private": "eyJlMmJmYjczMC1lY2FhLTExZTYtOGY4OC0zNDM2M2JjN2M0YzAiOnsiY3JlYXRlIjozMDAwMDAwMDAwMDAsImRlbGV0ZSI6MzAwMDAwMDAwMDAwLCJ1cGRhdGUiOjEyMDAwMDAwMDAwMH19",
          "dependencies": [
            "aws_vpc.main"
          ]
        }
      ]
    },
    {
      "mode": "managed",
      "type": "aws_route_table",
      "name": "public_route_table",
      "provider": "provider[\"registry.terraform.io/hashicorp/aws\"]",
      "instances": [
        {
          "schema_version": 0,
          "attributes": {
            "arn": "arn:aws:ec2:us-west-2:337380398238:route-table/rtb-01a61ce98dc2a8fa6",
            "id": "rtb-01a61ce98dc2a8fa6",
            "owner_id": "337380398238",
            "propagating_vgws": [],
            "route": [
              {
                "carrier_gateway_id": "",
                "cidr_block": "0.0.0.0/0",
                "core_network_arn": "",
                "destination_prefix_list_id": "",
                "egress_only_gateway_id": "",
                "gateway_id": "igw-04ec7b12ef18e8efb",
                "instance_id": "",
                "ipv6_cidr_block": "",
                "local_gateway_id": "",
                "nat_gateway_id": "",
                "network_interface_id": "",
                "transit_gateway_id": "",
                "vpc_endpoint_id": "",
                "vpc_peering_connection_id": ""
              }
            ],
            "tags": {
              "Name": "trs-v2----trs-v2-my-project-public-rt",
              "owner": "trs-v2---",
              "project": "trs-v2-my-project"
            },
            "tags_all": {
              "Name": "trs-v2----trs-v2-my-project-public-rt",
              "owner": "trs-v2---",
              "project": "trs-v2-my-project"
            },
            "timeouts": null,
            "vpc_id": "vpc-055a393fc76985b42"
          },
          "sensitive_attributes": [],
          "identity_schema_version": 0,
          "private": "eyJlMmJmYjczMC1lY2FhLTExZTYtOGY4OC0zNDM2M2JjN2M0YzAiOnsiY3JlYXRlIjozMDAwMDAwMDAwMDAsImRlbGV0ZSI6MzAwMDAwMDAwMDAwLCJ1cGRhdGUiOjEyMDAwMDAwMDAwMH19",
          "dependencies": [
            "aws_internet_gateway.igw",
            "aws_vpc.main"
          ]
        }
      ]
    },
    {
      "mode": "managed",
      "type": "aws_route_table_association",
      "name": "private_route_table",
      "provider": "provider[\"registry.terraform.io/hashicorp/aws\"]",
      "instances": [
        {
          "index_key": 0,
          "schema_version": 0,
          "attributes": {
            "gateway_id": "",
            "id": "rtbassoc-013c0b623c78b6f54",
            "route_table_id": "rtb-0d703b6e79ee0fcb5",
            "subnet_id": "subnet-0813b8097e1c5eb38"
          },
          "sensitive_attributes": [],
          "identity_schema_version": 0,
          "private": "bnVsbA==",
          "dependencies": [
            "aws_route_table.private_route_table",
            "aws_subnet.private_subnets",
            "aws_vpc.main",
            "data.aws_availability_zones.available"
          ]
        },
        {
          "index_key": 1,
          "schema_version": 0,
          "attributes": {
            "gateway_id": "",
            "id": "rtbassoc-0e7d5f50a15db6ee6",
            "route_table_id": "rtb-0d703b6e79ee0fcb5",
            "subnet_id": "subnet-0578c8cb541074885"
          },
          "sensitive_attributes": [],
          "identity_schema_version": 0,
          "private": "bnVsbA==",
          "dependencies": [
            "aws_route_table.private_route_table",
            "aws_subnet.private_subnets",
            "aws_vpc.main",
            "data.aws_availability_zones.available"
          ]
        },
        {
          "index_key": 2,
          "schema_version": 0,
          "attributes": {
            "gateway_id": "",
            "id": "rtbassoc-0ab0e25730ccdeb2a",
            "route_table_id": "rtb-0d703b6e79ee0fcb5",
            "subnet_id": "subnet-0a366a0e242c71311"
          },
          "sensitive_attributes": [],
          "identity_schema_version": 0,
          "private": "bnVsbA==",
          "dependencies": [
            "aws_route_table.private_route_table",
            "aws_subnet.private_subnets",
            "aws_vpc.main",
            "data.aws_availability_zones.available"
          ]
        }
      ]
    },
    {
      "mode": "managed",
      "type": "aws_route_table_association",
      "name": "public_route_table",
      "provider": "provider[\"registry.terraform.io/hashicorp/aws\"]",
      "instances": [
        {
          "index_key": 0,
          "schema_version": 0,
          "attributes": {
            "gateway_id": "",
            "id": "rtbassoc-02db8d2579043e202",
            "route_table_id": "rtb-01a61ce98dc2a8fa6",
            "subnet_id": "subnet-0bcf81d091de37ea0"
          },
          "sensitive_attributes": [],
          "identity_schema_version": 0,
          "private": "bnVsbA==",
          "dependencies": [
            "aws_internet_gateway.igw",
            "aws_route_table.public_route_table",
            "aws_subnet.public_subnets",
            "aws_vpc.main",
            "data.aws_availability_zones.available"
          ]
        },
        {
          "index_key": 1,
          "schema_version": 0,
          "attributes": {
            "gateway_id": "",
            "id": "rtbassoc-0acde356253c66642",
            "route_table_id": "rtb-01a61ce98dc2a8fa6",
            "subnet_id": "subnet-05bbfba8d7a04fd95"
          },
          "sensitive_attributes": [],
          "identity_schema_version": 0,
          "private": "bnVsbA==",
          "dependencies": [
            "aws_internet_gateway.igw",
            "aws_route_table.public_route_table",
            "aws_subnet.public_subnets",
            "aws_vpc.main",
            "data.aws_availability_zones.available"
          ]
        },
        {
          "index_key": 2,
          "schema_version": 0,
          "attributes": {
            "gateway_id": "",
            "id": "rtbassoc-0841774bbe08e6e53",
            "route_table_id": "rtb-01a61ce98dc2a8fa6",
            "subnet_id": "subnet-0da1a22b4a1897fa9"
          },
          "sensitive_attributes": [],
          "identity_schema_version": 0,
          "private": "bnVsbA==",
          "dependencies": [
            "aws_internet_gateway.igw",
            "aws_route_table.public_route_table",
            "aws_subnet.public_subnets",
            "aws_vpc.main",
            "data.aws_availability_zones.available"
          ]
        }
      ]
    },
    {
      "mode": "managed",
      "type": "aws_subnet",
      "name": "private_subnets",
      "provider": "provider[\"registry.terraform.io/hashicorp/aws\"]",
      "instances": [
        {
          "index_key": 0,
          "schema_version": 1,
          "attributes": {
            "arn": "arn:aws:ec2:us-west-2:337380398238:subnet/subnet-0813b8097e1c5eb38",
            "assign_ipv6_address_on_creation": false,
            "availability_zone": "us-west-2a",
            "availability_zone_id": "usw2-az1",
            "cidr_block": "192.168.7.0/27",
            "customer_owned_ipv4_pool": "",
            "enable_dns64": false,
            "enable_resource_name_dns_a_record_on_launch": false,
            "enable_resource_name_dns_aaaa_record_on_launch": false,
            "id": "subnet-0813b8097e1c5eb38",
            "ipv6_cidr_block": "",
            "ipv6_cidr_block_association_id": "",
            "ipv6_native": false,
            "map_customer_owned_ip_on_launch": false,
            "map_public_ip_on_launch": false,
            "outpost_arn": "",
            "owner_id": "337380398238",
            "private_dns_hostname_type_on_launch": "ip-name",
            "tags": {
              "Name": "trs-v2----trs-v2-my-project-private-sn",
              "owner": "trs-v2---",
              "project": "trs-v2-my-project"
            },
            "tags_all": {
              "Name": "trs-v2----trs-v2-my-project-private-sn",
              "owner": "trs-v2---",
              "project": "trs-v2-my-project"
            },
            "timeouts": null,
            "vpc_id": "vpc-055a393fc76985b42"
          },
          "sensitive_attributes": [],
          "identity_schema_version": 0,
          "private": "eyJlMmJmYjczMC1lY2FhLTExZTYtOGY4OC0zNDM2M2JjN2M0YzAiOnsiY3JlYXRlIjo2MDAwMDAwMDAwMDAsImRlbGV0ZSI6MTIwMDAwMDAwMDAwMH0sInNjaGVtYV92ZXJzaW9uIjoiMSJ9",
          "dependencies": [
            "aws_vpc.main",
            "data.aws_availability_zones.available"
          ]
        },
        {
          "index_key": 1,
          "schema_version": 1,
          "attributes": {
            "arn": "arn:aws:ec2:us-west-2:337380398238:subnet/subnet-0578c8cb541074885",
            "assign_ipv6_address_on_creation": false,
            "availability_zone": "us-west-2b",
            "availability_zone_id": "usw2-az2",
            "cidr_block": "192.168.7.32/27",
            "customer_owned_ipv4_pool": "",
            "enable_dns64": false,
            "enable_resource_name_dns_a_record_on_launch": false,
            "enable_resource_name_dns_aaaa_record_on_launch": false,
            "id": "subnet-0578c8cb541074885",
            "ipv6_cidr_block": "",
            "ipv6_cidr_block_association_id": "",
            "ipv6_native": false,
            "map_customer_owned_ip_on_launch": false,
            "map_public_ip_on_launch": false,
            "outpost_arn": "",
            "owner_id": "337380398238",
            "private_dns_hostname_type_on_launch": "ip-name",
            "tags": {
              "Name": "trs-v2----trs-v2-my-project-private-sn",
              "owner": "trs-v2---",
              "project": "trs-v2-my-project"
            },
            "tags_all": {
              "Name": "trs-v2----trs-v2-my-project-private-sn",
              "owner": "trs-v2---",
              "project": "trs-v2-my-project"
            },
            "timeouts": null,
            "vpc_id": "vpc-055a393fc76985b42"
          },
          "sensitive_attributes": [],
          "identity_schema_version": 0,
          "private": "eyJlMmJmYjczMC1lY2FhLTExZTYtOGY4OC0zNDM2M2JjN2M0YzAiOnsiY3JlYXRlIjo2MDAwMDAwMDAwMDAsImRlbGV0ZSI6MTIwMDAwMDAwMDAwMH0sInNjaGVtYV92ZXJzaW9uIjoiMSJ9",
          "dependencies": [
            "aws_vpc.main",
            "data.aws_availability_zones.available"
          ]
        },
        {
          "index_key": 2,
          "schema_version": 1,
          "attributes": {
            "arn": "arn:aws:ec2:us-west-2:337380398238:subnet/subnet-0a366a0e242c71311",
            "assign_ipv6_address_on_creation": false,
            "availability_zone": "us-west-2c",
            "availability_zone_id": "usw2-az3",
            "cidr_block": "192.168.7.64/27",
            "customer_owned_ipv4_pool": "",
            "enable_dns64": false,
            "enable_resource_name_dns_a_record_on_launch": false,
            "enable_resource_name_dns_aaaa_record_on_launch": false,
            "id": "subnet-0a366a0e242c71311",
            "ipv6_cidr_block": "",
            "ipv6_cidr_block_association_id": "",
            "ipv6_native": false,
            "map_customer_owned_ip_on_launch": false,
            "map_public_ip_on_launch": false,
            "outpost_arn": "",
            "owner_id": "337380398238",
            "private_dns_hostname_type_on_launch": "ip-name",
            "tags": {
              "Name": "trs-v2----trs-v2-my-project-private-sn",
              "owner": "trs-v2---",
              "project": "trs-v2-my-project"
            },
            "tags_all": {
              "Name": "trs-v2----trs-v2-my-project-private-sn",
              "owner": "trs-v2---",
              "project": "trs-v2-my-project"
            },
            "timeouts": null,
            "vpc_id": "vpc-055a393fc76985b42"
          },
          "sensitive_attributes": [],
          "identity_schema_version": 0,
          "private": "eyJlMmJmYjczMC1lY2FhLTExZTYtOGY4OC0zNDM2M2JjN2M0YzAiOnsiY3JlYXRlIjo2MDAwMDAwMDAwMDAsImRlbGV0ZSI6MTIwMDAwMDAwMDAwMH0sInNjaGVtYV92ZXJzaW9uIjoiMSJ9",
          "dependencies": [
            "aws_vpc.main",
            "data.aws_availability_zones.available"
          ]
        }
      ]
    },
    {
      "mode": "managed",
      "type": "aws_subnet",
      "name": "public_subnets",
      "provider": "provider[\"registry.terraform.io/hashicorp/aws\"]",
      "instances": [
        {
          "index_key": 0,
          "schema_version": 1,
          "attributes": {
            "arn": "arn:aws:ec2:us-west-2:337380398238:subnet/subnet-0bcf81d091de37ea0",
            "assign_ipv6_address_on_creation": false,
            "availability_zone": "us-west-2a",
            "availability_zone_id": "usw2-az1",
            "cidr_block": "192.168.7.96/27",
            "customer_owned_ipv4_pool": "",
            "enable_dns64": false,
            "enable_resource_name_dns_a_record_on_launch": false,
            "enable_resource_name_dns_aaaa_record_on_launch": false,
            "id": "subnet-0bcf81d091de37ea0",
            "ipv6_cidr_block": "",
            "ipv6_cidr_block_association_id": "",
            "ipv6_native": false,
            "map_customer_owned_ip_on_launch": false,
            "map_public_ip_on_launch": true,
            "outpost_arn": "",
            "owner_id": "337380398238",
            "private_dns_hostname_type_on_launch": "ip-name",
            "tags": {
              "Name": "trs-v2----trs-v2-my-project-public-sn",
              "owner": "trs-v2---",
              "project": "trs-v2-my-project"
            },
            "tags_all": {
              "Name": "trs-v2----trs-v2-my-project-public-sn",
              "owner": "trs-v2---",
              "project": "trs-v2-my-project"
            },
            "timeouts": null,
            "vpc_id": "vpc-055a393fc76985b42"
          },
          "sensitive_attributes": [],
          "identity_schema_version": 0,
          "private": "eyJlMmJmYjczMC1lY2FhLTExZTYtOGY4OC0zNDM2M2JjN2M0YzAiOnsiY3JlYXRlIjo2MDAwMDAwMDAwMDAsImRlbGV0ZSI6MTIwMDAwMDAwMDAwMH0sInNjaGVtYV92ZXJzaW9uIjoiMSJ9",
          "dependencies": [
            "aws_vpc.main",
            "data.aws_availability_zones.available"
          ]
        },
        {
          "index_key": 1,
          "schema_version": 1,
          "attributes": {
            "arn": "arn:aws:ec2:us-west-2:337380398238:subnet/subnet-05bbfba8d7a04fd95",
            "assign_ipv6_address_on_creation": false,
            "availability_zone": "us-west-2b",
            "availability_zone_id": "usw2-az2",
            "cidr_block": "192.168.7.128/27",
            "customer_owned_ipv4_pool": "",
            "enable_dns64": false,
            "enable_resource_name_dns_a_record_on_launch": false,
            "enable_resource_name_dns_aaaa_record_on_launch": false,
            "id": "subnet-05bbfba8d7a04fd95",
            "ipv6_cidr_block": "",
            "ipv6_cidr_block_association_id": "",
            "ipv6_native": false,
            "map_customer_owned_ip_on_launch": false,
            "map_public_ip_on_launch": true,
            "outpost_arn": "",
            "owner_id": "337380398238",
            "private_dns_hostname_type_on_launch": "ip-name",
            "tags": {
              "Name": "trs-v2----trs-v2-my-project-public-sn",
              "owner": "trs-v2---",
              "project": "trs-v2-my-project"
            },
            "tags_all": {
              "Name": "trs-v2----trs-v2-my-project-public-sn",
              "owner": "trs-v2---",
              "project": "trs-v2-my-project"
            },
            "timeouts": null,
            "vpc_id": "vpc-055a393fc76985b42"
          },
          "sensitive_attributes": [],
          "identity_schema_version": 0,
          "private": "eyJlMmJmYjczMC1lY2FhLTExZTYtOGY4OC0zNDM2M2JjN2M0YzAiOnsiY3JlYXRlIjo2MDAwMDAwMDAwMDAsImRlbGV0ZSI6MTIwMDAwMDAwMDAwMH0sInNjaGVtYV92ZXJzaW9uIjoiMSJ9",
          "dependencies": [
            "aws_vpc.main",
            "data.aws_availability_zones.available"
          ]
        },
        {
          "index_key": 2,
          "schema_version": 1,
          "attributes": {
            "arn": "arn:aws:ec2:us-west-2:337380398238:subnet/subnet-0da1a22b4a1897fa9",
            "assign_ipv6_address_on_creation": false,
            "availability_zone": "us-west-2c",
            "availability_zone_id": "usw2-az3",
            "cidr_block": "192.168.7.160/27",
            "customer_owned_ipv4_pool": "",
            "enable_dns64": false,
            "enable_resource_name_dns_a_record_on_launch": false,
            "enable_resource_name_dns_aaaa_record_on_launch": false,
            "id": "subnet-0da1a22b4a1897fa9",
            "ipv6_cidr_block": "",
            "ipv6_cidr_block_association_id": "",
            "ipv6_native": false,
            "map_customer_owned_ip_on_launch": false,
            "map_public_ip_on_launch": true,
            "outpost_arn": "",
            "owner_id": "337380398238",
            "private_dns_hostname_type_on_launch": "ip-name",
            "tags": {
              "Name": "trs-v2----trs-v2-my-project-public-sn",
              "owner": "trs-v2---",
              "project": "trs-v2-my-project"
            },
            "tags_all": {
              "Name": "trs-v2----trs-v2-my-project-public-sn",
              "owner": "trs-v2---",
              "project": "trs-v2-my-project"
            },
            "timeouts": null,
            "vpc_id": "vpc-055a393fc76985b42"
          },
          "sensitive_attributes": [],
          "identity_schema_version": 0,
          "private": "eyJlMmJmYjczMC1lY2FhLTExZTYtOGY4OC0zNDM2M2JjN2M0YzAiOnsiY3JlYXRlIjo2MDAwMDAwMDAwMDAsImRlbGV0ZSI6MTIwMDAwMDAwMDAwMH0sInNjaGVtYV92ZXJzaW9uIjoiMSJ9",
          "dependencies": [
            "aws_vpc.main",
            "data.aws_availability_zones.available"
          ]
        }
      ]
    },
    {
      "mode": "managed",
      "type": "aws_vpc",
      "name": "main",
      "provider": "provider[\"registry.terraform.io/hashicorp/aws\"]",
      "instances": [
        {
          "schema_version": 1,
          "attributes": {
            "arn": "arn:aws:ec2:us-west-2:337380398238:vpc/vpc-055a393fc76985b42",
            "assign_generated_ipv6_cidr_block": false,
            "cidr_block": "192.168.7.0/24",
            "default_network_acl_id": "acl-032df91c802e46482",
            "default_route_table_id": "rtb-02cf074e7a3835cf0",
            "default_security_group_id": "sg-038ff265ac795330e",
            "dhcp_options_id": "dopt-086a6028658a8be44",
            "enable_classiclink": false,
            "enable_classiclink_dns_support": false,
            "enable_dns_hostnames": true,
            "enable_dns_support": true,
            "enable_network_address_usage_metrics": false,
            "id": "vpc-055a393fc76985b42",
            "instance_tenancy": "default",
            "ipv4_ipam_pool_id": null,
            "ipv4_netmask_length": null,
            "ipv6_association_id": "",
            "ipv6_cidr_block": "",
            "ipv6_cidr_block_network_border_group": "",
            "ipv6_ipam_pool_id": "",
            "ipv6_netmask_length": 0,
            "main_route_table_id": "rtb-02cf074e7a3835cf0",
            "owner_id": "337380398238",
            "tags": {
              "Name": "trs-v2----trs-v2-my-project-vpc",
              "owner": "trs-v2---",
              "project": "trs-v2-my-project"
            },
            "tags_all": {
              "Name": "trs-v2----trs-v2-my-project-vpc",
              "owner": "trs-v2---",
              "project": "trs-v2-my-project"
            }
          },
          "sensitive_attributes": [],
          "identity_schema_version": 0,
          "private": "eyJzY2hlbWFfdmVyc2lvbiI6IjEifQ==",
          "create_before_destroy": true
        }
      ]
    },
    {
      "mode": "managed",
      "type": "tls_cert_request",
      "name": "client_csr",
      "provider": "provider[\"registry.terraform.io/hashicorp/tls\"]",
      "instances": [
        {
          "schema_version": 0,
          "attributes": {
            "cert_request_pem": "-----BEGIN CERTIFICATE REQUEST-----\nMIICiTCCAXECAQAwIjESMBAGA1UEChMJQ29ja3JvYWNoMQwwCgYDVQQDEwN0aW0w\nggEiMA0GCSqGSIb3DQEBAQUAA4IBDwAwggEKAoIBAQD3KhWyzb27gOQzn1uTaqNG\ni6GhqxNMEcysKDqAaUkubpFUajYdnSDpY0HAXmA8RvFfvVM6BfpWnNUdEpRAReAv\nZddIdryyInZwU7W5bPzknUmYdw0+wcLkyZkj96CRFU+paHrlkq/sxlVikc28wam9\nHQ4TjEkX0nxek2ubKxy1cjVobvQ97mptlCLx1h85HL/qKzC0MiLTQC8tExy67VK+\nnikhMo3o6G0aaz4YHPXbcmBIm8MG2egpc0viHjfuGBgtPw1MJIHckrHGP5ipGEC5\noY0RmxFqlbdIsCMEZtUeW5LWTLohDDxBg6NclbTQu9CPVX0/o7xlfan/EbqTH6dL\nAgMBAAGgIjAgBgkqhkiG9w0BCQ4xEzARMA8GA1UdEQQIMAaCBHJvb3QwDQYJKoZI\nhvcNAQELBQADggEBANU247XVirMCTejGBZxVry4P75xJvHt+Bdqh72PrFK5POb7k\nSByQOMnqPS1jxXolSrm3It8WLlttVmOV0qJfrYlxKb4zRgRJPHMPtIHxm48q6VPn\nAqOFMRBFM7k3P5AHb9LiiBvYetApNDGFQA7XG8/yZL4+fS5xC8GUvXhVYmtk0Dtz\nVyPzv9kA90nC4O+pa37Qo1qcN0VpdzCNtuIDFXvXVFTQxUL4StYt+6oVnH9XZdL4\nyuuE3SCskbRDFOK+A8h0WABBTqkgRbm+cuxk9Sw1+eme7RCRSLliOVQ3lOKWzBcm\noqYHNO2GSSZ/tfyein8cUmH0T3pm+/X4ty8b0Kg=\n-----END CERTIFICATE REQUEST-----\n",
            "dns_names": [
              "root"
            ],
            "id": "397197040d339e35a5c6b4909dfbe51df8d61662",
            "ip_addresses": null,
            "key_algorithm": "RSA",
            "private_key_pem": "-----BEGIN RSA PRIVATE KEY-----\nMIIEpAIBAAKCAQEA9yoVss29u4DkM59bk2qjRouhoasTTBHMrCg6gGlJLm6RVGo2\nHZ0g6WNBwF5gPEbxX71TOgX6VpzVHRKUQEXgL2XXSHa8siJ2cFO1uWz85J1JmHcN\nPsHC5MmZI/egkRVPqWh65ZKv7MZVYpHNvMGpvR0OE4xJF9J8XpNrmysctXI1aG70\nPe5qbZQi8dYfORy/6iswtDIi00AvLRMcuu1Svp4pITKN6OhtGms+GBz123JgSJvD\nBtnoKXNL4h437hgYLT8NTCSB3JKxxj+YqRhAuaGNEZsRapW3SLAjBGbVHluS1ky6\nIQw8QYOjXJW00LvQj1V9P6O8ZX2p/xG6kx+nSwIDAQABAoIBAAwiBHAQDT6TxhMw\np4apILwffsvLjl/Y4DxNOnEmRsGt2ACvhaa9GV0x+NhptmPb5ncykumeWud+8GLQ\n3PbHJCLZGkQ3RYduQKeLItJBr6v4FDsU3dFIVeBapkoizdhOL87OaN+b7HqwUiDl\nRmOvLNb/Ngf70w5SNoLpmrBcLlJLx1eY0ekXFMZ8YiFTq5qjZzLPYR1O6pykkXm+\n9w9U+ClhV2vWsxBTG+cIxugAuibhwsuee3W9xjyr1SIVVglNy1z5e6hVNe1o/TYp\nFmROo2Z3IKLVshVqH/JcGiDCaoVWGCs3P0o5sdjeIkTSF8B20WOFmMNLOqEF9qIn\n31peW1UCgYEA/wlz4o9jdEPlNeNcZcw0uQkb/JNlV8EOpO/onKepiJvCHW6RPy3Y\nbD3yG/pEFmBt7rsEx+VVOP7kFzU1FRjHrrlNsNp+rKV3Ci97ZNC8PFZAc4N6+xSp\n18ARodzvl8dYmAK4KySDFgDfN/PvnsBCEAAfe5nw1/p0Xhi/y7OoX1UCgYEA+BkF\niFW++XGlZERGpI9q2El8tFscIrnV1B97PIQ6EOn6sJgdOJ932KYNulxTnNoTjHV6\n+vQ4u1p9XWBtBY/+e/8NP+AVjRI1OGUo2jyGmNWrmwa+BJDWfpjPCcNjmBtOM4//\nBWt21WAt49lMQaSXLLruNRPCYja1Y2maH2TzrB8CgYEAmS9QT9DYZ8kwL4H0yaAy\nOsHh8X+G64KmDSOckBuUlN0ZZxw2WcBrsfgzJ+LWaqpY3X+vi3GQEr/muJnY3GcZ\n6TScGZHjbEemjJOghhlqNsOHyto6T/1FVrWi4ZoWvw+ZgxR/EkrIAbtcV/tI/g10\noK+yOUdphhCFPM+Yw/2RMFECgYEAizB+ih6RJiE8SSSE/Y34w5929zimcFUSQg/n\nc+w7J4IdwzWUL1BITKPcz9E8l6NBlGvUszaRHYuHCfwvLg+7FpXhORTfAmZUtW8L\nnGSYnuZBgJgnwyf/LsdMYI3eMlgfZ45B5SiFYvCyzkH7JljQ96doPR74z2EiIsP8\nU+CvVMECgYBoT/bVYT+FBXDaPgvZzPnXegftxlEGwzrTfzNPPtZ+Y96ppWgyfrRO\n6qffSyR79iA0kNeMXfZDo3xd52i/Yu4M2VKs/Y2IPXQCVO5bsFT3Ske0Fs6XsNLw\n6AlbnUUOk6WJqm78Tqn/s/uKOQUUoXRhw4BH5i4C7rXp0KapMCNvHQ==\n-----END RSA PRIVATE KEY-----\n",
            "subject": [
              {
                "common_name": "tim",
                "country": null,
                "email_address": null,
                "locality": null,
                "organization": "Cockroach",
                "organizational_unit": null,
                "postal_code": null,
                "province": null,
                "serial_number": null,
                "street_address": null
              }
            ],
            "uris": null
          },
          "sensitive_attributes": [
            [
              {
                "type": "get_attr",
                "value": "private_key_pem"
              }
            ]
          ],
          "identity_schema_version": 0,
          "dependencies": [
            "tls_private_key.client_keys"
          ]
        }
      ]
    },
    {
      "mode": "managed",
      "type": "tls_locally_signed_cert",
      "name": "user_cert",
      "provider": "provider[\"registry.terraform.io/hashicorp/tls\"]",
      "instances": [
        {
          "schema_version": 0,
          "attributes": {
            "allowed_uses": [
              "any_extended",
              "cert_signing",
              "client_auth",
              "code_signing",
              "content_commitment",
              "crl_signing",
              "data_encipherment",
              "digital_signature",
              "email_protection",
              "key_agreement",
              "key_encipherment",
              "ocsp_signing",
              "server_auth"
            ],
            "ca_cert_pem": "-----BEGIN CERTIFICATE-----\nMIIDaDCCAlCgAwIBAgIRAK8e1ckaVmJALLwAGHHS64cwDQYJKoZIhvcNAQELBQAw\nKzESMBAGA1UEChMJQ29ja3JvYWNoMRUwEwYDVQQDEwxDb2Nrcm9hY2ggQ0EwHhcN\nMjUxMDE0MjIxMzAyWhcNMzAxMjAyMjIxMzAyWjArMRIwEAYDVQQKEwlDb2Nrcm9h\nY2gxFTATBgNVBAMTDENvY2tyb2FjaCBDQTCCASIwDQYJKoZIhvcNAQEBBQADggEP\nADCCAQoCggEBAMP2sKoROUCv6Qb2+O/ZGgcgdpEvuVlym+VnCiDdy5t+rUgBZMxD\nKtrW6cpYFknpO5xfkRl7C7qM+HU7BPaKDNsdUOiDp4KNDv0sA+NjuLWO9S7E2rdW\nLtg/Z8a7W5LjZMBocMxf9JooMb+pwHbA01g9iBC8/w6tiZqY5g/yHh0fk5gt663W\n+dY28LojfCwxdi1agzwQm747Iv/vgu723ZjAFfNj90RZoZoKfV1qAnaQ+iySDate\nswzNXNMUksTtFfEUtNCRSrMbIU5JiQql7TK/tq4R+ft0bGGVBcWHusSjw3+2qAqc\nXUaTraOzA3g9DuAGbGREKgDc75pSSNHc6zUCAwEAAaOBhjCBgzAOBgNVHQ8BAf8E\nBAMCAf4wQQYDVR0lBDowOAYEVR0lAAYIKwYBBQUHAwIGCCsGAQUFBwMDBggrBgEF\nBQcDBAYIKwYBBQUHAwkGCCsGAQUFBwMBMA8GA1UdEwEB/wQFMAMBAf8wHQYDVR0O\nBBYEFN+U9GY8Mb+BJ5DdsBiy0GHqOD/4MA0GCSqGSIb3DQEBCwUAA4IBAQCdsyQM\nopewSkSPsGvpu5oggfBNnWZw5Mbt3MVrnr8R0p9rLBD67xbfLh2KFCS/k5c5PSSZ\nYoV1YGS4ZvHyesASSX+iQP1wWj2H2h41qJ1+ORZzH9XnnsjoYdIHFjvSLRiuAwB8\nJhdm3Q4lQyuw3iFYjXq6D65gzswOQwXh2xhDMwjP4cI8fOAAthEWLGxCs8EBd2iX\nMarQQpTK0lMLbMECUKzOKyxyhTBOMDRH1cbrF9Kz4TNtUl1272/pmEm9Yo2SspbZ\ns4bTG+Te4ssQDp8KZRwC5cv8Sn7tWHo9+3csHqtEOp6X5UaB2+Ke6qQsAxbA0O+q\n43RjZDhYRVjUrQ8D\n-----END CERTIFICATE-----\n",
            "ca_key_algorithm": "RSA",
            "ca_private_key_pem": "-----BEGIN RSA PRIVATE KEY-----\nMIIEoQIBAAKCAQEAw/awqhE5QK/pBvb479kaByB2kS+5WXKb5WcKIN3Lm36tSAFk\nzEMq2tbpylgWSek7nF+RGXsLuoz4dTsE9ooM2x1Q6IOngo0O/SwD42O4tY71LsTa\nt1Yu2D9nxrtbkuNkwGhwzF/0migxv6nAdsDTWD2IELz/Dq2JmpjmD/IeHR+TmC3r\nrdb51jbwuiN8LDF2LVqDPBCbvjsi/++C7vbdmMAV82P3RFmhmgp9XWoCdpD6LJIN\nq16zDM1c0xSSxO0V8RS00JFKsxshTkmJCqXtMr+2rhH5+3RsYZUFxYe6xKPDf7ao\nCpxdRpOto7MDeD0O4AZsZEQqANzvmlJI0dzrNQIDAQABAoH/Q6usrr8mWeZlPmnZ\nqqsN9F48k43YqehlCvV7XZk59nN0lIGX78pCEQtDptxYESQcAHydhiBLShuVdfnc\ny6ivR9Pml8cGW1izYyZLCg7DPypLKC8Xa/NSCLO1MUkB22Pv/4GbStDYBHe/U8Qe\no6iGjjwT2T25h440mPg9tTodDoSlmVXT2E+4yc2p9dkWIIKdDfmyhdony8gFFn+Z\ncpJoPv4QEyF9ku639hcxoJMQiiVJXnpOD5eYboRMfdQyeyjQgFKG+pMa/ly6I2tt\n8iWDhe3dVWyzXaVIvayExZeV0yUTuZHZKew+eOetvGFQZIHic/+TPDNgn3kpdHYo\nI+n5AoGBAOZzpqfLhTv6z9phCUevRjbL2/9udcYL9I5hNjDE7r5ezG2aoTm53bDW\ntiOKt/G1O+5KFBo4ikm2uAw/kQ7y5lXbkJOxRuYTCR55ksz/zviaIV+hLI4NA4xv\ncRmWOk41tUsApKMR+M7ASZbLWbIlR7jU6KnDlUhTAiO+Af4+7+utAoGBANmwPzHD\nu9uHWfjLHjDGCVjPVT5533vGnjXh/48FZNGC3DWZ21UzRrDAGF7fVuea6S4I7mIo\nHYXyWrQRR0U4S7pUDELG5XbcTr2bw9j/+6jenf8xQjXobRlpKCCT46PRtDnyFm39\n7H9KjLN6kPkac1YL5po+4AHD5OLml7HNzm6pAoGARUTP/DG1i5DZN0fhlTV/AmuG\nZiHarrvbN4zK0B/xrzEpe2x2N7bBhy0StF426iVSrU6A+lyyXHPaoHve60Jhr77+\nlxY7PF7OZ+WdFZdyq9EQZQE6Njx9K5I3ybwZLHcCVlgMJKP7SJINzJC1FlIUW99L\nS/PpBENHKl0rljNuxEUCgYBU7wEZB4dqNbsS6R0UZpALCIn34FEj1/CukUjGopId\ndHM6rpb2/RSdrbVUfstHfhdwkKeBwKkUM+TT0NH/3eEeB+DoxPWOlJJcREP7jJTB\n5Gm8wZlVsyOuAGtZmpn8trscyKmbrLDzUUDoXe/mYT2S2v3UPKflyGqrZNDW3Leo\nUQKBgQCPFgcYa2zXRNYcXdvRQTgN8oTna4OlukBCvN4c/xnlzWOWCWbSSZ4P76od\nG0DphMUc+PF1Kvt72aV5iTW7iCsIexKLjVXZiqtzxDtk4ZrctuBQCbJtHB62pyPp\nnwbmXnzGfjMfRmgmFpri+ygYiF+IBjOlhHkYnuLIdq3lwSR9tw==\n-----END RSA PRIVATE KEY-----\n",
            "cert_pem": "-----BEGIN CERTIFICATE-----\nMIIDbjCCAlagAwIBAgIQS33kyvQy6GoF1aTrqypjMzANBgkqhkiG9w0BAQsFADAr\nMRIwEAYDVQQKEwlDb2Nrcm9hY2gxFTATBgNVBAMTDENvY2tyb2FjaCBDQTAeFw0y\nNTEwMTQyMjEzMDJaFw0zMDEwMTgyMzEzMDJaMCIxEjAQBgNVBAoTCUNvY2tyb2Fj\naDEMMAoGA1UEAxMDdGltMIIBIjANBgkqhkiG9w0BAQEFAAOCAQ8AMIIBCgKCAQEA\n9yoVss29u4DkM59bk2qjRouhoasTTBHMrCg6gGlJLm6RVGo2HZ0g6WNBwF5gPEbx\nX71TOgX6VpzVHRKUQEXgL2XXSHa8siJ2cFO1uWz85J1JmHcNPsHC5MmZI/egkRVP\nqWh65ZKv7MZVYpHNvMGpvR0OE4xJF9J8XpNrmysctXI1aG70Pe5qbZQi8dYfORy/\n6iswtDIi00AvLRMcuu1Svp4pITKN6OhtGms+GBz123JgSJvDBtnoKXNL4h437hgY\nLT8NTCSB3JKxxj+YqRhAuaGNEZsRapW3SLAjBGbVHluS1ky6IQw8QYOjXJW00LvQ\nj1V9P6O8ZX2p/xG6kx+nSwIDAQABo4GWMIGTMA4GA1UdDwEB/wQEAwIB/jBBBgNV\nHSUEOjA4BgRVHSUABggrBgEFBQcDAgYIKwYBBQUHAwMGCCsGAQUFBwMEBggrBgEF\nBQcDCQYIKwYBBQUHAwEwDAYDVR0TAQH/BAIwADAfBgNVHSMEGDAWgBTflPRmPDG/\ngSeQ3bAYstBh6jg/+DAPBgNVHREECDAGggRyb290MA0GCSqGSIb3DQEBCwUAA4IB\nAQA7uxuHN3Ur88mVxBoT8QHLdaCshcuIiLZ3z6sgoqMAKnf6HRZPwVV+1c0sjcHr\nu4fWL3J1v+r3sFiwaJXayqP5M/aa7vfHaWfNIBkbnI7Llac/bvQei+P0xTVff9SS\nax19KjLffcIjn3Izgsqu1vvSL5R2/ImHrZ2PZlIDLPu9e876ZuzHWYUSK2se33U1\n5ZcBngVV7j9SFuGIdAoV+AJOpe8M6Xv62a7ic5f7g0mksR5xQlESSuPrKH1DfpMY\nhQqsk+Ubt4F+fCS2qC55BaO+0gRZ+mSnd7lR+HLVVSq+oMMAzhxdXVVhVN3ZFraS\n+TgBMtphe9LVNtxB9MH8A4Nd\n-----END CERTIFICATE-----\n",
            "cert_request_pem": "-----BEGIN CERTIFICATE REQUEST-----\nMIICiTCCAXECAQAwIjESMBAGA1UEChMJQ29ja3JvYWNoMQwwCgYDVQQDEwN0aW0w\nggEiMA0GCSqGSIb3DQEBAQUAA4IBDwAwggEKAoIBAQD3KhWyzb27gOQzn1uTaqNG\ni6GhqxNMEcysKDqAaUkubpFUajYdnSDpY0HAXmA8RvFfvVM6BfpWnNUdEpRAReAv\nZddIdryyInZwU7W5bPzknUmYdw0+wcLkyZkj96CRFU+paHrlkq/sxlVikc28wam9\nHQ4TjEkX0nxek2ubKxy1cjVobvQ97mptlCLx1h85HL/qKzC0MiLTQC8tExy67VK+\nnikhMo3o6G0aaz4YHPXbcmBIm8MG2egpc0viHjfuGBgtPw1MJIHckrHGP5ipGEC5\noY0RmxFqlbdIsCMEZtUeW5LWTLohDDxBg6NclbTQu9CPVX0/o7xlfan/EbqTH6dL\nAgMBAAGgIjAgBgkqhkiG9w0BCQ4xEzARMA8GA1UdEQQIMAaCBHJvb3QwDQYJKoZI\nhvcNAQELBQADggEBANU247XVirMCTejGBZxVry4P75xJvHt+Bdqh72PrFK5POb7k\nSByQOMnqPS1jxXolSrm3It8WLlttVmOV0qJfrYlxKb4zRgRJPHMPtIHxm48q6VPn\nAqOFMRBFM7k3P5AHb9LiiBvYetApNDGFQA7XG8/yZL4+fS5xC8GUvXhVYmtk0Dtz\nVyPzv9kA90nC4O+pa37Qo1qcN0VpdzCNtuIDFXvXVFTQxUL4StYt+6oVnH9XZdL4\nyuuE3SCskbRDFOK+A8h0WABBTqkgRbm+cuxk9Sw1+eme7RCRSLliOVQ3lOKWzBcm\noqYHNO2GSSZ/tfyein8cUmH0T3pm+/X4ty8b0Kg=\n-----END CERTIFICATE REQUEST-----\n",
            "early_renewal_hours": 0,
            "id": "100345777260239890615792944702158431027",
            "is_ca_certificate": false,
            "ready_for_renewal": false,
            "set_subject_key_id": false,
            "validity_end_time": "2030-10-18T23:13:02.270824628Z",
            "validity_period_hours": 43921,
            "validity_start_time": "2025-10-14T22:13:02.270824628Z"
          },
          "sensitive_attributes": [
            [
              {
                "type": "get_attr",
                "value": "ca_private_key_pem"
              }
            ]
          ],
          "identity_schema_version": 0,
          "dependencies": [
            "tls_cert_request.client_csr",
            "tls_private_key.client_keys",
            "tls_private_key.crdb_ca_keys",
            "tls_self_signed_cert.crdb_ca_cert"
          ]
        }
      ]
    },
    {
      "mode": "managed",
      "type": "tls_private_key",
      "name": "client_keys",
      "provider": "provider[\"registry.terraform.io/hashicorp/tls\"]",
      "instances": [
        {
          "schema_version": 1,
          "attributes": {
            "algorithm": "RSA",
            "ecdsa_curve": "P224",
            "id": "a43b65417838f9f70a56f0d085b760e4c0f8c8b4",
            "private_key_openssh": "-----BEGIN OPENSSH PRIVATE KEY-----\nb3BlbnNzaC1rZXktdjEAAAAABG5vbmUAAAAEbm9uZQAAAAAAAAABAAABFwAAAAdz\nc2gtcnNhAAAAAwEAAQAAAQEA9yoVss29u4DkM59bk2qjRouhoasTTBHMrCg6gGlJ\nLm6RVGo2HZ0g6WNBwF5gPEbxX71TOgX6VpzVHRKUQEXgL2XXSHa8siJ2cFO1uWz8\n5J1JmHcNPsHC5MmZI/egkRVPqWh65ZKv7MZVYpHNvMGpvR0OE4xJF9J8XpNrmysc\ntXI1aG70Pe5qbZQi8dYfORy/6iswtDIi00AvLRMcuu1Svp4pITKN6OhtGms+GBz1\n23JgSJvDBtnoKXNL4h437hgYLT8NTCSB3JKxxj+YqRhAuaGNEZsRapW3SLAjBGbV\nHluS1ky6IQw8QYOjXJW00LvQj1V9P6O8ZX2p/xG6kx+nSwAAA7gPYlP8D2JT/AAA\nAAdzc2gtcnNhAAABAQD3KhWyzb27gOQzn1uTaqNGi6GhqxNMEcysKDqAaUkubpFU\najYdnSDpY0HAXmA8RvFfvVM6BfpWnNUdEpRAReAvZddIdryyInZwU7W5bPzknUmY\ndw0+wcLkyZkj96CRFU+paHrlkq/sxlVikc28wam9HQ4TjEkX0nxek2ubKxy1cjVo\nbvQ97mptlCLx1h85HL/qKzC0MiLTQC8tExy67VK+nikhMo3o6G0aaz4YHPXbcmBI\nm8MG2egpc0viHjfuGBgtPw1MJIHckrHGP5ipGEC5oY0RmxFqlbdIsCMEZtUeW5LW\nTLohDDxBg6NclbTQu9CPVX0/o7xlfan/EbqTH6dLAAAAAwEAAQAAAQAMIgRwEA0+\nk8YTMKeGqSC8H37Ly45f2OA8TTpxJkbBrdgAr4WmvRldMfjYabZj2+Z3MpLpnlrn\nfvBi0Nz2xyQi2RpEN0WHbkCniyLSQa+r+BQ7FN3RSFXgWqZKIs3YTi/Ozmjfm+x6\nsFIg5UZjryzW/zYH+9MOUjaC6ZqwXC5SS8dXmNHpFxTGfGIhU6uao2cyz2EdTuqc\npJF5vvcPVPgpYVdr1rMQUxvnCMboALom4cLLnnt1vcY8q9UiFVYJTctc+XuoVTXt\naP02KRZkTqNmdyCi1bIVah/yXBogwmqFVhgrNz9KObHY3iJE0hfAdtFjhZjDSzqh\nBfaiJ99aXltVAAAAgGhP9tVhP4UFcNo+C9nM+dd6B+3GUQbDOtN/M08+1n5j3qml\naDJ+tE7qp99LJHv2IDSQ14xd9kOjfF3naL9i7gzZUqz9jYg9dAJU7luwVPdKR7QW\nzpew0vDoCVudRQ6TpYmqbvxOqf+z+4o5BRShdGHDgEfmLgLutenQpqkwI28dAAAA\ngQD/CXPij2N0Q+U141xlzDS5CRv8k2VXwQ6k7+icp6mIm8IdbpE/LdhsPfIb+kQW\nYG3uuwTH5VU4/uQXNTUVGMeuuU2w2n6spXcKL3tk0Lw8VkBzg3r7FKnXwBGh3O+X\nx1iYArgrJIMWAN838++ewEIQAB97mfDX+nReGL/Ls6hfVQAAAIEA+BkFiFW++XGl\nZERGpI9q2El8tFscIrnV1B97PIQ6EOn6sJgdOJ932KYNulxTnNoTjHV6+vQ4u1p9\nXWBtBY/+e/8NP+AVjRI1OGUo2jyGmNWrmwa+BJDWfpjPCcNjmBtOM4//BWt21WAt\n49lMQaSXLLruNRPCYja1Y2maH2TzrB8AAAAAAQID\n-----END OPENSSH PRIVATE KEY-----\n",
            "private_key_pem": "-----BEGIN RSA PRIVATE KEY-----\nMIIEpAIBAAKCAQEA9yoVss29u4DkM59bk2qjRouhoasTTBHMrCg6gGlJLm6RVGo2\nHZ0g6WNBwF5gPEbxX71TOgX6VpzVHRKUQEXgL2XXSHa8siJ2cFO1uWz85J1JmHcN\nPsHC5MmZI/egkRVPqWh65ZKv7MZVYpHNvMGpvR0OE4xJF9J8XpNrmysctXI1aG70\nPe5qbZQi8dYfORy/6iswtDIi00AvLRMcuu1Svp4pITKN6OhtGms+GBz123JgSJvD\nBtnoKXNL4h437hgYLT8NTCSB3JKxxj+YqRhAuaGNEZsRapW3SLAjBGbVHluS1ky6\nIQw8QYOjXJW00LvQj1V9P6O8ZX2p/xG6kx+nSwIDAQABAoIBAAwiBHAQDT6TxhMw\np4apILwffsvLjl/Y4DxNOnEmRsGt2ACvhaa9GV0x+NhptmPb5ncykumeWud+8GLQ\n3PbHJCLZGkQ3RYduQKeLItJBr6v4FDsU3dFIVeBapkoizdhOL87OaN+b7HqwUiDl\nRmOvLNb/Ngf70w5SNoLpmrBcLlJLx1eY0ekXFMZ8YiFTq5qjZzLPYR1O6pykkXm+\n9w9U+ClhV2vWsxBTG+cIxugAuibhwsuee3W9xjyr1SIVVglNy1z5e6hVNe1o/TYp\nFmROo2Z3IKLVshVqH/JcGiDCaoVWGCs3P0o5sdjeIkTSF8B20WOFmMNLOqEF9qIn\n31peW1UCgYEA/wlz4o9jdEPlNeNcZcw0uQkb/JNlV8EOpO/onKepiJvCHW6RPy3Y\nbD3yG/pEFmBt7rsEx+VVOP7kFzU1FRjHrrlNsNp+rKV3Ci97ZNC8PFZAc4N6+xSp\n18ARodzvl8dYmAK4KySDFgDfN/PvnsBCEAAfe5nw1/p0Xhi/y7OoX1UCgYEA+BkF\niFW++XGlZERGpI9q2El8tFscIrnV1B97PIQ6EOn6sJgdOJ932KYNulxTnNoTjHV6\n+vQ4u1p9XWBtBY/+e/8NP+AVjRI1OGUo2jyGmNWrmwa+BJDWfpjPCcNjmBtOM4//\nBWt21WAt49lMQaSXLLruNRPCYja1Y2maH2TzrB8CgYEAmS9QT9DYZ8kwL4H0yaAy\nOsHh8X+G64KmDSOckBuUlN0ZZxw2WcBrsfgzJ+LWaqpY3X+vi3GQEr/muJnY3GcZ\n6TScGZHjbEemjJOghhlqNsOHyto6T/1FVrWi4ZoWvw+ZgxR/EkrIAbtcV/tI/g10\noK+yOUdphhCFPM+Yw/2RMFECgYEAizB+ih6RJiE8SSSE/Y34w5929zimcFUSQg/n\nc+w7J4IdwzWUL1BITKPcz9E8l6NBlGvUszaRHYuHCfwvLg+7FpXhORTfAmZUtW8L\nnGSYnuZBgJgnwyf/LsdMYI3eMlgfZ45B5SiFYvCyzkH7JljQ96doPR74z2EiIsP8\nU+CvVMECgYBoT/bVYT+FBXDaPgvZzPnXegftxlEGwzrTfzNPPtZ+Y96ppWgyfrRO\n6qffSyR79iA0kNeMXfZDo3xd52i/Yu4M2VKs/Y2IPXQCVO5bsFT3Ske0Fs6XsNLw\n6AlbnUUOk6WJqm78Tqn/s/uKOQUUoXRhw4BH5i4C7rXp0KapMCNvHQ==\n-----END RSA PRIVATE KEY-----\n",
            "private_key_pem_pkcs8": "-----BEGIN PRIVATE KEY-----\nMIIEvgIBADANBgkqhkiG9w0BAQEFAASCBKgwggSkAgEAAoIBAQD3KhWyzb27gOQz\nn1uTaqNGi6GhqxNMEcysKDqAaUkubpFUajYdnSDpY0HAXmA8RvFfvVM6BfpWnNUd\nEpRAReAvZddIdryyInZwU7W5bPzknUmYdw0+wcLkyZkj96CRFU+paHrlkq/sxlVi\nkc28wam9HQ4TjEkX0nxek2ubKxy1cjVobvQ97mptlCLx1h85HL/qKzC0MiLTQC8t\nExy67VK+nikhMo3o6G0aaz4YHPXbcmBIm8MG2egpc0viHjfuGBgtPw1MJIHckrHG\nP5ipGEC5oY0RmxFqlbdIsCMEZtUeW5LWTLohDDxBg6NclbTQu9CPVX0/o7xlfan/\nEbqTH6dLAgMBAAECggEADCIEcBANPpPGEzCnhqkgvB9+y8uOX9jgPE06cSZGwa3Y\nAK+Fpr0ZXTH42Gm2Y9vmdzKS6Z5a537wYtDc9sckItkaRDdFh25Ap4si0kGvq/gU\nOxTd0UhV4FqmSiLN2E4vzs5o35vserBSIOVGY68s1v82B/vTDlI2gumasFwuUkvH\nV5jR6RcUxnxiIVOrmqNnMs9hHU7qnKSReb73D1T4KWFXa9azEFMb5wjG6AC6JuHC\ny557db3GPKvVIhVWCU3LXPl7qFU17Wj9NikWZE6jZncgotWyFWof8lwaIMJqhVYY\nKzc/Sjmx2N4iRNIXwHbRY4WYw0s6oQX2oiffWl5bVQKBgQD/CXPij2N0Q+U141xl\nzDS5CRv8k2VXwQ6k7+icp6mIm8IdbpE/LdhsPfIb+kQWYG3uuwTH5VU4/uQXNTUV\nGMeuuU2w2n6spXcKL3tk0Lw8VkBzg3r7FKnXwBGh3O+Xx1iYArgrJIMWAN838++e\nwEIQAB97mfDX+nReGL/Ls6hfVQKBgQD4GQWIVb75caVkREakj2rYSXy0WxwiudXU\nH3s8hDoQ6fqwmB04n3fYpg26XFOc2hOMdXr69Di7Wn1dYG0Fj/57/w0/4BWNEjU4\nZSjaPIaY1aubBr4EkNZ+mM8Jw2OYG04zj/8Fa3bVYC3j2UxBpJcsuu41E8JiNrVj\naZofZPOsHwKBgQCZL1BP0NhnyTAvgfTJoDI6weHxf4brgqYNI5yQG5SU3RlnHDZZ\nwGux+DMn4tZqqljdf6+LcZASv+a4mdjcZxnpNJwZkeNsR6aMk6CGGWo2w4fK2jpP\n/UVWtaLhmha/D5mDFH8SSsgBu1xX+0j+DXSgr7I5R2mGEIU8z5jD/ZEwUQKBgQCL\nMH6KHpEmITxJJIT9jfjDn3b3OKZwVRJCD+dz7Dsngh3DNZQvUEhMo9zP0TyXo0GU\na9SzNpEdi4cJ/C8uD7sWleE5FN8CZlS1bwucZJie5kGAmCfDJ/8ux0xgjd4yWB9n\njkHlKIVi8LLOQfsmWND3p2g9HvjPYSIiw/xT4K9UwQKBgGhP9tVhP4UFcNo+C9nM\n+dd6B+3GUQbDOtN/M08+1n5j3qmlaDJ+tE7qp99LJHv2IDSQ14xd9kOjfF3naL9i\n7gzZUqz9jYg9dAJU7luwVPdKR7QWzpew0vDoCVudRQ6TpYmqbvxOqf+z+4o5BRSh\ndGHDgEfmLgLutenQpqkwI28d\n-----END PRIVATE KEY-----\n",
            "public_key_fingerprint_md5": "fd:9e:6c:63:79:08:5f:3b:d9:ba:c9:97:af:72:e8:a0",
            "public_key_fingerprint_sha256": "SHA256:al2NvFRjQe4OtHU4fuewCuOqKc0jFCKVLdfCba+93Go",
            "public_key_openssh": "ssh-rsa AAAAB3NzaC1yc2EAAAADAQABAAABAQD3KhWyzb27gOQzn1uTaqNGi6GhqxNMEcysKDqAaUkubpFUajYdnSDpY0HAXmA8RvFfvVM6BfpWnNUdEpRAReAvZddIdryyInZwU7W5bPzknUmYdw0+wcLkyZkj96CRFU+paHrlkq/sxlVikc28wam9HQ4TjEkX0nxek2ubKxy1cjVobvQ97mptlCLx1h85HL/qKzC0MiLTQC8tExy67VK+nikhMo3o6G0aaz4YHPXbcmBIm8MG2egpc0viHjfuGBgtPw1MJIHckrHGP5ipGEC5oY0RmxFqlbdIsCMEZtUeW5LWTLohDDxBg6NclbTQu9CPVX0/o7xlfan/EbqTH6dL\n",
            "public_key_pem": "-----BEGIN PUBLIC KEY-----\nMIIBIjANBgkqhkiG9w0BAQEFAAOCAQ8AMIIBCgKCAQEA9yoVss29u4DkM59bk2qj\nRouhoasTTBHMrCg6gGlJLm6RVGo2HZ0g6WNBwF5gPEbxX71TOgX6VpzVHRKUQEXg\nL2XXSHa8siJ2cFO1uWz85J1JmHcNPsHC5MmZI/egkRVPqWh65ZKv7MZVYpHNvMGp\nvR0OE4xJF9J8XpNrmysctXI1aG70Pe5qbZQi8dYfORy/6iswtDIi00AvLRMcuu1S\nvp4pITKN6OhtGms+GBz123JgSJvDBtnoKXNL4h437hgYLT8NTCSB3JKxxj+YqRhA\nuaGNEZsRapW3SLAjBGbVHluS1ky6IQw8QYOjXJW00LvQj1V9P6O8ZX2p/xG6kx+n\nSwIDAQAB\n-----END PUBLIC KEY-----\n",
            "rsa_bits": 2048
          },
          "sensitive_attributes": [
            [
              {
                "type": "get_attr",
                "value": "private_key_openssh"
              }
            ],
            [
              {
                "type": "get_attr",
                "value": "private_key_pem"
              }
            ],
            [
              {
                "type": "get_attr",
                "value": "private_key_pem_pkcs8"
              }
            ]
          ],
          "identity_schema_version": 0
        }
      ]
    },
    {
      "mode": "managed",
      "type": "tls_private_key",
      "name": "crdb_ca_keys",
      "provider": "provider[\"registry.terraform.io/hashicorp/tls\"]",
      "instances": [
        {
          "schema_version": 1,
          "attributes": {
            "algorithm": "RSA",
            "ecdsa_curve": "P224",
            "id": "628b598bc84ad47bdc6c324903b01d87c15d6b28",
            "private_key_openssh": "-----BEGIN OPENSSH PRIVATE KEY-----\nb3BlbnNzaC1rZXktdjEAAAAABG5vbmUAAAAEbm9uZQAAAAAAAAABAAABFwAAAAdz\nc2gtcnNhAAAAAwEAAQAAAQEAw/awqhE5QK/pBvb479kaByB2kS+5WXKb5WcKIN3L\nm36tSAFkzEMq2tbpylgWSek7nF+RGXsLuoz4dTsE9ooM2x1Q6IOngo0O/SwD42O4\ntY71LsTat1Yu2D9nxrtbkuNkwGhwzF/0migxv6nAdsDTWD2IELz/Dq2JmpjmD/Ie\nHR+TmC3rrdb51jbwuiN8LDF2LVqDPBCbvjsi/++C7vbdmMAV82P3RFmhmgp9XWoC\ndpD6LJINq16zDM1c0xSSxO0V8RS00JFKsxshTkmJCqXtMr+2rhH5+3RsYZUFxYe6\nxKPDf7aoCpxdRpOto7MDeD0O4AZsZEQqANzvmlJI0dzrNQAAA7gLGOcJCxjnCQAA\nAAdzc2gtcnNhAAABAQDD9rCqETlAr+kG9vjv2RoHIHaRL7lZcpvlZwog3cubfq1I\nAWTMQyra1unKWBZJ6TucX5EZewu6jPh1OwT2igzbHVDog6eCjQ79LAPjY7i1jvUu\nxNq3Vi7YP2fGu1uS42TAaHDMX/SaKDG/qcB2wNNYPYgQvP8OrYmamOYP8h4dH5OY\nLeut1vnWNvC6I3wsMXYtWoM8EJu+OyL/74Lu9t2YwBXzY/dEWaGaCn1dagJ2kPos\nkg2rXrMMzVzTFJLE7RXxFLTQkUqzGyFOSYkKpe0yv7auEfn7dGxhlQXFh7rEo8N/\ntqgKnF1Gk62jswN4PQ7gBmxkRCoA3O+aUkjR3Os1AAAAAwEAAQAAAP9Dq6yuvyZZ\n5mU+admqqw30XjyTjdip6GUK9XtdmTn2c3SUgZfvykIRC0Om3FgRJBwAfJ2GIEtK\nG5V1+dzLqK9H0+aXxwZbWLNjJksKDsM/KksoLxdr81IIs7UxSQHbY+//gZtK0NgE\nd79TxB6jqIaOPBPZPbmHjjSY+D21Oh0OhKWZVdPYT7jJzan12RYggp0N+bKF2ifL\nyAUWf5lykmg+/hATIX2S7rf2FzGgkxCKJUleek4Pl5huhEx91DJ7KNCAUob6kxr+\nXLoja23yJYOF7d1VbLNdpUi9rITFl5XTJRO5kdkp7D545628YVBkgeJz/5M8M2Cf\neSl0digj6fkAAACBAI8WBxhrbNdE1hxd29FBOA3yhOdrg6W6QEK83hz/GeXNY5YJ\nZtJJng/vqh0bQOmExRz48XUq+3vZpXmJNbuIKwh7EouNVdmKq3PEO2Thmty24FAJ\nsm0cHranI+mfBuZefMZ+Mx9GaCYWmuL7KBiIX4gGM6WEeRie4sh2reXBJH23AAAA\ngQDmc6any4U7+s/aYQlHr0Y2y9v/bnXGC/SOYTYwxO6+XsxtmqE5ud2w1rYjirfx\ntTvuShQaOIpJtrgMP5EO8uZV25CTsUbmEwkeeZLM/874miFfoSyODQOMb3EZljpO\nNbVLAKSjEfjOwEmWy1myJUe41Oipw5VIUwIjvgH+Pu/rrQAAAIEA2bA/McO724dZ\n+MseMMYJWM9VPnnfe8aeNeH/jwVk0YLcNZnbVTNGsMAYXt9W55rpLgjuYigdhfJa\ntBFHRThLulQMQsbldtxOvZvD2P/7qN6d/zFCNehtGWkoIJPjo9G0OfIWbf3sf0qM\ns3qQ+RpzVgvmmj7gAcPk4uaXsc3ObqkAAAAAAQID\n-----END OPENSSH PRIVATE KEY-----\n",
            "private_key_pem": "-----BEGIN RSA PRIVATE KEY-----\nMIIEoQIBAAKCAQEAw/awqhE5QK/pBvb479kaByB2kS+5WXKb5WcKIN3Lm36tSAFk\nzEMq2tbpylgWSek7nF+RGXsLuoz4dTsE9ooM2x1Q6IOngo0O/SwD42O4tY71LsTa\nt1Yu2D9nxrtbkuNkwGhwzF/0migxv6nAdsDTWD2IELz/Dq2JmpjmD/IeHR+TmC3r\nrdb51jbwuiN8LDF2LVqDPBCbvjsi/++C7vbdmMAV82P3RFmhmgp9XWoCdpD6LJIN\nq16zDM1c0xSSxO0V8RS00JFKsxshTkmJCqXtMr+2rhH5+3RsYZUFxYe6xKPDf7ao\nCpxdRpOto7MDeD0O4AZsZEQqANzvmlJI0dzrNQIDAQABAoH/Q6usrr8mWeZlPmnZ\nqqsN9F48k43YqehlCvV7XZk59nN0lIGX78pCEQtDptxYESQcAHydhiBLShuVdfnc\ny6ivR9Pml8cGW1izYyZLCg7DPypLKC8Xa/NSCLO1MUkB22Pv/4GbStDYBHe/U8Qe\no6iGjjwT2T25h440mPg9tTodDoSlmVXT2E+4yc2p9dkWIIKdDfmyhdony8gFFn+Z\ncpJoPv4QEyF9ku639hcxoJMQiiVJXnpOD5eYboRMfdQyeyjQgFKG+pMa/ly6I2tt\n8iWDhe3dVWyzXaVIvayExZeV0yUTuZHZKew+eOetvGFQZIHic/+TPDNgn3kpdHYo\nI+n5AoGBAOZzpqfLhTv6z9phCUevRjbL2/9udcYL9I5hNjDE7r5ezG2aoTm53bDW\ntiOKt/G1O+5KFBo4ikm2uAw/kQ7y5lXbkJOxRuYTCR55ksz/zviaIV+hLI4NA4xv\ncRmWOk41tUsApKMR+M7ASZbLWbIlR7jU6KnDlUhTAiO+Af4+7+utAoGBANmwPzHD\nu9uHWfjLHjDGCVjPVT5533vGnjXh/48FZNGC3DWZ21UzRrDAGF7fVuea6S4I7mIo\nHYXyWrQRR0U4S7pUDELG5XbcTr2bw9j/+6jenf8xQjXobRlpKCCT46PRtDnyFm39\n7H9KjLN6kPkac1YL5po+4AHD5OLml7HNzm6pAoGARUTP/DG1i5DZN0fhlTV/AmuG\nZiHarrvbN4zK0B/xrzEpe2x2N7bBhy0StF426iVSrU6A+lyyXHPaoHve60Jhr77+\nlxY7PF7OZ+WdFZdyq9EQZQE6Njx9K5I3ybwZLHcCVlgMJKP7SJINzJC1FlIUW99L\nS/PpBENHKl0rljNuxEUCgYBU7wEZB4dqNbsS6R0UZpALCIn34FEj1/CukUjGopId\ndHM6rpb2/RSdrbVUfstHfhdwkKeBwKkUM+TT0NH/3eEeB+DoxPWOlJJcREP7jJTB\n5Gm8wZlVsyOuAGtZmpn8trscyKmbrLDzUUDoXe/mYT2S2v3UPKflyGqrZNDW3Leo\nUQKBgQCPFgcYa2zXRNYcXdvRQTgN8oTna4OlukBCvN4c/xnlzWOWCWbSSZ4P76od\nG0DphMUc+PF1Kvt72aV5iTW7iCsIexKLjVXZiqtzxDtk4ZrctuBQCbJtHB62pyPp\nnwbmXnzGfjMfRmgmFpri+ygYiF+IBjOlhHkYnuLIdq3lwSR9tw==\n-----END RSA PRIVATE KEY-----\n",
            "private_key_pem_pkcs8": "-----BEGIN PRIVATE KEY-----\nMIIEuwIBADANBgkqhkiG9w0BAQEFAASCBKUwggShAgEAAoIBAQDD9rCqETlAr+kG\n9vjv2RoHIHaRL7lZcpvlZwog3cubfq1IAWTMQyra1unKWBZJ6TucX5EZewu6jPh1\nOwT2igzbHVDog6eCjQ79LAPjY7i1jvUuxNq3Vi7YP2fGu1uS42TAaHDMX/SaKDG/\nqcB2wNNYPYgQvP8OrYmamOYP8h4dH5OYLeut1vnWNvC6I3wsMXYtWoM8EJu+OyL/\n74Lu9t2YwBXzY/dEWaGaCn1dagJ2kPoskg2rXrMMzVzTFJLE7RXxFLTQkUqzGyFO\nSYkKpe0yv7auEfn7dGxhlQXFh7rEo8N/tqgKnF1Gk62jswN4PQ7gBmxkRCoA3O+a\nUkjR3Os1AgMBAAECgf9Dq6yuvyZZ5mU+admqqw30XjyTjdip6GUK9XtdmTn2c3SU\ngZfvykIRC0Om3FgRJBwAfJ2GIEtKG5V1+dzLqK9H0+aXxwZbWLNjJksKDsM/Kkso\nLxdr81IIs7UxSQHbY+//gZtK0NgEd79TxB6jqIaOPBPZPbmHjjSY+D21Oh0OhKWZ\nVdPYT7jJzan12RYggp0N+bKF2ifLyAUWf5lykmg+/hATIX2S7rf2FzGgkxCKJUle\nek4Pl5huhEx91DJ7KNCAUob6kxr+XLoja23yJYOF7d1VbLNdpUi9rITFl5XTJRO5\nkdkp7D545628YVBkgeJz/5M8M2CfeSl0digj6fkCgYEA5nOmp8uFO/rP2mEJR69G\nNsvb/251xgv0jmE2MMTuvl7MbZqhObndsNa2I4q38bU77koUGjiKSba4DD+RDvLm\nVduQk7FG5hMJHnmSzP/O+JohX6Esjg0DjG9xGZY6TjW1SwCkoxH4zsBJlstZsiVH\nuNToqcOVSFMCI74B/j7v660CgYEA2bA/McO724dZ+MseMMYJWM9VPnnfe8aeNeH/\njwVk0YLcNZnbVTNGsMAYXt9W55rpLgjuYigdhfJatBFHRThLulQMQsbldtxOvZvD\n2P/7qN6d/zFCNehtGWkoIJPjo9G0OfIWbf3sf0qMs3qQ+RpzVgvmmj7gAcPk4uaX\nsc3ObqkCgYBFRM/8MbWLkNk3R+GVNX8Ca4ZmIdquu9s3jMrQH/GvMSl7bHY3tsGH\nLRK0XjbqJVKtToD6XLJcc9qge97rQmGvvv6XFjs8Xs5n5Z0Vl3Kr0RBlATo2PH0r\nkjfJvBksdwJWWAwko/tIkg3MkLUWUhRb30tL8+kEQ0cqXSuWM27ERQKBgFTvARkH\nh2o1uxLpHRRmkAsIiffgUSPX8K6RSMaikh10czqulvb9FJ2ttVR+y0d+F3CQp4HA\nqRQz5NPQ0f/d4R4H4OjE9Y6UklxEQ/uMlMHkabzBmVWzI64Aa1mamfy2uxzIqZus\nsPNRQOhd7+ZhPZLa/dQ8p+XIaqtk0Nbct6hRAoGBAI8WBxhrbNdE1hxd29FBOA3y\nhOdrg6W6QEK83hz/GeXNY5YJZtJJng/vqh0bQOmExRz48XUq+3vZpXmJNbuIKwh7\nEouNVdmKq3PEO2Thmty24FAJsm0cHranI+mfBuZefMZ+Mx9GaCYWmuL7KBiIX4gG\nM6WEeRie4sh2reXBJH23\n-----END PRIVATE KEY-----\n",
            "public_key_fingerprint_md5": "e4:f3:82:df:e5:31:b3:b9:fe:f6:1e:e5:9a:40:b4:02",
            "public_key_fingerprint_sha256": "SHA256:8xPIs6qQhgzvjcEzOh7YKG+PURcreEdQ58BlC4g5rR8",
            "public_key_openssh": "ssh-rsa AAAAB3NzaC1yc2EAAAADAQABAAABAQDD9rCqETlAr+kG9vjv2RoHIHaRL7lZcpvlZwog3cubfq1IAWTMQyra1unKWBZJ6TucX5EZewu6jPh1OwT2igzbHVDog6eCjQ79LAPjY7i1jvUuxNq3Vi7YP2fGu1uS42TAaHDMX/SaKDG/qcB2wNNYPYgQvP8OrYmamOYP8h4dH5OYLeut1vnWNvC6I3wsMXYtWoM8EJu+OyL/74Lu9t2YwBXzY/dEWaGaCn1dagJ2kPoskg2rXrMMzVzTFJLE7RXxFLTQkUqzGyFOSYkKpe0yv7auEfn7dGxhlQXFh7rEo8N/tqgKnF1Gk62jswN4PQ7gBmxkRCoA3O+aUkjR3Os1\n",
            "public_key_pem": "-----BEGIN PUBLIC KEY-----\nMIIBIjANBgkqhkiG9w0BAQEFAAOCAQ8AMIIBCgKCAQEAw/awqhE5QK/pBvb479ka\nByB2kS+5WXKb5WcKIN3Lm36tSAFkzEMq2tbpylgWSek7nF+RGXsLuoz4dTsE9ooM\n2x1Q6IOngo0O/SwD42O4tY71LsTat1Yu2D9nxrtbkuNkwGhwzF/0migxv6nAdsDT\nWD2IELz/Dq2JmpjmD/IeHR+TmC3rrdb51jbwuiN8LDF2LVqDPBCbvjsi/++C7vbd\nmMAV82P3RFmhmgp9XWoCdpD6LJINq16zDM1c0xSSxO0V8RS00JFKsxshTkmJCqXt\nMr+2rhH5+3RsYZUFxYe6xKPDf7aoCpxdRpOto7MDeD0O4AZsZEQqANzvmlJI0dzr\nNQIDAQAB\n-----END PUBLIC KEY-----\n",
            "rsa_bits": 2048
          },
          "sensitive_attributes": [
            [
              {
                "type": "get_attr",
                "value": "private_key_openssh"
              }
            ],
            [
              {
                "type": "get_attr",
                "value": "private_key_pem"
              }
            ],
            [
              {
                "type": "get_attr",
                "value": "private_key_pem_pkcs8"
              }
            ]
          ],
          "identity_schema_version": 0
        }
      ]
    },
    {
      "mode": "managed",
      "type": "tls_self_signed_cert",
      "name": "crdb_ca_cert",
      "provider": "provider[\"registry.terraform.io/hashicorp/tls\"]",
      "instances": [
        {
          "schema_version": 0,
          "attributes": {
            "allowed_uses": [
              "any_extended",
              "cert_signing",
              "client_auth",
              "code_signing",
              "content_commitment",
              "crl_signing",
              "data_encipherment",
              "digital_signature",
              "email_protection",
              "key_agreement",
              "key_encipherment",
              "ocsp_signing",
              "server_auth"
            ],
            "cert_pem": "-----BEGIN CERTIFICATE-----\nMIIDaDCCAlCgAwIBAgIRAK8e1ckaVmJALLwAGHHS64cwDQYJKoZIhvcNAQELBQAw\nKzESMBAGA1UEChMJQ29ja3JvYWNoMRUwEwYDVQQDEwxDb2Nrcm9hY2ggQ0EwHhcN\nMjUxMDE0MjIxMzAyWhcNMzAxMjAyMjIxMzAyWjArMRIwEAYDVQQKEwlDb2Nrcm9h\nY2gxFTATBgNVBAMTDENvY2tyb2FjaCBDQTCCASIwDQYJKoZIhvcNAQEBBQADggEP\nADCCAQoCggEBAMP2sKoROUCv6Qb2+O/ZGgcgdpEvuVlym+VnCiDdy5t+rUgBZMxD\nKtrW6cpYFknpO5xfkRl7C7qM+HU7BPaKDNsdUOiDp4KNDv0sA+NjuLWO9S7E2rdW\nLtg/Z8a7W5LjZMBocMxf9JooMb+pwHbA01g9iBC8/w6tiZqY5g/yHh0fk5gt663W\n+dY28LojfCwxdi1agzwQm747Iv/vgu723ZjAFfNj90RZoZoKfV1qAnaQ+iySDate\nswzNXNMUksTtFfEUtNCRSrMbIU5JiQql7TK/tq4R+ft0bGGVBcWHusSjw3+2qAqc\nXUaTraOzA3g9DuAGbGREKgDc75pSSNHc6zUCAwEAAaOBhjCBgzAOBgNVHQ8BAf8E\nBAMCAf4wQQYDVR0lBDowOAYEVR0lAAYIKwYBBQUHAwIGCCsGAQUFBwMDBggrBgEF\nBQcDBAYIKwYBBQUHAwkGCCsGAQUFBwMBMA8GA1UdEwEB/wQFMAMBAf8wHQYDVR0O\nBBYEFN+U9GY8Mb+BJ5DdsBiy0GHqOD/4MA0GCSqGSIb3DQEBCwUAA4IBAQCdsyQM\nopewSkSPsGvpu5oggfBNnWZw5Mbt3MVrnr8R0p9rLBD67xbfLh2KFCS/k5c5PSSZ\nYoV1YGS4ZvHyesASSX+iQP1wWj2H2h41qJ1+ORZzH9XnnsjoYdIHFjvSLRiuAwB8\nJhdm3Q4lQyuw3iFYjXq6D65gzswOQwXh2xhDMwjP4cI8fOAAthEWLGxCs8EBd2iX\nMarQQpTK0lMLbMECUKzOKyxyhTBOMDRH1cbrF9Kz4TNtUl1272/pmEm9Yo2SspbZ\ns4bTG+Te4ssQDp8KZRwC5cv8Sn7tWHo9+3csHqtEOp6X5UaB2+Ke6qQsAxbA0O+q\n43RjZDhYRVjUrQ8D\n-----END CERTIFICATE-----\n",
            "dns_names": null,
            "early_renewal_hours": 0,
            "id": "232775004254373607611526530882585422727",
            "ip_addresses": null,
            "is_ca_certificate": true,
            "key_algorithm": "RSA",
            "private_key_pem": "-----BEGIN RSA PRIVATE KEY-----\nMIIEoQIBAAKCAQEAw/awqhE5QK/pBvb479kaByB2kS+5WXKb5WcKIN3Lm36tSAFk\nzEMq2tbpylgWSek7nF+RGXsLuoz4dTsE9ooM2x1Q6IOngo0O/SwD42O4tY71LsTa\nt1Yu2D9nxrtbkuNkwGhwzF/0migxv6nAdsDTWD2IELz/Dq2JmpjmD/IeHR+TmC3r\nrdb51jbwuiN8LDF2LVqDPBCbvjsi/++C7vbdmMAV82P3RFmhmgp9XWoCdpD6LJIN\nq16zDM1c0xSSxO0V8RS00JFKsxshTkmJCqXtMr+2rhH5+3RsYZUFxYe6xKPDf7ao\nCpxdRpOto7MDeD0O4AZsZEQqANzvmlJI0dzrNQIDAQABAoH/Q6usrr8mWeZlPmnZ\nqqsN9F48k43YqehlCvV7XZk59nN0lIGX78pCEQtDptxYESQcAHydhiBLShuVdfnc\ny6ivR9Pml8cGW1izYyZLCg7DPypLKC8Xa/NSCLO1MUkB22Pv/4GbStDYBHe/U8Qe\no6iGjjwT2T25h440mPg9tTodDoSlmVXT2E+4yc2p9dkWIIKdDfmyhdony8gFFn+Z\ncpJoPv4QEyF9ku639hcxoJMQiiVJXnpOD5eYboRMfdQyeyjQgFKG+pMa/ly6I2tt\n8iWDhe3dVWyzXaVIvayExZeV0yUTuZHZKew+eOetvGFQZIHic/+TPDNgn3kpdHYo\nI+n5AoGBAOZzpqfLhTv6z9phCUevRjbL2/9udcYL9I5hNjDE7r5ezG2aoTm53bDW\ntiOKt/G1O+5KFBo4ikm2uAw/kQ7y5lXbkJOxRuYTCR55ksz/zviaIV+hLI4NA4xv\ncRmWOk41tUsApKMR+M7ASZbLWbIlR7jU6KnDlUhTAiO+Af4+7+utAoGBANmwPzHD\nu9uHWfjLHjDGCVjPVT5533vGnjXh/48FZNGC3DWZ21UzRrDAGF7fVuea6S4I7mIo\nHYXyWrQRR0U4S7pUDELG5XbcTr2bw9j/+6jenf8xQjXobRlpKCCT46PRtDnyFm39\n7H9KjLN6kPkac1YL5po+4AHD5OLml7HNzm6pAoGARUTP/DG1i5DZN0fhlTV/AmuG\nZiHarrvbN4zK0B/xrzEpe2x2N7bBhy0StF426iVSrU6A+lyyXHPaoHve60Jhr77+\nlxY7PF7OZ+WdFZdyq9EQZQE6Njx9K5I3ybwZLHcCVlgMJKP7SJINzJC1FlIUW99L\nS/PpBENHKl0rljNuxEUCgYBU7wEZB4dqNbsS6R0UZpALCIn34FEj1/CukUjGopId\ndHM6rpb2/RSdrbVUfstHfhdwkKeBwKkUM+TT0NH/3eEeB+DoxPWOlJJcREP7jJTB\n5Gm8wZlVsyOuAGtZmpn8trscyKmbrLDzUUDoXe/mYT2S2v3UPKflyGqrZNDW3Leo\nUQKBgQCPFgcYa2zXRNYcXdvRQTgN8oTna4OlukBCvN4c/xnlzWOWCWbSSZ4P76od\nG0DphMUc+PF1Kvt72aV5iTW7iCsIexKLjVXZiqtzxDtk4ZrctuBQCbJtHB62pyPp\nnwbmXnzGfjMfRmgmFpri+ygYiF+IBjOlhHkYnuLIdq3lwSR9tw==\n-----END RSA PRIVATE KEY-----\n",
            "ready_for_renewal": false,
            "set_authority_key_id": false,
            "set_subject_key_id": false,
            "subject": [
              {
                "common_name": "Cockroach CA",
                "country": null,
                "email_address": null,
                "locality": null,
                "organization": "Cockroach",
                "organizational_unit": null,
                "postal_code": null,
                "province": null,
                "serial_number": null,
                "street_address": null
              }
            ],
            "uris": null,
            "validity_end_time": "2030-12-02T22:13:02.251406616Z",
            "validity_period_hours": 45000,
            "validity_start_time": "2025-10-14T22:13:02.251406616Z"
          },
          "sensitive_attributes": [
            [
              {
                "type": "get_attr",
                "value": "private_key_pem"
              }
            ]
          ],
          "identity_schema_version": 0,
          "dependencies": [
            "tls_private_key.crdb_ca_keys"
          ]
        }
      ]
    },
    {
      "module": "module.security-group-01",
      "mode": "managed",
      "type": "aws_security_group",
      "name": "this_name_prefix",
      "provider": "provider[\"registry.terraform.io/hashicorp/aws\"]",
      "instances": [
        {
          "index_key": 0,
          "schema_version": 1,
          "attributes": {
            "arn": "arn:aws:ec2:us-west-2:337380398238:security-group/sg-0b505b6ea76ac7c12",
            "description": "Allow desktop access (SSH, RDP, Database, HTTP) to EC2 instances",
            "egress": [],
            "id": "sg-0b505b6ea76ac7c12",
            "ingress": [],
            "name": "trs-v2----trs-v2-my-project-sg01-20251014221313605600000001",
            "name_prefix": "trs-v2----trs-v2-my-project-sg01-",
            "owner_id": "337380398238",
            "revoke_rules_on_delete": false,
            "tags": {
              "Name": "trs-v2----trs-v2-my-project-sg01",
              "owner": "trs-v2---",
              "project": "trs-v2-my-project"
            },
            "tags_all": {
              "Name": "trs-v2----trs-v2-my-project-sg01",
              "owner": "trs-v2---",
              "project": "trs-v2-my-project"
            },
            "timeouts": {
              "create": "10m",
              "delete": "15m"
            },
            "vpc_id": "vpc-055a393fc76985b42"
          },
          "sensitive_attributes": [],
          "identity_schema_version": 0,
          "private": "eyJlMmJmYjczMC1lY2FhLTExZTYtOGY4OC0zNDM2M2JjN2M0YzAiOnsiY3JlYXRlIjo2MDAwMDAwMDAwMDAsImRlbGV0ZSI6OTAwMDAwMDAwMDAwfSwic2NoZW1hX3ZlcnNpb24iOiIxIn0=",
          "dependencies": [
            "aws_vpc.main"
          ],
          "create_before_destroy": true
        }
      ]
    },
    {
      "module": "module.security-group-01",
      "mode": "managed",
      "type": "aws_security_group_rule",
      "name": "egress_rules",
      "provider": "provider[\"registry.terraform.io/hashicorp/aws\"]",
      "instances": [
        {
          "index_key": 0,
          "schema_version": 2,
          "attributes": {
            "cidr_blocks": [
              "0.0.0.0/0"
            ],
            "description": "All protocols",
            "from_port": -1,
            "id": "sgrule-1204354691",
            "ipv6_cidr_blocks": [
              "::/0"
            ],
            "prefix_list_ids": [],
            "protocol": "-1",
            "security_group_id": "sg-0b505b6ea76ac7c12",
            "security_group_rule_id": "",
            "self": false,
            "source_security_group_id": null,
            "timeouts": null,
            "to_port": -1,
            "type": "egress"
          },
          "sensitive_attributes": [],
          "identity_schema_version": 0,
          "private": "eyJlMmJmYjczMC1lY2FhLTExZTYtOGY4OC0zNDM2M2JjN2M0YzAiOnsiY3JlYXRlIjozMDAwMDAwMDAwMDB9LCJzY2hlbWFfdmVyc2lvbiI6IjIifQ==",
          "dependencies": [
            "aws_vpc.main",
            "module.security-group-01.aws_security_group.this",
            "module.security-group-01.aws_security_group.this_name_prefix"
          ]
        }
      ]
    },
    {
      "module": "module.security-group-01",
      "mode": "managed",
      "type": "aws_security_group_rule",
      "name": "ingress_with_cidr_blocks",
      "provider": "provider[\"registry.terraform.io/hashicorp/aws\"]",
      "instances": [
        {
          "index_key": 0,
          "schema_version": 2,
          "attributes": {
            "cidr_blocks": [
              "8.36.116.0/24",
              "8.39.144.0/24",
              "31.186.239.0/24",
              "163.116.128.0/17",
              "162.10.0.0/17",
              "163.116.141.21/32",
              "44.250.60.240/32"
            ],
            "description": "Allow cockroach database access from my-ip",
            "from_port": 26257,
            "id": "sgrule-3382334341",
            "ipv6_cidr_blocks": null,
            "prefix_list_ids": [],
            "protocol": "tcp",
            "security_group_id": "sg-0b505b6ea76ac7c12",
            "security_group_rule_id": "",
            "self": false,
            "source_security_group_id": null,
            "timeouts": null,
            "to_port": 26257,
            "type": "ingress"
          },
          "sensitive_attributes": [],
          "identity_schema_version": 0,
          "private": "eyJlMmJmYjczMC1lY2FhLTExZTYtOGY4OC0zNDM2M2JjN2M0YzAiOnsiY3JlYXRlIjozMDAwMDAwMDAwMDB9LCJzY2hlbWFfdmVyc2lvbiI6IjIifQ==",
          "dependencies": [
            "aws_vpc.main",
            "module.security-group-01.aws_security_group.this",
            "module.security-group-01.aws_security_group.this_name_prefix"
          ]
        },
        {
          "index_key": 1,
          "schema_version": 2,
          "attributes": {
            "cidr_blocks": [
              "8.36.116.0/24",
              "8.39.144.0/24",
              "31.186.239.0/24",
              "163.116.128.0/17",
              "162.10.0.0/17",
              "163.116.141.21/32",
              "44.250.60.240/32"
            ],
            "description": "Ingress Rule",
            "from_port": 22,
            "id": "sgrule-2730687032",
            "ipv6_cidr_blocks": null,
            "prefix_list_ids": [],
            "protocol": "tcp",
            "security_group_id": "sg-0b505b6ea76ac7c12",
            "security_group_rule_id": "",
            "self": false,
            "source_security_group_id": null,
            "timeouts": null,
            "to_port": 22,
            "type": "ingress"
          },
          "sensitive_attributes": [],
          "identity_schema_version": 0,
          "private": "eyJlMmJmYjczMC1lY2FhLTExZTYtOGY4OC0zNDM2M2JjN2M0YzAiOnsiY3JlYXRlIjozMDAwMDAwMDAwMDB9LCJzY2hlbWFfdmVyc2lvbiI6IjIifQ==",
          "dependencies": [
            "aws_vpc.main",
            "module.security-group-01.aws_security_group.this",
            "module.security-group-01.aws_security_group.this_name_prefix"
          ]
        },
        {
          "index_key": 2,
          "schema_version": 2,
          "attributes": {
            "cidr_blocks": [
              "8.36.116.0/24",
              "8.39.144.0/24",
              "31.186.239.0/24",
              "163.116.128.0/17",
              "162.10.0.0/17",
              "163.116.141.21/32",
              "44.250.60.240/32"
            ],
            "description": "Ingress Rule",
            "from_port": 8080,
            "id": "sgrule-3238920787",
            "ipv6_cidr_blocks": null,
            "prefix_list_ids": [],
            "protocol": "tcp",
            "security_group_id": "sg-0b505b6ea76ac7c12",
            "security_group_rule_id": "",
            "self": false,
            "source_security_group_id": null,
            "timeouts": null,
            "to_port": 8080,
            "type": "ingress"
          },
          "sensitive_attributes": [],
          "identity_schema_version": 0,
          "private": "eyJlMmJmYjczMC1lY2FhLTExZTYtOGY4OC0zNDM2M2JjN2M0YzAiOnsiY3JlYXRlIjozMDAwMDAwMDAwMDB9LCJzY2hlbWFfdmVyc2lvbiI6IjIifQ==",
          "dependencies": [
            "aws_vpc.main",
            "module.security-group-01.aws_security_group.this",
            "module.security-group-01.aws_security_group.this_name_prefix"
          ]
        },
        {
          "index_key": 3,
          "schema_version": 2,
          "attributes": {
            "cidr_blocks": [
              "8.36.116.0/24",
              "8.39.144.0/24",
              "31.186.239.0/24",
              "163.116.128.0/17",
              "162.10.0.0/17",
              "163.116.141.21/32",
              "44.250.60.240/32"
            ],
            "description": "Ingress Rule",
            "from_port": 3389,
            "id": "sgrule-957746948",
            "ipv6_cidr_blocks": null,
            "prefix_list_ids": [],
            "protocol": "tcp",
            "security_group_id": "sg-0b505b6ea76ac7c12",
            "security_group_rule_id": "",
            "self": false,
            "source_security_group_id": null,
            "timeouts": null,
            "to_port": 3389,
            "type": "ingress"
          },
          "sensitive_attributes": [],
          "identity_schema_version": 0,
          "private": "eyJlMmJmYjczMC1lY2FhLTExZTYtOGY4OC0zNDM2M2JjN2M0YzAiOnsiY3JlYXRlIjozMDAwMDAwMDAwMDB9LCJzY2hlbWFfdmVyc2lvbiI6IjIifQ==",
          "dependencies": [
            "aws_vpc.main",
            "module.security-group-01.aws_security_group.this",
            "module.security-group-01.aws_security_group.this_name_prefix"
          ]
        },
        {
          "index_key": 4,
          "schema_version": 2,
          "attributes": {
            "cidr_blocks": [
              "8.36.116.0/24",
              "8.39.144.0/24",
              "31.186.239.0/24",
              "163.116.128.0/17",
              "162.10.0.0/17",
              "163.116.141.21/32",
              "44.250.60.240/32"
            ],
            "description": "Ingress Rule",
            "from_port": 3389,
            "id": "sgrule-1191857089",
            "ipv6_cidr_blocks": null,
            "prefix_list_ids": [],
            "protocol": "udp",
            "security_group_id": "sg-0b505b6ea76ac7c12",
            "security_group_rule_id": "",
            "self": false,
            "source_security_group_id": null,
            "timeouts": null,
            "to_port": 3389,
            "type": "ingress"
          },
          "sensitive_attributes": [],
          "identity_schema_version": 0,
          "private": "eyJlMmJmYjczMC1lY2FhLTExZTYtOGY4OC0zNDM2M2JjN2M0YzAiOnsiY3JlYXRlIjozMDAwMDAwMDAwMDB9LCJzY2hlbWFfdmVyc2lvbiI6IjIifQ==",
          "dependencies": [
            "aws_vpc.main",
            "module.security-group-01.aws_security_group.this",
            "module.security-group-01.aws_security_group.this_name_prefix"
          ]
        }
      ]
    },
    {
      "module": "module.security-group-02",
      "mode": "managed",
      "type": "aws_security_group",
      "name": "this_name_prefix",
      "provider": "provider[\"registry.terraform.io/hashicorp/aws\"]",
      "instances": [
        {
          "index_key": 0,
          "schema_version": 1,
          "attributes": {
            "arn": "arn:aws:ec2:us-west-2:337380398238:security-group/sg-04cb9eb8b8fa38fe5",
            "description": "Allow Intra-node communication",
            "egress": [],
            "id": "sg-04cb9eb8b8fa38fe5",
            "ingress": [],
            "name": "trs-v2----trs-v2-my-project-sg02-20251014221313606100000002",
            "name_prefix": "trs-v2----trs-v2-my-project-sg02-",
            "owner_id": "337380398238",
            "revoke_rules_on_delete": false,
            "tags": {
              "Name": "trs-v2----trs-v2-my-project-sg02",
              "owner": "trs-v2---",
              "project": "trs-v2-my-project"
            },
            "tags_all": {
              "Name": "trs-v2----trs-v2-my-project-sg02",
              "owner": "trs-v2---",
              "project": "trs-v2-my-project"
            },
            "timeouts": {
              "create": "10m",
              "delete": "15m"
            },
            "vpc_id": "vpc-055a393fc76985b42"
          },
          "sensitive_attributes": [],
          "identity_schema_version": 0,
          "private": "eyJlMmJmYjczMC1lY2FhLTExZTYtOGY4OC0zNDM2M2JjN2M0YzAiOnsiY3JlYXRlIjo2MDAwMDAwMDAwMDAsImRlbGV0ZSI6OTAwMDAwMDAwMDAwfSwic2NoZW1hX3ZlcnNpb24iOiIxIn0=",
          "dependencies": [
            "aws_vpc.main"
          ],
          "create_before_destroy": true
        }
      ]
    },
    {
      "module": "module.security-group-02",
      "mode": "managed",
      "type": "aws_security_group_rule",
      "name": "egress_rules",
      "provider": "provider[\"registry.terraform.io/hashicorp/aws\"]",
      "instances": [
        {
          "index_key": 0,
          "schema_version": 2,
          "attributes": {
            "cidr_blocks": [
              "0.0.0.0/0"
            ],
            "description": "All protocols",
            "from_port": -1,
            "id": "sgrule-1288375645",
            "ipv6_cidr_blocks": [
              "::/0"
            ],
            "prefix_list_ids": [],
            "protocol": "-1",
            "security_group_id": "sg-04cb9eb8b8fa38fe5",
            "security_group_rule_id": "",
            "self": false,
            "source_security_group_id": null,
            "timeouts": null,
            "to_port": -1,
            "type": "egress"
          },
          "sensitive_attributes": [],
          "identity_schema_version": 0,
          "private": "eyJlMmJmYjczMC1lY2FhLTExZTYtOGY4OC0zNDM2M2JjN2M0YzAiOnsiY3JlYXRlIjozMDAwMDAwMDAwMDB9LCJzY2hlbWFfdmVyc2lvbiI6IjIifQ==",
          "dependencies": [
            "aws_vpc.main",
            "module.security-group-02.aws_security_group.this",
            "module.security-group-02.aws_security_group.this_name_prefix"
          ]
        }
      ]
    },
    {
      "module": "module.security-group-02",
      "mode": "managed",
      "type": "aws_security_group_rule",
      "name": "ingress_with_self",
      "provider": "provider[\"registry.terraform.io/hashicorp/aws\"]",
      "instances": [
        {
          "index_key": 0,
          "schema_version": 2,
          "attributes": {
            "cidr_blocks": null,
            "description": "Ingress Rule",
            "from_port": -1,
            "id": "sgrule-3218132676",
            "ipv6_cidr_blocks": null,
            "prefix_list_ids": [],
            "protocol": "-1",
            "security_group_id": "sg-04cb9eb8b8fa38fe5",
            "security_group_rule_id": "sgr-01337f4d5b505e5a2",
            "self": true,
            "source_security_group_id": null,
            "timeouts": null,
            "to_port": -1,
            "type": "ingress"
          },
          "sensitive_attributes": [],
          "identity_schema_version": 0,
          "private": "eyJlMmJmYjczMC1lY2FhLTExZTYtOGY4OC0zNDM2M2JjN2M0YzAiOnsiY3JlYXRlIjozMDAwMDAwMDAwMDB9LCJzY2hlbWFfdmVyc2lvbiI6IjIifQ==",
          "dependencies": [
            "aws_vpc.main",
            "module.security-group-02.aws_security_group.this",
            "module.security-group-02.aws_security_group.this_name_prefix"
          ]
        }
      ]
    }
  ],
  "check_results": [
    {
      "object_kind": "var",
      "config_addr": "var.crdb_wal_failover",
      "status": "pass",
      "objects": [
        {
          "object_addr": "var.crdb_wal_failover",
          "status": "pass"
        }
      ]
    },
    {
      "object_kind": "var",
      "config_addr": "var.include_ha_proxy",
      "status": "pass",
      "objects": [
        {
          "object_addr": "var.include_ha_proxy",
          "status": "pass"
        }
      ]
    },
    {
      "object_kind": "var",
      "config_addr": "var.install_haproxy_on_app",
      "status": "pass",
      "objects": [
        {
          "object_addr": "var.install_haproxy_on_app",
          "status": "pass"
        }
      ]
    },
    {
      "object_kind": "var",
      "config_addr": "var.crdb_enable_spot_instances",
      "status": "pass",
      "objects": [
        {
          "object_addr": "var.crdb_enable_spot_instances",
          "status": "pass"
        }
      ]
    },
    {
      "object_kind": "var",
      "config_addr": "var.crdb_root_volume_type",
      "status": "pass",
      "objects": [
        {
          "object_addr": "var.crdb_root_volume_type",
          "status": "pass"
        }
      ]
    },
    {
      "object_kind": "var",
      "config_addr": "var.install_system_location_data",
      "status": "pass",
      "objects": [
        {
          "object_addr": "var.install_system_location_data",
          "status": "pass"
        }
      ]
    },
    {
      "object_kind": "var",
      "config_addr": "var.crdb_arm_release",
      "status": "pass",
      "objects": [
        {
          "object_addr": "var.crdb_arm_release",
          "status": "pass"
        }
      ]
    },
    {
      "object_kind": "var",
      "config_addr": "var.include_app",
      "status": "pass",
      "objects": [
        {
          "object_addr": "var.include_app",
          "status": "pass"
        }
      ]
    },
    {
      "object_kind": "var",
      "config_addr": "var.systemd_restart_option",
      "status": "pass",
      "objects": [
        {
          "object_addr": "var.systemd_restart_option",
          "status": "pass"
        }
      ]
    },
    {
      "object_kind": "var",
      "config_addr": "var.crdb_nodes",
      "status": "pass",
      "objects": [
        {
          "object_addr": "var.crdb_nodes",
          "status": "pass"
        }
      ]
    },
    {
      "object_kind": "var",
      "config_addr": "var.create_admin_user",
      "status": "pass",
      "objects": [
        {
          "object_addr": "var.create_admin_user",
          "status": "pass"
        }
      ]
    },
    {
      "object_kind": "var",
      "config_addr": "var.install_enterprise_keys",
      "status": "pass",
      "objects": [
        {
          "object_addr": "var.install_enterprise_keys",
          "status": "pass"
        }
      ]
    },
    {
      "object_kind": "var",
      "config_addr": "var.create_ec2_instances",
      "status": "pass",
      "objects": [
        {
          "object_addr": "var.create_ec2_instances",
          "status": "pass"
        }
      ]
    },
    {
      "object_kind": "var",
      "config_addr": "var.crdb_store_volume_type",
      "status": "pass",
      "objects": [
        {
          "object_addr": "var.crdb_store_volume_type",
          "status": "pass"
        }
      ]
    },
    {
      "object_kind": "var",
      "config_addr": "var.include_demo",
      "status": "pass",
      "objects": [
        {
          "object_addr": "var.include_demo",
          "status": "pass"
        }
      ]
    },
    {
      "object_kind": "var",
      "config_addr": "var.create_db_ui_user",
      "status": "pass",
      "objects": [
        {
          "object_addr": "var.create_db_ui_user",
          "status": "pass"
        }
      ]
    },
    {
      "object_kind": "var",
      "config_addr": "var.run_init",
      "status": "pass",
      "objects": [
        {
          "object_addr": "var.run_init",
          "status": "pass"
        }
      ]
    }
  ]
}
