{
  "version": 4,
  "terraform_version": "1.13.0",
  "serial": 884,
  "lineage": "e7718dcb-4eea-e929-7b30-265ea10bcb0d",
  "outputs": {
    "app_node_public_ip": {
      "value": "52.10.44.0",
      "type": "string"
    },
    "availability_zone_list": {
      "value": [
        "us-west-2a",
        "us-west-2b",
        "us-west-2c"
      ],
      "type": [
        "list",
        "string"
      ]
    },
    "availability_zones": {
      "value": [
        "us-west-2a",
        "us-west-2b",
        "us-west-2c",
        "us-west-2d"
      ],
      "type": [
        "list",
        "string"
      ]
    },
    "join_string": {
      "value": "192.168.7.102,192.168.7.148,192.168.7.166",
      "type": "string"
    },
    "network_interfaces": {
      "value": [
        "192.168.7.102",
        "192.168.7.148",
        "192.168.7.166"
      ],
      "type": [
        "tuple",
        [
          "string",
          "string",
          "string"
        ]
      ]
    },
    "private_subnet_list": {
      "value": [
        "192.168.7.0/27",
        "192.168.7.32/27",
        "192.168.7.64/27"
      ],
      "type": [
        "list",
        "string"
      ]
    },
    "public_ips_by_az": {
      "value": {
        "us-west-2a": [
          "35.167.245.6"
        ],
        "us-west-2b": [
          "44.247.74.184"
        ],
        "us-west-2c": [
          "44.249.108.112"
        ]
      },
      "type": [
        "object",
        {
          "us-west-2a": [
            "tuple",
            [
              "string"
            ]
          ],
          "us-west-2b": [
            "tuple",
            [
              "string"
            ]
          ],
          "us-west-2c": [
            "tuple",
            [
              "string"
            ]
          ]
        }
      ]
    },
    "public_subnet_list": {
      "value": [
        "192.168.7.96/27",
        "192.168.7.128/27",
        "192.168.7.160/27"
      ],
      "type": [
        "list",
        "string"
      ]
    },
    "route_table_private_id": {
      "value": "rtb-0ad1612539045fddb",
      "type": "string"
    },
    "route_table_public_id": {
      "value": "rtb-0e4f5be851be53075",
      "type": "string"
    },
    "security_group_external_access_id": {
      "value": "sg-0fdefa904aec71c3c",
      "type": "string"
    },
    "security_group_intra_node_id": {
      "value": "sg-0226444bf58120777",
      "type": "string"
    },
    "subnets": {
      "value": [
        "192.168.7.0/27",
        "192.168.7.32/27",
        "192.168.7.64/27",
        "192.168.7.96/27",
        "192.168.7.128/27",
        "192.168.7.160/27"
      ],
      "type": [
        "list",
        "string"
      ]
    },
    "vpc_id": {
      "value": "vpc-0e999b074e0a7cb63",
      "type": "string"
    }
  },
  "resources": [
    {
      "mode": "data",
      "type": "aws_ami",
      "name": "amazon_linux_2023_arm",
      "provider": "provider[\"registry.terraform.io/hashicorp/aws\"]",
      "instances": [
        {
          "schema_version": 0,
          "attributes": {
            "architecture": "arm64",
            "arn": "arn:aws:ec2:us-west-2::image/ami-07e5bcfcb9a83b37c",
            "block_device_mappings": [
              {
                "device_name": "/dev/xvda",
                "ebs": {
                  "delete_on_termination": "true",
                  "encrypted": "false",
                  "iops": "3000",
                  "snapshot_id": "snap-0ee1d51759c2920bb",
                  "throughput": "125",
                  "volume_size": "8",
                  "volume_type": "gp3"
                },
                "no_device": "",
                "virtual_name": ""
              }
            ],
            "boot_mode": "uefi",
            "creation_date": "2025-10-09T16:38:14.000Z",
            "deprecation_time": "2026-01-07T16:38:00.000Z",
            "description": "Amazon Linux 2023 AMI 2023.9.20251014.0 arm64 HVM kernel-6.12",
            "ena_support": true,
            "executable_users": null,
            "filter": [
              {
                "name": "architecture",
                "values": [
                  "arm64"
                ]
              },
              {
                "name": "name",
                "values": [
                  "al2023-ami-2023*"
                ]
              },
              {
                "name": "virtualization-type",
                "values": [
                  "hvm"
                ]
              }
            ],
            "hypervisor": "xen",
            "id": "ami-07e5bcfcb9a83b37c",
            "image_id": "ami-07e5bcfcb9a83b37c",
            "image_location": "amazon/al2023-ami-2023.9.20251014.0-kernel-6.12-arm64",
            "image_owner_alias": "amazon",
            "image_type": "machine",
            "imds_support": "v2.0",
            "include_deprecated": false,
            "kernel_id": "",
            "most_recent": true,
            "name": "al2023-ami-2023.9.20251014.0-kernel-6.12-arm64",
            "name_regex": null,
            "owner_id": "137112412989",
            "owners": [
              "amazon"
            ],
            "platform": "",
            "platform_details": "Linux/UNIX",
            "product_codes": [],
            "public": true,
            "ramdisk_id": "",
            "root_device_name": "/dev/xvda",
            "root_device_type": "ebs",
            "root_snapshot_id": "snap-0ee1d51759c2920bb",
            "sriov_net_support": "simple",
            "state": "available",
            "state_reason": {
              "code": "UNSET",
              "message": "UNSET"
            },
            "tags": {},
            "timeouts": null,
            "tpm_support": "",
            "usage_operation": "RunInstances",
            "virtualization_type": "hvm"
          },
          "sensitive_attributes": [],
          "identity_schema_version": 0
        }
      ]
    },
    {
      "mode": "data",
      "type": "aws_ami",
      "name": "amazon_linux_2023_x64",
      "provider": "provider[\"registry.terraform.io/hashicorp/aws\"]",
      "instances": [
        {
          "schema_version": 0,
          "attributes": {
            "architecture": "x86_64",
            "arn": "arn:aws:ec2:us-west-2::image/ami-07929b704805ef1f1",
            "block_device_mappings": [
              {
                "device_name": "/dev/xvda",
                "ebs": {
                  "delete_on_termination": "true",
                  "encrypted": "false",
                  "iops": "3000",
                  "snapshot_id": "snap-01757a76bf74d508c",
                  "throughput": "125",
                  "volume_size": "8",
                  "volume_type": "gp3"
                },
                "no_device": "",
                "virtual_name": ""
              }
            ],
            "boot_mode": "uefi-preferred",
            "creation_date": "2025-10-09T16:38:20.000Z",
            "deprecation_time": "2026-01-07T16:38:00.000Z",
            "description": "Amazon Linux 2023 AMI 2023.9.20251014.0 x86_64 HVM kernel-6.12",
            "ena_support": true,
            "executable_users": null,
            "filter": [
              {
                "name": "architecture",
                "values": [
                  "x86_64"
                ]
              },
              {
                "name": "name",
                "values": [
                  "al2023-ami-2023*"
                ]
              },
              {
                "name": "virtualization-type",
                "values": [
                  "hvm"
                ]
              }
            ],
            "hypervisor": "xen",
            "id": "ami-07929b704805ef1f1",
            "image_id": "ami-07929b704805ef1f1",
            "image_location": "amazon/al2023-ami-2023.9.20251014.0-kernel-6.12-x86_64",
            "image_owner_alias": "amazon",
            "image_type": "machine",
            "imds_support": "v2.0",
            "include_deprecated": false,
            "kernel_id": "",
            "most_recent": true,
            "name": "al2023-ami-2023.9.20251014.0-kernel-6.12-x86_64",
            "name_regex": null,
            "owner_id": "137112412989",
            "owners": [
              "amazon"
            ],
            "platform": "",
            "platform_details": "Linux/UNIX",
            "product_codes": [],
            "public": true,
            "ramdisk_id": "",
            "root_device_name": "/dev/xvda",
            "root_device_type": "ebs",
            "root_snapshot_id": "snap-01757a76bf74d508c",
            "sriov_net_support": "simple",
            "state": "available",
            "state_reason": {
              "code": "UNSET",
              "message": "UNSET"
            },
            "tags": {},
            "timeouts": null,
            "tpm_support": "",
            "usage_operation": "RunInstances",
            "virtualization_type": "hvm"
          },
          "sensitive_attributes": [],
          "identity_schema_version": 0
        }
      ]
    },
    {
      "mode": "data",
      "type": "aws_availability_zones",
      "name": "available",
      "provider": "provider[\"registry.terraform.io/hashicorp/aws\"]",
      "instances": [
        {
          "schema_version": 0,
          "attributes": {
            "all_availability_zones": null,
            "exclude_names": null,
            "exclude_zone_ids": null,
            "filter": null,
            "group_names": [
              "us-west-2-zg-1"
            ],
            "id": "us-west-2",
            "names": [
              "us-west-2a",
              "us-west-2b",
              "us-west-2c",
              "us-west-2d"
            ],
            "state": "available",
            "timeouts": null,
            "zone_ids": [
              "usw2-az1",
              "usw2-az2",
              "usw2-az3",
              "usw2-az4"
            ]
          },
          "sensitive_attributes": [],
          "identity_schema_version": 0
        }
      ]
    },
    {
      "mode": "managed",
      "type": "aws_instance",
      "name": "app",
      "provider": "provider[\"registry.terraform.io/hashicorp/aws\"]",
      "instances": [
        {
          "index_key": 0,
          "schema_version": 1,
          "attributes": {
            "ami": "ami-07929b704805ef1f1",
            "arn": "arn:aws:ec2:us-west-2:337380398238:instance/i-0a0228dc8259484e7",
            "associate_public_ip_address": true,
            "availability_zone": "us-west-2a",
            "capacity_reservation_specification": [
              {
                "capacity_reservation_preference": "open",
                "capacity_reservation_target": []
              }
            ],
            "cpu_core_count": 1,
            "cpu_threads_per_core": 2,
            "credit_specification": [
              {
                "cpu_credits": "unlimited"
              }
            ],
            "disable_api_stop": false,
            "disable_api_termination": false,
            "ebs_block_device": [],
            "ebs_optimized": false,
            "enclave_options": [
              {
                "enabled": false
              }
            ],
            "ephemeral_block_device": [],
            "get_password_data": false,
            "hibernation": false,
            "host_id": "",
            "host_resource_group_arn": null,
            "iam_instance_profile": "",
            "id": "i-0a0228dc8259484e7",
            "instance_initiated_shutdown_behavior": "stop",
            "instance_state": "running",
            "instance_type": "t3a.micro",
            "ipv6_address_count": 0,
            "ipv6_addresses": [],
            "key_name": "TRS-uswest2",
            "launch_template": [],
            "maintenance_options": [
              {
                "auto_recovery": "default"
              }
            ],
            "metadata_options": [
              {
                "http_endpoint": "enabled",
                "http_put_response_hop_limit": 2,
                "http_tokens": "required",
                "instance_metadata_tags": "disabled"
              }
            ],
            "monitoring": false,
            "network_interface": [],
            "outpost_arn": "",
            "password_data": "",
            "placement_group": "",
            "placement_partition_number": 0,
            "primary_network_interface_id": "eni-012f5a66be22edd8d",
            "private_dns": "ip-192-168-7-100.us-west-2.compute.internal",
            "private_dns_name_options": [
              {
                "enable_resource_name_dns_a_record": false,
                "enable_resource_name_dns_aaaa_record": false,
                "hostname_type": "ip-name"
              }
            ],
            "private_ip": "192.168.7.100",
            "public_dns": "ec2-52-10-44-0.us-west-2.compute.amazonaws.com",
            "public_ip": "52.10.44.0",
            "root_block_device": [
              {
                "delete_on_termination": true,
                "device_name": "/dev/xvda",
                "encrypted": true,
                "iops": 100,
                "kms_key_id": "arn:aws:kms:us-west-2:337380398238:key/111066ae-1a17-433c-b14f-be6c149a531e",
                "tags": null,
                "throughput": 0,
                "volume_id": "vol-0aa104af77cdd97a4",
                "volume_size": 8,
                "volume_type": "gp2"
              }
            ],
            "secondary_private_ips": [],
            "security_groups": [
              "sg-0226444bf58120777",
              "sg-0fdefa904aec71c3c"
            ],
            "source_dest_check": true,
            "subnet_id": "subnet-033f26ba2ea959cfe",
            "tags": {
              "Name": "trs-sr----crdb-app-0",
              "owner": "trs-sr---",
              "project": "trs-sr-demo---"
            },
            "tags_all": {
              "Name": "trs-sr----crdb-app-0",
              "owner": "trs-sr---",
              "project": "trs-sr-demo---"
            },
            "tenancy": "default",
            "timeouts": null,
            "user_data": "6bf93ef8e85d47999d00555a127ee433269d7343",
            "user_data_base64": null,
            "user_data_replace_on_change": true,
            "volume_tags": null,
            "vpc_security_group_ids": [
              "sg-0226444bf58120777",
              "sg-0fdefa904aec71c3c"
            ]
          },
          "sensitive_attributes": [
            [
              {
                "type": "get_attr",
                "value": "user_data"
              }
            ]
          ],
          "identity_schema_version": 0,
          "private": "eyJlMmJmYjczMC1lY2FhLTExZTYtOGY4OC0zNDM2M2JjN2M0YzAiOnsiY3JlYXRlIjo2MDAwMDAwMDAwMDAsImRlbGV0ZSI6MTIwMDAwMDAwMDAwMCwidXBkYXRlIjo2MDAwMDAwMDAwMDB9LCJzY2hlbWFfdmVyc2lvbiI6IjEifQ==",
          "dependencies": [
            "aws_network_interface.crdb",
            "aws_network_interface.haproxy",
            "aws_subnet.public_subnets",
            "aws_vpc.main",
            "data.aws_ami.amazon_linux_2023_x64",
            "data.aws_availability_zones.available",
            "module.security-group-01.aws_security_group.this",
            "module.security-group-01.aws_security_group.this_name_prefix",
            "module.security-group-02.aws_security_group.this",
            "module.security-group-02.aws_security_group.this_name_prefix",
            "tls_cert_request.client_csr",
            "tls_locally_signed_cert.user_cert",
            "tls_private_key.client_keys",
            "tls_private_key.crdb_ca_keys",
            "tls_self_signed_cert.crdb_ca_cert"
          ]
        }
      ]
    },
    {
      "mode": "managed",
      "type": "aws_instance",
      "name": "crdb",
      "provider": "provider[\"registry.terraform.io/hashicorp/aws\"]",
      "instances": [
        {
          "index_key": 0,
          "schema_version": 1,
          "attributes": {
            "ami": "ami-07e5bcfcb9a83b37c",
            "arn": "arn:aws:ec2:us-west-2:337380398238:instance/i-07f0de6cec2853fe0",
            "associate_public_ip_address": true,
            "availability_zone": "us-west-2a",
            "capacity_reservation_specification": [
              {
                "capacity_reservation_preference": "open",
                "capacity_reservation_target": []
              }
            ],
            "cpu_core_count": 2,
            "cpu_threads_per_core": 1,
            "credit_specification": [
              {
                "cpu_credits": "unlimited"
              }
            ],
            "disable_api_stop": false,
            "disable_api_termination": false,
            "ebs_block_device": [
              {
                "delete_on_termination": true,
                "device_name": "/dev/sdf",
                "encrypted": true,
                "iops": 3000,
                "kms_key_id": "arn:aws:kms:us-west-2:337380398238:key/111066ae-1a17-433c-b14f-be6c149a531e",
                "snapshot_id": "",
                "tags": {
                  "Name": "crdb-data",
                  "Role": "wal",
                  "owner": "trs-sr---",
                  "project": "trs-sr-demo---"
                },
                "throughput": 125,
                "volume_id": "vol-075a841b6ca9860b2",
                "volume_size": 25,
                "volume_type": "gp3"
              },
              {
                "delete_on_termination": true,
                "device_name": "/dev/sdg",
                "encrypted": true,
                "iops": 3000,
                "kms_key_id": "arn:aws:kms:us-west-2:337380398238:key/111066ae-1a17-433c-b14f-be6c149a531e",
                "snapshot_id": "",
                "tags": {
                  "Name": "crdb-data",
                  "Role": "data",
                  "owner": "trs-sr---",
                  "project": "trs-sr-demo---"
                },
                "throughput": 125,
                "volume_id": "vol-0841f882c3447e899",
                "volume_size": 8,
                "volume_type": "gp3"
              }
            ],
            "ebs_optimized": false,
            "enclave_options": [
              {
                "enabled": false
              }
            ],
            "ephemeral_block_device": [],
            "get_password_data": false,
            "hibernation": false,
            "host_id": "",
            "host_resource_group_arn": null,
            "iam_instance_profile": "",
            "id": "i-07f0de6cec2853fe0",
            "instance_initiated_shutdown_behavior": "stop",
            "instance_state": "running",
            "instance_type": "t4g.medium",
            "ipv6_address_count": 0,
            "ipv6_addresses": [],
            "key_name": "TRS-uswest2",
            "launch_template": [],
            "maintenance_options": [
              {
                "auto_recovery": "default"
              }
            ],
            "metadata_options": [
              {
                "http_endpoint": "enabled",
                "http_put_response_hop_limit": 2,
                "http_tokens": "required",
                "instance_metadata_tags": "disabled"
              }
            ],
            "monitoring": false,
            "network_interface": [
              {
                "delete_on_termination": false,
                "device_index": 0,
                "network_card_index": 0,
                "network_interface_id": "eni-0492529a0af9a2e0a"
              }
            ],
            "outpost_arn": "",
            "password_data": "",
            "placement_group": "",
            "placement_partition_number": 0,
            "primary_network_interface_id": "eni-0492529a0af9a2e0a",
            "private_dns": "ip-192-168-7-102.us-west-2.compute.internal",
            "private_dns_name_options": [
              {
                "enable_resource_name_dns_a_record": false,
                "enable_resource_name_dns_aaaa_record": false,
                "hostname_type": "ip-name"
              }
            ],
            "private_ip": "192.168.7.102",
            "public_dns": "ec2-35-167-245-6.us-west-2.compute.amazonaws.com",
            "public_ip": "35.167.245.6",
            "root_block_device": [
              {
                "delete_on_termination": true,
                "device_name": "/dev/xvda",
                "encrypted": true,
                "iops": 100,
                "kms_key_id": "arn:aws:kms:us-west-2:337380398238:key/111066ae-1a17-433c-b14f-be6c149a531e",
                "tags": null,
                "throughput": 0,
                "volume_id": "vol-073e1bd7c59f3fbda",
                "volume_size": 8,
                "volume_type": "gp2"
              }
            ],
            "secondary_private_ips": [],
            "security_groups": [],
            "source_dest_check": true,
            "subnet_id": "subnet-033f26ba2ea959cfe",
            "tags": {
              "Name": "trs-sr----crdb-instance-0",
              "owner": "trs-sr---",
              "project": "trs-sr-demo---"
            },
            "tags_all": {
              "Name": "trs-sr----crdb-instance-0",
              "owner": "trs-sr---",
              "project": "trs-sr-demo---"
            },
            "tenancy": "default",
            "timeouts": null,
            "user_data": "546c1e1dbe0046d5028f08fef115da3118759864",
            "user_data_base64": null,
            "user_data_replace_on_change": true,
            "volume_tags": null,
            "vpc_security_group_ids": [
              "sg-0226444bf58120777",
              "sg-0fdefa904aec71c3c"
            ]
          },
          "sensitive_attributes": [
            [
              {
                "type": "get_attr",
                "value": "user_data"
              }
            ]
          ],
          "identity_schema_version": 0,
          "private": "eyJlMmJmYjczMC1lY2FhLTExZTYtOGY4OC0zNDM2M2JjN2M0YzAiOnsiY3JlYXRlIjo2MDAwMDAwMDAwMDAsImRlbGV0ZSI6MTIwMDAwMDAwMDAwMCwidXBkYXRlIjo2MDAwMDAwMDAwMDB9LCJzY2hlbWFfdmVyc2lvbiI6IjEifQ==",
          "dependencies": [
            "aws_instance.haproxy",
            "aws_network_interface.crdb",
            "aws_network_interface.haproxy",
            "aws_subnet.public_subnets",
            "aws_vpc.main",
            "data.aws_ami.amazon_linux_2023_arm",
            "data.aws_ami.amazon_linux_2023_x64",
            "data.aws_availability_zones.available",
            "module.security-group-01.aws_security_group.this",
            "module.security-group-01.aws_security_group.this_name_prefix",
            "module.security-group-02.aws_security_group.this",
            "module.security-group-02.aws_security_group.this_name_prefix",
            "tls_private_key.crdb_ca_keys",
            "tls_self_signed_cert.crdb_ca_cert"
          ]
        },
        {
          "index_key": 1,
          "schema_version": 1,
          "attributes": {
            "ami": "ami-07e5bcfcb9a83b37c",
            "arn": "arn:aws:ec2:us-west-2:337380398238:instance/i-06cb446972f3e60c4",
            "associate_public_ip_address": true,
            "availability_zone": "us-west-2b",
            "capacity_reservation_specification": [
              {
                "capacity_reservation_preference": "open",
                "capacity_reservation_target": []
              }
            ],
            "cpu_core_count": 2,
            "cpu_threads_per_core": 1,
            "credit_specification": [
              {
                "cpu_credits": "unlimited"
              }
            ],
            "disable_api_stop": false,
            "disable_api_termination": false,
            "ebs_block_device": [
              {
                "delete_on_termination": true,
                "device_name": "/dev/sdf",
                "encrypted": true,
                "iops": 3000,
                "kms_key_id": "arn:aws:kms:us-west-2:337380398238:key/111066ae-1a17-433c-b14f-be6c149a531e",
                "snapshot_id": "",
                "tags": {
                  "Name": "crdb-data",
                  "Role": "wal",
                  "owner": "trs-sr---",
                  "project": "trs-sr-demo---"
                },
                "throughput": 125,
                "volume_id": "vol-0c40e79f507801be5",
                "volume_size": 25,
                "volume_type": "gp3"
              },
              {
                "delete_on_termination": true,
                "device_name": "/dev/sdg",
                "encrypted": true,
                "iops": 3000,
                "kms_key_id": "arn:aws:kms:us-west-2:337380398238:key/111066ae-1a17-433c-b14f-be6c149a531e",
                "snapshot_id": "",
                "tags": {
                  "Name": "crdb-data",
                  "Role": "data",
                  "owner": "trs-sr---",
                  "project": "trs-sr-demo---"
                },
                "throughput": 125,
                "volume_id": "vol-0924ad9f03d74f836",
                "volume_size": 8,
                "volume_type": "gp3"
              }
            ],
            "ebs_optimized": false,
            "enclave_options": [
              {
                "enabled": false
              }
            ],
            "ephemeral_block_device": [],
            "get_password_data": false,
            "hibernation": false,
            "host_id": "",
            "host_resource_group_arn": null,
            "iam_instance_profile": "",
            "id": "i-06cb446972f3e60c4",
            "instance_initiated_shutdown_behavior": "stop",
            "instance_state": "running",
            "instance_type": "t4g.medium",
            "ipv6_address_count": 0,
            "ipv6_addresses": [],
            "key_name": "TRS-uswest2",
            "launch_template": [],
            "maintenance_options": [
              {
                "auto_recovery": "default"
              }
            ],
            "metadata_options": [
              {
                "http_endpoint": "enabled",
                "http_put_response_hop_limit": 2,
                "http_tokens": "required",
                "instance_metadata_tags": "disabled"
              }
            ],
            "monitoring": false,
            "network_interface": [
              {
                "delete_on_termination": false,
                "device_index": 0,
                "network_card_index": 0,
                "network_interface_id": "eni-0c11cf5c11686ccdc"
              }
            ],
            "outpost_arn": "",
            "password_data": "",
            "placement_group": "",
            "placement_partition_number": 0,
            "primary_network_interface_id": "eni-0c11cf5c11686ccdc",
            "private_dns": "ip-192-168-7-148.us-west-2.compute.internal",
            "private_dns_name_options": [
              {
                "enable_resource_name_dns_a_record": false,
                "enable_resource_name_dns_aaaa_record": false,
                "hostname_type": "ip-name"
              }
            ],
            "private_ip": "192.168.7.148",
            "public_dns": "ec2-44-247-74-184.us-west-2.compute.amazonaws.com",
            "public_ip": "44.247.74.184",
            "root_block_device": [
              {
                "delete_on_termination": true,
                "device_name": "/dev/xvda",
                "encrypted": true,
                "iops": 100,
                "kms_key_id": "arn:aws:kms:us-west-2:337380398238:key/111066ae-1a17-433c-b14f-be6c149a531e",
                "tags": null,
                "throughput": 0,
                "volume_id": "vol-0730e6593cf2b3384",
                "volume_size": 8,
                "volume_type": "gp2"
              }
            ],
            "secondary_private_ips": [],
            "security_groups": [],
            "source_dest_check": true,
            "subnet_id": "subnet-08b6e84cff15751d3",
            "tags": {
              "Name": "trs-sr----crdb-instance-1",
              "owner": "trs-sr---",
              "project": "trs-sr-demo---"
            },
            "tags_all": {
              "Name": "trs-sr----crdb-instance-1",
              "owner": "trs-sr---",
              "project": "trs-sr-demo---"
            },
            "tenancy": "default",
            "timeouts": null,
            "user_data": "2cce36b20b9d7bd0eb430a446873b461bb0781a5",
            "user_data_base64": null,
            "user_data_replace_on_change": true,
            "volume_tags": null,
            "vpc_security_group_ids": [
              "sg-0226444bf58120777",
              "sg-0fdefa904aec71c3c"
            ]
          },
          "sensitive_attributes": [
            [
              {
                "type": "get_attr",
                "value": "user_data"
              }
            ]
          ],
          "identity_schema_version": 0,
          "private": "eyJlMmJmYjczMC1lY2FhLTExZTYtOGY4OC0zNDM2M2JjN2M0YzAiOnsiY3JlYXRlIjo2MDAwMDAwMDAwMDAsImRlbGV0ZSI6MTIwMDAwMDAwMDAwMCwidXBkYXRlIjo2MDAwMDAwMDAwMDB9LCJzY2hlbWFfdmVyc2lvbiI6IjEifQ==",
          "dependencies": [
            "aws_instance.haproxy",
            "aws_network_interface.crdb",
            "aws_network_interface.haproxy",
            "aws_subnet.public_subnets",
            "aws_vpc.main",
            "data.aws_ami.amazon_linux_2023_arm",
            "data.aws_ami.amazon_linux_2023_x64",
            "data.aws_availability_zones.available",
            "module.security-group-01.aws_security_group.this",
            "module.security-group-01.aws_security_group.this_name_prefix",
            "module.security-group-02.aws_security_group.this",
            "module.security-group-02.aws_security_group.this_name_prefix",
            "tls_private_key.crdb_ca_keys",
            "tls_self_signed_cert.crdb_ca_cert"
          ]
        },
        {
          "index_key": 2,
          "schema_version": 1,
          "attributes": {
            "ami": "ami-07e5bcfcb9a83b37c",
            "arn": "arn:aws:ec2:us-west-2:337380398238:instance/i-0e6eda5d3fb601f9e",
            "associate_public_ip_address": true,
            "availability_zone": "us-west-2c",
            "capacity_reservation_specification": [
              {
                "capacity_reservation_preference": "open",
                "capacity_reservation_target": []
              }
            ],
            "cpu_core_count": 2,
            "cpu_threads_per_core": 1,
            "credit_specification": [
              {
                "cpu_credits": "unlimited"
              }
            ],
            "disable_api_stop": false,
            "disable_api_termination": false,
            "ebs_block_device": [
              {
                "delete_on_termination": true,
                "device_name": "/dev/sdf",
                "encrypted": true,
                "iops": 3000,
                "kms_key_id": "arn:aws:kms:us-west-2:337380398238:key/111066ae-1a17-433c-b14f-be6c149a531e",
                "snapshot_id": "",
                "tags": {
                  "Name": "crdb-data",
                  "Role": "wal",
                  "owner": "trs-sr---",
                  "project": "trs-sr-demo---"
                },
                "throughput": 125,
                "volume_id": "vol-0efc3997c6c696bfa",
                "volume_size": 25,
                "volume_type": "gp3"
              },
              {
                "delete_on_termination": true,
                "device_name": "/dev/sdg",
                "encrypted": true,
                "iops": 3000,
                "kms_key_id": "arn:aws:kms:us-west-2:337380398238:key/111066ae-1a17-433c-b14f-be6c149a531e",
                "snapshot_id": "",
                "tags": {
                  "Name": "crdb-data",
                  "Role": "data",
                  "owner": "trs-sr---",
                  "project": "trs-sr-demo---"
                },
                "throughput": 125,
                "volume_id": "vol-02b5af0f24537c49b",
                "volume_size": 8,
                "volume_type": "gp3"
              }
            ],
            "ebs_optimized": false,
            "enclave_options": [
              {
                "enabled": false
              }
            ],
            "ephemeral_block_device": [],
            "get_password_data": false,
            "hibernation": false,
            "host_id": "",
            "host_resource_group_arn": null,
            "iam_instance_profile": "",
            "id": "i-0e6eda5d3fb601f9e",
            "instance_initiated_shutdown_behavior": "stop",
            "instance_state": "running",
            "instance_type": "t4g.medium",
            "ipv6_address_count": 0,
            "ipv6_addresses": [],
            "key_name": "TRS-uswest2",
            "launch_template": [],
            "maintenance_options": [
              {
                "auto_recovery": "default"
              }
            ],
            "metadata_options": [
              {
                "http_endpoint": "enabled",
                "http_put_response_hop_limit": 2,
                "http_tokens": "required",
                "instance_metadata_tags": "disabled"
              }
            ],
            "monitoring": false,
            "network_interface": [
              {
                "delete_on_termination": false,
                "device_index": 0,
                "network_card_index": 0,
                "network_interface_id": "eni-0c6d4f8de7f810967"
              }
            ],
            "outpost_arn": "",
            "password_data": "",
            "placement_group": "",
            "placement_partition_number": 0,
            "primary_network_interface_id": "eni-0c6d4f8de7f810967",
            "private_dns": "ip-192-168-7-166.us-west-2.compute.internal",
            "private_dns_name_options": [
              {
                "enable_resource_name_dns_a_record": false,
                "enable_resource_name_dns_aaaa_record": false,
                "hostname_type": "ip-name"
              }
            ],
            "private_ip": "192.168.7.166",
            "public_dns": "ec2-44-249-108-112.us-west-2.compute.amazonaws.com",
            "public_ip": "44.249.108.112",
            "root_block_device": [
              {
                "delete_on_termination": true,
                "device_name": "/dev/xvda",
                "encrypted": true,
                "iops": 100,
                "kms_key_id": "arn:aws:kms:us-west-2:337380398238:key/111066ae-1a17-433c-b14f-be6c149a531e",
                "tags": null,
                "throughput": 0,
                "volume_id": "vol-078ec233895aed895",
                "volume_size": 8,
                "volume_type": "gp2"
              }
            ],
            "secondary_private_ips": [],
            "security_groups": [],
            "source_dest_check": true,
            "subnet_id": "subnet-05106299f3e6f0e87",
            "tags": {
              "Name": "trs-sr----crdb-instance-2",
              "owner": "trs-sr---",
              "project": "trs-sr-demo---"
            },
            "tags_all": {
              "Name": "trs-sr----crdb-instance-2",
              "owner": "trs-sr---",
              "project": "trs-sr-demo---"
            },
            "tenancy": "default",
            "timeouts": null,
            "user_data": "b78a32775f022b5a438e88ace34c78c162307788",
            "user_data_base64": null,
            "user_data_replace_on_change": true,
            "volume_tags": null,
            "vpc_security_group_ids": [
              "sg-0226444bf58120777",
              "sg-0fdefa904aec71c3c"
            ]
          },
          "sensitive_attributes": [
            [
              {
                "type": "get_attr",
                "value": "user_data"
              }
            ]
          ],
          "identity_schema_version": 0,
          "private": "eyJlMmJmYjczMC1lY2FhLTExZTYtOGY4OC0zNDM2M2JjN2M0YzAiOnsiY3JlYXRlIjo2MDAwMDAwMDAwMDAsImRlbGV0ZSI6MTIwMDAwMDAwMDAwMCwidXBkYXRlIjo2MDAwMDAwMDAwMDB9LCJzY2hlbWFfdmVyc2lvbiI6IjEifQ==",
          "dependencies": [
            "aws_instance.haproxy",
            "aws_network_interface.crdb",
            "aws_network_interface.haproxy",
            "aws_subnet.public_subnets",
            "aws_vpc.main",
            "data.aws_ami.amazon_linux_2023_arm",
            "data.aws_ami.amazon_linux_2023_x64",
            "data.aws_availability_zones.available",
            "module.security-group-01.aws_security_group.this",
            "module.security-group-01.aws_security_group.this_name_prefix",
            "module.security-group-02.aws_security_group.this",
            "module.security-group-02.aws_security_group.this_name_prefix",
            "tls_private_key.crdb_ca_keys",
            "tls_self_signed_cert.crdb_ca_cert"
          ]
        }
      ]
    },
    {
      "mode": "managed",
      "type": "aws_instance",
      "name": "haproxy",
      "provider": "provider[\"registry.terraform.io/hashicorp/aws\"]",
      "instances": [
        {
          "index_key": 0,
          "schema_version": 1,
          "attributes": {
            "ami": "ami-07929b704805ef1f1",
            "arn": "arn:aws:ec2:us-west-2:337380398238:instance/i-0d06c5300ddf1f624",
            "associate_public_ip_address": true,
            "availability_zone": "us-west-2a",
            "capacity_reservation_specification": [
              {
                "capacity_reservation_preference": "open",
                "capacity_reservation_target": []
              }
            ],
            "cpu_core_count": 1,
            "cpu_threads_per_core": 2,
            "credit_specification": [
              {
                "cpu_credits": "unlimited"
              }
            ],
            "disable_api_stop": false,
            "disable_api_termination": false,
            "ebs_block_device": [],
            "ebs_optimized": false,
            "enclave_options": [
              {
                "enabled": false
              }
            ],
            "ephemeral_block_device": [],
            "get_password_data": false,
            "hibernation": false,
            "host_id": "",
            "host_resource_group_arn": null,
            "iam_instance_profile": "",
            "id": "i-0d06c5300ddf1f624",
            "instance_initiated_shutdown_behavior": "stop",
            "instance_state": "running",
            "instance_type": "t3a.micro",
            "ipv6_address_count": 0,
            "ipv6_addresses": [],
            "key_name": "TRS-uswest2",
            "launch_template": [],
            "maintenance_options": [
              {
                "auto_recovery": "default"
              }
            ],
            "metadata_options": [
              {
                "http_endpoint": "enabled",
                "http_put_response_hop_limit": 2,
                "http_tokens": "required",
                "instance_metadata_tags": "disabled"
              }
            ],
            "monitoring": false,
            "network_interface": [
              {
                "delete_on_termination": false,
                "device_index": 0,
                "network_card_index": 0,
                "network_interface_id": "eni-048e267d3f629d7a9"
              }
            ],
            "outpost_arn": "",
            "password_data": "",
            "placement_group": "",
            "placement_partition_number": 0,
            "primary_network_interface_id": "eni-048e267d3f629d7a9",
            "private_dns": "ip-192-168-7-104.us-west-2.compute.internal",
            "private_dns_name_options": [
              {
                "enable_resource_name_dns_a_record": false,
                "enable_resource_name_dns_aaaa_record": false,
                "hostname_type": "ip-name"
              }
            ],
            "private_ip": "192.168.7.104",
            "public_dns": "ec2-35-86-112-202.us-west-2.compute.amazonaws.com",
            "public_ip": "35.86.112.202",
            "root_block_device": [
              {
                "delete_on_termination": true,
                "device_name": "/dev/xvda",
                "encrypted": true,
                "iops": 100,
                "kms_key_id": "arn:aws:kms:us-west-2:337380398238:key/111066ae-1a17-433c-b14f-be6c149a531e",
                "tags": null,
                "throughput": 0,
                "volume_id": "vol-076257dc9a2616b71",
                "volume_size": 8,
                "volume_type": "gp2"
              }
            ],
            "secondary_private_ips": [],
            "security_groups": [],
            "source_dest_check": true,
            "subnet_id": "subnet-033f26ba2ea959cfe",
            "tags": {
              "Name": "trs-sr----crdb-haproxy-0",
              "owner": "trs-sr---",
              "project": "trs-sr-demo---"
            },
            "tags_all": {
              "Name": "trs-sr----crdb-haproxy-0",
              "owner": "trs-sr---",
              "project": "trs-sr-demo---"
            },
            "tenancy": "default",
            "timeouts": null,
            "user_data": "6164e977ecbedfe7a9adce15295e53f43b0f14e4",
            "user_data_base64": null,
            "user_data_replace_on_change": true,
            "volume_tags": null,
            "vpc_security_group_ids": [
              "sg-0226444bf58120777",
              "sg-0fdefa904aec71c3c"
            ]
          },
          "sensitive_attributes": [],
          "identity_schema_version": 0,
          "private": "eyJlMmJmYjczMC1lY2FhLTExZTYtOGY4OC0zNDM2M2JjN2M0YzAiOnsiY3JlYXRlIjo2MDAwMDAwMDAwMDAsImRlbGV0ZSI6MTIwMDAwMDAwMDAwMCwidXBkYXRlIjo2MDAwMDAwMDAwMDB9LCJzY2hlbWFfdmVyc2lvbiI6IjEifQ==",
          "dependencies": [
            "aws_network_interface.crdb",
            "aws_network_interface.haproxy",
            "aws_subnet.public_subnets",
            "aws_vpc.main",
            "data.aws_ami.amazon_linux_2023_x64",
            "data.aws_availability_zones.available",
            "module.security-group-01.aws_security_group.this",
            "module.security-group-01.aws_security_group.this_name_prefix",
            "module.security-group-02.aws_security_group.this",
            "module.security-group-02.aws_security_group.this_name_prefix"
          ]
        }
      ]
    },
    {
      "mode": "managed",
      "type": "aws_internet_gateway",
      "name": "igw",
      "provider": "provider[\"registry.terraform.io/hashicorp/aws\"]",
      "instances": [
        {
          "schema_version": 0,
          "attributes": {
            "arn": "arn:aws:ec2:us-west-2:337380398238:internet-gateway/igw-05741d7c121306330",
            "id": "igw-05741d7c121306330",
            "owner_id": "337380398238",
            "tags": {
              "owner": "trs-sr---",
              "project": "trs-sr-demo---"
            },
            "tags_all": {
              "owner": "trs-sr---",
              "project": "trs-sr-demo---"
            },
            "timeouts": null,
            "vpc_id": "vpc-0e999b074e0a7cb63"
          },
          "sensitive_attributes": [],
          "identity_schema_version": 0,
          "private": "eyJlMmJmYjczMC1lY2FhLTExZTYtOGY4OC0zNDM2M2JjN2M0YzAiOnsiY3JlYXRlIjoxMjAwMDAwMDAwMDAwLCJkZWxldGUiOjEyMDAwMDAwMDAwMDAsInVwZGF0ZSI6MTIwMDAwMDAwMDAwMH19",
          "dependencies": [
            "aws_vpc.main"
          ]
        }
      ]
    },
    {
      "mode": "managed",
      "type": "aws_network_interface",
      "name": "crdb",
      "provider": "provider[\"registry.terraform.io/hashicorp/aws\"]",
      "instances": [
        {
          "index_key": 0,
          "schema_version": 0,
          "attributes": {
            "arn": "arn:aws:ec2:us-west-2:337380398238:network-interface/eni-0492529a0af9a2e0a",
            "attachment": [],
            "description": "",
            "id": "eni-0492529a0af9a2e0a",
            "interface_type": "interface",
            "ipv4_prefix_count": 0,
            "ipv4_prefixes": [],
            "ipv6_address_count": 0,
            "ipv6_address_list": [],
            "ipv6_address_list_enabled": false,
            "ipv6_addresses": [],
            "ipv6_prefix_count": 0,
            "ipv6_prefixes": [],
            "mac_address": "02:6a:56:19:3b:c1",
            "outpost_arn": "",
            "owner_id": "337380398238",
            "private_dns_name": "ip-192-168-7-102.us-west-2.compute.internal",
            "private_ip": "192.168.7.102",
            "private_ip_list": [
              "192.168.7.102"
            ],
            "private_ip_list_enabled": false,
            "private_ips": [
              "192.168.7.102"
            ],
            "private_ips_count": 0,
            "security_groups": [
              "sg-0226444bf58120777",
              "sg-0fdefa904aec71c3c"
            ],
            "source_dest_check": true,
            "subnet_id": "subnet-033f26ba2ea959cfe",
            "tags": {
              "owner": "trs-sr---",
              "project": "trs-sr-demo---"
            },
            "tags_all": {
              "owner": "trs-sr---",
              "project": "trs-sr-demo---"
            }
          },
          "sensitive_attributes": [],
          "identity_schema_version": 0,
          "private": "bnVsbA==",
          "dependencies": [
            "aws_subnet.public_subnets",
            "aws_vpc.main",
            "data.aws_availability_zones.available",
            "module.security-group-01.aws_security_group.this",
            "module.security-group-01.aws_security_group.this_name_prefix",
            "module.security-group-02.aws_security_group.this",
            "module.security-group-02.aws_security_group.this_name_prefix"
          ]
        },
        {
          "index_key": 1,
          "schema_version": 0,
          "attributes": {
            "arn": "arn:aws:ec2:us-west-2:337380398238:network-interface/eni-0c11cf5c11686ccdc",
            "attachment": [],
            "description": "",
            "id": "eni-0c11cf5c11686ccdc",
            "interface_type": "interface",
            "ipv4_prefix_count": 0,
            "ipv4_prefixes": [],
            "ipv6_address_count": 0,
            "ipv6_address_list": [],
            "ipv6_address_list_enabled": false,
            "ipv6_addresses": [],
            "ipv6_prefix_count": 0,
            "ipv6_prefixes": [],
            "mac_address": "06:1d:47:49:4d:25",
            "outpost_arn": "",
            "owner_id": "337380398238",
            "private_dns_name": "ip-192-168-7-148.us-west-2.compute.internal",
            "private_ip": "192.168.7.148",
            "private_ip_list": [
              "192.168.7.148"
            ],
            "private_ip_list_enabled": false,
            "private_ips": [
              "192.168.7.148"
            ],
            "private_ips_count": 0,
            "security_groups": [
              "sg-0226444bf58120777",
              "sg-0fdefa904aec71c3c"
            ],
            "source_dest_check": true,
            "subnet_id": "subnet-08b6e84cff15751d3",
            "tags": {
              "owner": "trs-sr---",
              "project": "trs-sr-demo---"
            },
            "tags_all": {
              "owner": "trs-sr---",
              "project": "trs-sr-demo---"
            }
          },
          "sensitive_attributes": [],
          "identity_schema_version": 0,
          "private": "bnVsbA==",
          "dependencies": [
            "aws_subnet.public_subnets",
            "aws_vpc.main",
            "data.aws_availability_zones.available",
            "module.security-group-01.aws_security_group.this",
            "module.security-group-01.aws_security_group.this_name_prefix",
            "module.security-group-02.aws_security_group.this",
            "module.security-group-02.aws_security_group.this_name_prefix"
          ]
        },
        {
          "index_key": 2,
          "schema_version": 0,
          "attributes": {
            "arn": "arn:aws:ec2:us-west-2:337380398238:network-interface/eni-0c6d4f8de7f810967",
            "attachment": [],
            "description": "",
            "id": "eni-0c6d4f8de7f810967",
            "interface_type": "interface",
            "ipv4_prefix_count": 0,
            "ipv4_prefixes": [],
            "ipv6_address_count": 0,
            "ipv6_address_list": [],
            "ipv6_address_list_enabled": false,
            "ipv6_addresses": [],
            "ipv6_prefix_count": 0,
            "ipv6_prefixes": [],
            "mac_address": "0a:71:94:07:a4:e7",
            "outpost_arn": "",
            "owner_id": "337380398238",
            "private_dns_name": "ip-192-168-7-166.us-west-2.compute.internal",
            "private_ip": "192.168.7.166",
            "private_ip_list": [
              "192.168.7.166"
            ],
            "private_ip_list_enabled": false,
            "private_ips": [
              "192.168.7.166"
            ],
            "private_ips_count": 0,
            "security_groups": [
              "sg-0226444bf58120777",
              "sg-0fdefa904aec71c3c"
            ],
            "source_dest_check": true,
            "subnet_id": "subnet-05106299f3e6f0e87",
            "tags": {
              "owner": "trs-sr---",
              "project": "trs-sr-demo---"
            },
            "tags_all": {
              "owner": "trs-sr---",
              "project": "trs-sr-demo---"
            }
          },
          "sensitive_attributes": [],
          "identity_schema_version": 0,
          "private": "bnVsbA==",
          "dependencies": [
            "aws_subnet.public_subnets",
            "aws_vpc.main",
            "data.aws_availability_zones.available",
            "module.security-group-01.aws_security_group.this",
            "module.security-group-01.aws_security_group.this_name_prefix",
            "module.security-group-02.aws_security_group.this",
            "module.security-group-02.aws_security_group.this_name_prefix"
          ]
        }
      ]
    },
    {
      "mode": "managed",
      "type": "aws_network_interface",
      "name": "haproxy",
      "provider": "provider[\"registry.terraform.io/hashicorp/aws\"]",
      "instances": [
        {
          "index_key": 0,
          "schema_version": 0,
          "attributes": {
            "arn": "arn:aws:ec2:us-west-2:337380398238:network-interface/eni-048e267d3f629d7a9",
            "attachment": [],
            "description": "",
            "id": "eni-048e267d3f629d7a9",
            "interface_type": "interface",
            "ipv4_prefix_count": 0,
            "ipv4_prefixes": [],
            "ipv6_address_count": 0,
            "ipv6_address_list": [],
            "ipv6_address_list_enabled": false,
            "ipv6_addresses": [],
            "ipv6_prefix_count": 0,
            "ipv6_prefixes": [],
            "mac_address": "02:e0:09:52:ad:61",
            "outpost_arn": "",
            "owner_id": "337380398238",
            "private_dns_name": "ip-192-168-7-104.us-west-2.compute.internal",
            "private_ip": "192.168.7.104",
            "private_ip_list": [
              "192.168.7.104"
            ],
            "private_ip_list_enabled": false,
            "private_ips": [
              "192.168.7.104"
            ],
            "private_ips_count": 0,
            "security_groups": [
              "sg-0226444bf58120777",
              "sg-0fdefa904aec71c3c"
            ],
            "source_dest_check": true,
            "subnet_id": "subnet-033f26ba2ea959cfe",
            "tags": {
              "owner": "trs-sr---",
              "project": "trs-sr-demo---"
            },
            "tags_all": {
              "owner": "trs-sr---",
              "project": "trs-sr-demo---"
            }
          },
          "sensitive_attributes": [],
          "identity_schema_version": 0,
          "private": "bnVsbA==",
          "dependencies": [
            "aws_subnet.public_subnets",
            "aws_vpc.main",
            "data.aws_availability_zones.available",
            "module.security-group-01.aws_security_group.this",
            "module.security-group-01.aws_security_group.this_name_prefix",
            "module.security-group-02.aws_security_group.this",
            "module.security-group-02.aws_security_group.this_name_prefix"
          ]
        }
      ]
    },
    {
      "mode": "managed",
      "type": "aws_route_table",
      "name": "private_route_table",
      "provider": "provider[\"registry.terraform.io/hashicorp/aws\"]",
      "instances": [
        {
          "schema_version": 0,
          "attributes": {
            "arn": "arn:aws:ec2:us-west-2:337380398238:route-table/rtb-0ad1612539045fddb",
            "id": "rtb-0ad1612539045fddb",
            "owner_id": "337380398238",
            "propagating_vgws": [],
            "route": [],
            "tags": {
              "Name": "trs-sr----trs-sr-demo----private-rt",
              "owner": "trs-sr---",
              "project": "trs-sr-demo---"
            },
            "tags_all": {
              "Name": "trs-sr----trs-sr-demo----private-rt",
              "owner": "trs-sr---",
              "project": "trs-sr-demo---"
            },
            "timeouts": null,
            "vpc_id": "vpc-0e999b074e0a7cb63"
          },
          "sensitive_attributes": [],
          "identity_schema_version": 0,
          "private": "eyJlMmJmYjczMC1lY2FhLTExZTYtOGY4OC0zNDM2M2JjN2M0YzAiOnsiY3JlYXRlIjozMDAwMDAwMDAwMDAsImRlbGV0ZSI6MzAwMDAwMDAwMDAwLCJ1cGRhdGUiOjEyMDAwMDAwMDAwMH19",
          "dependencies": [
            "aws_vpc.main"
          ]
        }
      ]
    },
    {
      "mode": "managed",
      "type": "aws_route_table",
      "name": "public_route_table",
      "provider": "provider[\"registry.terraform.io/hashicorp/aws\"]",
      "instances": [
        {
          "schema_version": 0,
          "attributes": {
            "arn": "arn:aws:ec2:us-west-2:337380398238:route-table/rtb-0e4f5be851be53075",
            "id": "rtb-0e4f5be851be53075",
            "owner_id": "337380398238",
            "propagating_vgws": [],
            "route": [
              {
                "carrier_gateway_id": "",
                "cidr_block": "0.0.0.0/0",
                "core_network_arn": "",
                "destination_prefix_list_id": "",
                "egress_only_gateway_id": "",
                "gateway_id": "igw-05741d7c121306330",
                "instance_id": "",
                "ipv6_cidr_block": "",
                "local_gateway_id": "",
                "nat_gateway_id": "",
                "network_interface_id": "",
                "transit_gateway_id": "",
                "vpc_endpoint_id": "",
                "vpc_peering_connection_id": ""
              }
            ],
            "tags": {
              "Name": "trs-sr----trs-sr-demo----public-rt",
              "owner": "trs-sr---",
              "project": "trs-sr-demo---"
            },
            "tags_all": {
              "Name": "trs-sr----trs-sr-demo----public-rt",
              "owner": "trs-sr---",
              "project": "trs-sr-demo---"
            },
            "timeouts": null,
            "vpc_id": "vpc-0e999b074e0a7cb63"
          },
          "sensitive_attributes": [],
          "identity_schema_version": 0,
          "private": "eyJlMmJmYjczMC1lY2FhLTExZTYtOGY4OC0zNDM2M2JjN2M0YzAiOnsiY3JlYXRlIjozMDAwMDAwMDAwMDAsImRlbGV0ZSI6MzAwMDAwMDAwMDAwLCJ1cGRhdGUiOjEyMDAwMDAwMDAwMH19",
          "dependencies": [
            "aws_internet_gateway.igw",
            "aws_vpc.main"
          ]
        }
      ]
    },
    {
      "mode": "managed",
      "type": "aws_route_table_association",
      "name": "private_route_table",
      "provider": "provider[\"registry.terraform.io/hashicorp/aws\"]",
      "instances": [
        {
          "index_key": 0,
          "schema_version": 0,
          "attributes": {
            "gateway_id": "",
            "id": "rtbassoc-0f1b7b8996403c5d0",
            "route_table_id": "rtb-0ad1612539045fddb",
            "subnet_id": "subnet-07357f521af91514c"
          },
          "sensitive_attributes": [],
          "identity_schema_version": 0,
          "private": "bnVsbA==",
          "dependencies": [
            "aws_route_table.private_route_table",
            "aws_subnet.private_subnets",
            "aws_vpc.main",
            "data.aws_availability_zones.available"
          ]
        },
        {
          "index_key": 1,
          "schema_version": 0,
          "attributes": {
            "gateway_id": "",
            "id": "rtbassoc-0017c926a0b76c2f1",
            "route_table_id": "rtb-0ad1612539045fddb",
            "subnet_id": "subnet-0dede748650c2d105"
          },
          "sensitive_attributes": [],
          "identity_schema_version": 0,
          "private": "bnVsbA==",
          "dependencies": [
            "aws_route_table.private_route_table",
            "aws_subnet.private_subnets",
            "aws_vpc.main",
            "data.aws_availability_zones.available"
          ]
        },
        {
          "index_key": 2,
          "schema_version": 0,
          "attributes": {
            "gateway_id": "",
            "id": "rtbassoc-0d340ce61d85a21a3",
            "route_table_id": "rtb-0ad1612539045fddb",
            "subnet_id": "subnet-031c278ba1708f48e"
          },
          "sensitive_attributes": [],
          "identity_schema_version": 0,
          "private": "bnVsbA==",
          "dependencies": [
            "aws_route_table.private_route_table",
            "aws_subnet.private_subnets",
            "aws_vpc.main",
            "data.aws_availability_zones.available"
          ]
        }
      ]
    },
    {
      "mode": "managed",
      "type": "aws_route_table_association",
      "name": "public_route_table",
      "provider": "provider[\"registry.terraform.io/hashicorp/aws\"]",
      "instances": [
        {
          "index_key": 0,
          "schema_version": 0,
          "attributes": {
            "gateway_id": "",
            "id": "rtbassoc-02ac2393a7c5061a5",
            "route_table_id": "rtb-0e4f5be851be53075",
            "subnet_id": "subnet-033f26ba2ea959cfe"
          },
          "sensitive_attributes": [],
          "identity_schema_version": 0,
          "private": "bnVsbA==",
          "dependencies": [
            "aws_internet_gateway.igw",
            "aws_route_table.public_route_table",
            "aws_subnet.public_subnets",
            "aws_vpc.main",
            "data.aws_availability_zones.available"
          ]
        },
        {
          "index_key": 1,
          "schema_version": 0,
          "attributes": {
            "gateway_id": "",
            "id": "rtbassoc-0c1187b836dcf898f",
            "route_table_id": "rtb-0e4f5be851be53075",
            "subnet_id": "subnet-08b6e84cff15751d3"
          },
          "sensitive_attributes": [],
          "identity_schema_version": 0,
          "private": "bnVsbA==",
          "dependencies": [
            "aws_internet_gateway.igw",
            "aws_route_table.public_route_table",
            "aws_subnet.public_subnets",
            "aws_vpc.main",
            "data.aws_availability_zones.available"
          ]
        },
        {
          "index_key": 2,
          "schema_version": 0,
          "attributes": {
            "gateway_id": "",
            "id": "rtbassoc-050337a91581e7757",
            "route_table_id": "rtb-0e4f5be851be53075",
            "subnet_id": "subnet-05106299f3e6f0e87"
          },
          "sensitive_attributes": [],
          "identity_schema_version": 0,
          "private": "bnVsbA==",
          "dependencies": [
            "aws_internet_gateway.igw",
            "aws_route_table.public_route_table",
            "aws_subnet.public_subnets",
            "aws_vpc.main",
            "data.aws_availability_zones.available"
          ]
        }
      ]
    },
    {
      "mode": "managed",
      "type": "aws_subnet",
      "name": "private_subnets",
      "provider": "provider[\"registry.terraform.io/hashicorp/aws\"]",
      "instances": [
        {
          "index_key": 0,
          "schema_version": 1,
          "attributes": {
            "arn": "arn:aws:ec2:us-west-2:337380398238:subnet/subnet-07357f521af91514c",
            "assign_ipv6_address_on_creation": false,
            "availability_zone": "us-west-2a",
            "availability_zone_id": "usw2-az1",
            "cidr_block": "192.168.7.0/27",
            "customer_owned_ipv4_pool": "",
            "enable_dns64": false,
            "enable_resource_name_dns_a_record_on_launch": false,
            "enable_resource_name_dns_aaaa_record_on_launch": false,
            "id": "subnet-07357f521af91514c",
            "ipv6_cidr_block": "",
            "ipv6_cidr_block_association_id": "",
            "ipv6_native": false,
            "map_customer_owned_ip_on_launch": false,
            "map_public_ip_on_launch": false,
            "outpost_arn": "",
            "owner_id": "337380398238",
            "private_dns_hostname_type_on_launch": "ip-name",
            "tags": {
              "Name": "trs-sr----trs-sr-demo----private-sn",
              "owner": "trs-sr---",
              "project": "trs-sr-demo---"
            },
            "tags_all": {
              "Name": "trs-sr----trs-sr-demo----private-sn",
              "owner": "trs-sr---",
              "project": "trs-sr-demo---"
            },
            "timeouts": null,
            "vpc_id": "vpc-0e999b074e0a7cb63"
          },
          "sensitive_attributes": [],
          "identity_schema_version": 0,
          "private": "eyJlMmJmYjczMC1lY2FhLTExZTYtOGY4OC0zNDM2M2JjN2M0YzAiOnsiY3JlYXRlIjo2MDAwMDAwMDAwMDAsImRlbGV0ZSI6MTIwMDAwMDAwMDAwMH0sInNjaGVtYV92ZXJzaW9uIjoiMSJ9",
          "dependencies": [
            "aws_vpc.main",
            "data.aws_availability_zones.available"
          ]
        },
        {
          "index_key": 1,
          "schema_version": 1,
          "attributes": {
            "arn": "arn:aws:ec2:us-west-2:337380398238:subnet/subnet-0dede748650c2d105",
            "assign_ipv6_address_on_creation": false,
            "availability_zone": "us-west-2b",
            "availability_zone_id": "usw2-az2",
            "cidr_block": "192.168.7.32/27",
            "customer_owned_ipv4_pool": "",
            "enable_dns64": false,
            "enable_resource_name_dns_a_record_on_launch": false,
            "enable_resource_name_dns_aaaa_record_on_launch": false,
            "id": "subnet-0dede748650c2d105",
            "ipv6_cidr_block": "",
            "ipv6_cidr_block_association_id": "",
            "ipv6_native": false,
            "map_customer_owned_ip_on_launch": false,
            "map_public_ip_on_launch": false,
            "outpost_arn": "",
            "owner_id": "337380398238",
            "private_dns_hostname_type_on_launch": "ip-name",
            "tags": {
              "Name": "trs-sr----trs-sr-demo----private-sn",
              "owner": "trs-sr---",
              "project": "trs-sr-demo---"
            },
            "tags_all": {
              "Name": "trs-sr----trs-sr-demo----private-sn",
              "owner": "trs-sr---",
              "project": "trs-sr-demo---"
            },
            "timeouts": null,
            "vpc_id": "vpc-0e999b074e0a7cb63"
          },
          "sensitive_attributes": [],
          "identity_schema_version": 0,
          "private": "eyJlMmJmYjczMC1lY2FhLTExZTYtOGY4OC0zNDM2M2JjN2M0YzAiOnsiY3JlYXRlIjo2MDAwMDAwMDAwMDAsImRlbGV0ZSI6MTIwMDAwMDAwMDAwMH0sInNjaGVtYV92ZXJzaW9uIjoiMSJ9",
          "dependencies": [
            "aws_vpc.main",
            "data.aws_availability_zones.available"
          ]
        },
        {
          "index_key": 2,
          "schema_version": 1,
          "attributes": {
            "arn": "arn:aws:ec2:us-west-2:337380398238:subnet/subnet-031c278ba1708f48e",
            "assign_ipv6_address_on_creation": false,
            "availability_zone": "us-west-2c",
            "availability_zone_id": "usw2-az3",
            "cidr_block": "192.168.7.64/27",
            "customer_owned_ipv4_pool": "",
            "enable_dns64": false,
            "enable_resource_name_dns_a_record_on_launch": false,
            "enable_resource_name_dns_aaaa_record_on_launch": false,
            "id": "subnet-031c278ba1708f48e",
            "ipv6_cidr_block": "",
            "ipv6_cidr_block_association_id": "",
            "ipv6_native": false,
            "map_customer_owned_ip_on_launch": false,
            "map_public_ip_on_launch": false,
            "outpost_arn": "",
            "owner_id": "337380398238",
            "private_dns_hostname_type_on_launch": "ip-name",
            "tags": {
              "Name": "trs-sr----trs-sr-demo----private-sn",
              "owner": "trs-sr---",
              "project": "trs-sr-demo---"
            },
            "tags_all": {
              "Name": "trs-sr----trs-sr-demo----private-sn",
              "owner": "trs-sr---",
              "project": "trs-sr-demo---"
            },
            "timeouts": null,
            "vpc_id": "vpc-0e999b074e0a7cb63"
          },
          "sensitive_attributes": [],
          "identity_schema_version": 0,
          "private": "eyJlMmJmYjczMC1lY2FhLTExZTYtOGY4OC0zNDM2M2JjN2M0YzAiOnsiY3JlYXRlIjo2MDAwMDAwMDAwMDAsImRlbGV0ZSI6MTIwMDAwMDAwMDAwMH0sInNjaGVtYV92ZXJzaW9uIjoiMSJ9",
          "dependencies": [
            "aws_vpc.main",
            "data.aws_availability_zones.available"
          ]
        }
      ]
    },
    {
      "mode": "managed",
      "type": "aws_subnet",
      "name": "public_subnets",
      "provider": "provider[\"registry.terraform.io/hashicorp/aws\"]",
      "instances": [
        {
          "index_key": 0,
          "schema_version": 1,
          "attributes": {
            "arn": "arn:aws:ec2:us-west-2:337380398238:subnet/subnet-033f26ba2ea959cfe",
            "assign_ipv6_address_on_creation": false,
            "availability_zone": "us-west-2a",
            "availability_zone_id": "usw2-az1",
            "cidr_block": "192.168.7.96/27",
            "customer_owned_ipv4_pool": "",
            "enable_dns64": false,
            "enable_resource_name_dns_a_record_on_launch": false,
            "enable_resource_name_dns_aaaa_record_on_launch": false,
            "id": "subnet-033f26ba2ea959cfe",
            "ipv6_cidr_block": "",
            "ipv6_cidr_block_association_id": "",
            "ipv6_native": false,
            "map_customer_owned_ip_on_launch": false,
            "map_public_ip_on_launch": true,
            "outpost_arn": "",
            "owner_id": "337380398238",
            "private_dns_hostname_type_on_launch": "ip-name",
            "tags": {
              "Name": "trs-sr----trs-sr-demo----public-sn",
              "owner": "trs-sr---",
              "project": "trs-sr-demo---"
            },
            "tags_all": {
              "Name": "trs-sr----trs-sr-demo----public-sn",
              "owner": "trs-sr---",
              "project": "trs-sr-demo---"
            },
            "timeouts": null,
            "vpc_id": "vpc-0e999b074e0a7cb63"
          },
          "sensitive_attributes": [],
          "identity_schema_version": 0,
          "private": "eyJlMmJmYjczMC1lY2FhLTExZTYtOGY4OC0zNDM2M2JjN2M0YzAiOnsiY3JlYXRlIjo2MDAwMDAwMDAwMDAsImRlbGV0ZSI6MTIwMDAwMDAwMDAwMH0sInNjaGVtYV92ZXJzaW9uIjoiMSJ9",
          "dependencies": [
            "aws_vpc.main",
            "data.aws_availability_zones.available"
          ]
        },
        {
          "index_key": 1,
          "schema_version": 1,
          "attributes": {
            "arn": "arn:aws:ec2:us-west-2:337380398238:subnet/subnet-08b6e84cff15751d3",
            "assign_ipv6_address_on_creation": false,
            "availability_zone": "us-west-2b",
            "availability_zone_id": "usw2-az2",
            "cidr_block": "192.168.7.128/27",
            "customer_owned_ipv4_pool": "",
            "enable_dns64": false,
            "enable_resource_name_dns_a_record_on_launch": false,
            "enable_resource_name_dns_aaaa_record_on_launch": false,
            "id": "subnet-08b6e84cff15751d3",
            "ipv6_cidr_block": "",
            "ipv6_cidr_block_association_id": "",
            "ipv6_native": false,
            "map_customer_owned_ip_on_launch": false,
            "map_public_ip_on_launch": true,
            "outpost_arn": "",
            "owner_id": "337380398238",
            "private_dns_hostname_type_on_launch": "ip-name",
            "tags": {
              "Name": "trs-sr----trs-sr-demo----public-sn",
              "owner": "trs-sr---",
              "project": "trs-sr-demo---"
            },
            "tags_all": {
              "Name": "trs-sr----trs-sr-demo----public-sn",
              "owner": "trs-sr---",
              "project": "trs-sr-demo---"
            },
            "timeouts": null,
            "vpc_id": "vpc-0e999b074e0a7cb63"
          },
          "sensitive_attributes": [],
          "identity_schema_version": 0,
          "private": "eyJlMmJmYjczMC1lY2FhLTExZTYtOGY4OC0zNDM2M2JjN2M0YzAiOnsiY3JlYXRlIjo2MDAwMDAwMDAwMDAsImRlbGV0ZSI6MTIwMDAwMDAwMDAwMH0sInNjaGVtYV92ZXJzaW9uIjoiMSJ9",
          "dependencies": [
            "aws_vpc.main",
            "data.aws_availability_zones.available"
          ]
        },
        {
          "index_key": 2,
          "schema_version": 1,
          "attributes": {
            "arn": "arn:aws:ec2:us-west-2:337380398238:subnet/subnet-05106299f3e6f0e87",
            "assign_ipv6_address_on_creation": false,
            "availability_zone": "us-west-2c",
            "availability_zone_id": "usw2-az3",
            "cidr_block": "192.168.7.160/27",
            "customer_owned_ipv4_pool": "",
            "enable_dns64": false,
            "enable_resource_name_dns_a_record_on_launch": false,
            "enable_resource_name_dns_aaaa_record_on_launch": false,
            "id": "subnet-05106299f3e6f0e87",
            "ipv6_cidr_block": "",
            "ipv6_cidr_block_association_id": "",
            "ipv6_native": false,
            "map_customer_owned_ip_on_launch": false,
            "map_public_ip_on_launch": true,
            "outpost_arn": "",
            "owner_id": "337380398238",
            "private_dns_hostname_type_on_launch": "ip-name",
            "tags": {
              "Name": "trs-sr----trs-sr-demo----public-sn",
              "owner": "trs-sr---",
              "project": "trs-sr-demo---"
            },
            "tags_all": {
              "Name": "trs-sr----trs-sr-demo----public-sn",
              "owner": "trs-sr---",
              "project": "trs-sr-demo---"
            },
            "timeouts": null,
            "vpc_id": "vpc-0e999b074e0a7cb63"
          },
          "sensitive_attributes": [],
          "identity_schema_version": 0,
          "private": "eyJlMmJmYjczMC1lY2FhLTExZTYtOGY4OC0zNDM2M2JjN2M0YzAiOnsiY3JlYXRlIjo2MDAwMDAwMDAwMDAsImRlbGV0ZSI6MTIwMDAwMDAwMDAwMH0sInNjaGVtYV92ZXJzaW9uIjoiMSJ9",
          "dependencies": [
            "aws_vpc.main",
            "data.aws_availability_zones.available"
          ]
        }
      ]
    },
    {
      "mode": "managed",
      "type": "aws_vpc",
      "name": "main",
      "provider": "provider[\"registry.terraform.io/hashicorp/aws\"]",
      "instances": [
        {
          "schema_version": 1,
          "attributes": {
            "arn": "arn:aws:ec2:us-west-2:337380398238:vpc/vpc-0e999b074e0a7cb63",
            "assign_generated_ipv6_cidr_block": false,
            "cidr_block": "192.168.7.0/24",
            "default_network_acl_id": "acl-061cd623e73f87ec5",
            "default_route_table_id": "rtb-0e68762c2d81c2819",
            "default_security_group_id": "sg-0933991dea56dc4ba",
            "dhcp_options_id": "dopt-086a6028658a8be44",
            "enable_classiclink": false,
            "enable_classiclink_dns_support": false,
            "enable_dns_hostnames": true,
            "enable_dns_support": true,
            "enable_network_address_usage_metrics": false,
            "id": "vpc-0e999b074e0a7cb63",
            "instance_tenancy": "default",
            "ipv4_ipam_pool_id": null,
            "ipv4_netmask_length": null,
            "ipv6_association_id": "",
            "ipv6_cidr_block": "",
            "ipv6_cidr_block_network_border_group": "",
            "ipv6_ipam_pool_id": "",
            "ipv6_netmask_length": 0,
            "main_route_table_id": "rtb-0e68762c2d81c2819",
            "owner_id": "337380398238",
            "tags": {
              "Name": "trs-sr----trs-sr-demo----vpc",
              "owner": "trs-sr---",
              "project": "trs-sr-demo---"
            },
            "tags_all": {
              "Name": "trs-sr----trs-sr-demo----vpc",
              "owner": "trs-sr---",
              "project": "trs-sr-demo---"
            }
          },
          "sensitive_attributes": [],
          "identity_schema_version": 0,
          "private": "eyJzY2hlbWFfdmVyc2lvbiI6IjEifQ==",
          "create_before_destroy": true
        }
      ]
    },
    {
      "mode": "managed",
      "type": "tls_cert_request",
      "name": "client_csr",
      "provider": "provider[\"registry.terraform.io/hashicorp/tls\"]",
      "instances": [
        {
          "schema_version": 0,
          "attributes": {
            "cert_request_pem": "-----BEGIN CERTIFICATE REQUEST-----\nMIICiTCCAXECAQAwIjESMBAGA1UEChMJQ29ja3JvYWNoMQwwCgYDVQQDEwN0aW0w\nggEiMA0GCSqGSIb3DQEBAQUAA4IBDwAwggEKAoIBAQCaEAwRxD3PyqwiyM1WzXFR\nuEoYQ8dfCEYibPPbBLVuMt/Moys4VnG2scq24vijdM3xYzjSfFrpz5IbuYw4lcjv\nsC2eyXdruzQ85WapqhABAnUYHj1S5tpcewiejk0e1w+TVmzftjq9iujFdJOP9PgT\nT/NO8wlihW5smkpQc857lYbAXhpdDwx/KHsO3fcn8SU+SEIHc4qKxT/QjxIcpETs\n7Ocfz8cCx1+EDqH1Kwh/Zoosj4i3ZktW2KFdbobGtv2OLLeDQBJerT0DyQBhQHXt\nxpZ54hSvASjtZ6kZ+sdGhF2ITv1AyZOzQyrgmAjOmc1TQFhwS42OkaUrSkxtFHCf\nAgMBAAGgIjAgBgkqhkiG9w0BCQ4xEzARMA8GA1UdEQQIMAaCBHJvb3QwDQYJKoZI\nhvcNAQELBQADggEBAF4mJNANZ9VVaquPEKR8wz/fdFLj0Oiquw+OB4M7Rjfe5eGH\neyo9vnoC+1LFhKT0kCQDYIM3k0CPZueSyrJeckzYLJuwZ6ESddxZb5m3SFy87yq8\n5p0zntgXDMHx7Uxclf2OEByhKjw6kZAbc+FZoXzCQxzBu59FX35/2h99BwUITtyF\nAn2Fhzg5E1nwtYYtiie548DkZW4shliEsfdcXXqsVLVXl0tVJnYJqRKekmgX7INN\nUoXduUVX06TFsCnAA+OuBKOQPcrmf+V2RGMVgwZyGimWd38z+PW0e+Lew3UJ04ei\n1UZ67KTFJwBfqJOmmF7XJ9hGVg3LX4othIF5aUk=\n-----END CERTIFICATE REQUEST-----\n",
            "dns_names": [
              "root"
            ],
            "id": "2381f098c3f99802c2f945f4c29aeeece6154618",
            "ip_addresses": null,
            "key_algorithm": "RSA",
            "private_key_pem": "-----BEGIN RSA PRIVATE KEY-----\nMIIEowIBAAKCAQEAmhAMEcQ9z8qsIsjNVs1xUbhKGEPHXwhGImzz2wS1bjLfzKMr\nOFZxtrHKtuL4o3TN8WM40nxa6c+SG7mMOJXI77Atnsl3a7s0POVmqaoQAQJ1GB49\nUubaXHsIno5NHtcPk1Zs37Y6vYroxXSTj/T4E0/zTvMJYoVubJpKUHPOe5WGwF4a\nXQ8Mfyh7Dt33J/ElPkhCB3OKisU/0I8SHKRE7OznH8/HAsdfhA6h9SsIf2aKLI+I\nt2ZLVtihXW6Gxrb9jiy3g0ASXq09A8kAYUB17caWeeIUrwEo7WepGfrHRoRdiE79\nQMmTs0Mq4JgIzpnNU0BYcEuNjpGlK0pMbRRwnwIDAQABAoIBAEjbOuHyBGsuRL5E\naLrad/L17HBSKUgbQROJo76ZGPWusGB1b3x6gNcteBiJ+JxQIg475oS/0zyL8WQU\nGKgvyXD0R3a2frefNaJwt96Xcm8PyvEnZ8e7LVubwWU+FWF2wcJjFiSraFb3iIHM\nUfY7mk+DuSPGUlNZl3Fbe7ZVNboCLeIs4+qKvhCjf1VVtjHy1J1Vk5aR7oZ/dorX\nmy3tSg2kiqPYVS1SuOxBiAfIlsLZOivbqEjslHyZ0rVnhq8QnHc4I6wlcab0Z95g\nduvvsr6vaakPr9e+rB46+O2DtdMm+LR4XOgTrLUZbPFk5sWCURM1pEKJ0+z+LVsT\nzaPytKkCgYEAzT/sDZZhcK3TGc3PkUzyO532Z1ozSTP8L0hqRGBmi+l5xej4GFB3\nZb/bjHPr8TiwSi0TW+adfaZ99o3MoBypCY4GLkNqtB25TtzJ3cZjCcoKRB+MJNME\n6Hh22EX9qaVNYHiHVjL7e7GWN/vULkdkXMHxuG2AXDzftuKB/iLm2vkCgYEAwCgL\nRwbP5kEWZ8j7xF2i/n1j9wyCj+WcOXhlDNzRrVeyjFTnvWLBpgrm5RtHdDCnTJK/\nMz3Ak8JzDGKjkq3o1haSVLJL3EYykEyV3dDifynZ1QCkE/PFJEt/y85artSU6Sa3\nr9bIuwuoIgGhkaE04afpwvyV5zUKP6bu9xpLtlcCgYEAm8eRVLq3V/tGRsZzbReW\nnnMEymqmlD/Vftmadi0oh7Z7yx9H9cRU6rAUZWSyRhI9kv7lO5IsJGrSHeh/z2IR\nVgQqYsCeYvhQZi+jMyTYlFx5MD01c9mJVxvfL8TngvPIZ5jzNxRY1QfzOKh04W8k\nGFbHLLBHhTpanYcLHKTGzJkCgYBJq5CXTI9MccvLQozz/gpNk3lN8CfmT1uT1Qq4\n4bgpwyObFbo7K6+enzNixxCgBT8+5kwTsysv+y7soqyfwbkwyzqS6kCXVPpxxEr4\n3erYYg030qUVWTJN9fwrARRXTv1AXi2yZqBSxedSEloFYU7K7Pt8XCaEnBsvyCp5\n5kT8xQKBgDU3v6A2Bshx08uhXFpQq5Cgva+9zuXH3Srx5DuEVGwPHKh8S8B7hCHQ\n2+JG3cpCPmXuYzSVp6odtylXaJmtSauN2USG6xoT+KGDnWJzlQeG1qT7phosFiPK\noe0oIcgp0a2MOXgNTPTMY8Az/e3iDxqvcPaOtKfA6F8xrIAaL+MG\n-----END RSA PRIVATE KEY-----\n",
            "subject": [
              {
                "common_name": "tim",
                "country": null,
                "email_address": null,
                "locality": null,
                "organization": "Cockroach",
                "organizational_unit": null,
                "postal_code": null,
                "province": null,
                "serial_number": null,
                "street_address": null
              }
            ],
            "uris": null
          },
          "sensitive_attributes": [
            [
              {
                "type": "get_attr",
                "value": "private_key_pem"
              }
            ]
          ],
          "identity_schema_version": 0,
          "dependencies": [
            "tls_private_key.client_keys"
          ]
        }
      ]
    },
    {
      "mode": "managed",
      "type": "tls_locally_signed_cert",
      "name": "user_cert",
      "provider": "provider[\"registry.terraform.io/hashicorp/tls\"]",
      "instances": [
        {
          "schema_version": 0,
          "attributes": {
            "allowed_uses": [
              "any_extended",
              "cert_signing",
              "client_auth",
              "code_signing",
              "content_commitment",
              "crl_signing",
              "data_encipherment",
              "digital_signature",
              "email_protection",
              "key_agreement",
              "key_encipherment",
              "ocsp_signing",
              "server_auth"
            ],
            "ca_cert_pem": "-----BEGIN CERTIFICATE-----\nMIIDaDCCAlCgAwIBAgIRALv94tPMkBCfdqnHxWbZI5gwDQYJKoZIhvcNAQELBQAw\nKzESMBAGA1UEChMJQ29ja3JvYWNoMRUwEwYDVQQDEwxDb2Nrcm9hY2ggQ0EwHhcN\nMjUxMDE1MjI0NTM1WhcNMzAxMjAzMjI0NTM1WjArMRIwEAYDVQQKEwlDb2Nrcm9h\nY2gxFTATBgNVBAMTDENvY2tyb2FjaCBDQTCCASIwDQYJKoZIhvcNAQEBBQADggEP\nADCCAQoCggEBAMbBeHe6vg/92d96SdnoxlH2Cf/axCy2oyU4KNvsj7V5xb1m8u2y\nTry+lrA1ruvy+92B8Be0FF1XggEz0tHOXM1FCuvZrNNuAWVC2U9hAcjdEBouuCx0\n15l1RK9F+MTZ5Srvbq/nG3H0IW/JZmpjqPCq1hZffG6zUm6hmDBznU6DyXoEjhhp\nINOH4jVyW1XF+sD7hJs0EgqgO+t71I7p5ISUtjJgOmLUZwyvbOMhARO2FMgrgTFz\naB/h9hq7fweKzPrPpsRj57AH8GM+w//Wlut/Aytuet/0AJ7/Nk14soED2ni6jmfH\nkaXS+jdNwCJ6PukXglGMUhvfPR3PwCGN+KsCAwEAAaOBhjCBgzAOBgNVHQ8BAf8E\nBAMCAf4wQQYDVR0lBDowOAYEVR0lAAYIKwYBBQUHAwIGCCsGAQUFBwMDBggrBgEF\nBQcDBAYIKwYBBQUHAwkGCCsGAQUFBwMBMA8GA1UdEwEB/wQFMAMBAf8wHQYDVR0O\nBBYEFL4dXcN5A8BFl7kTkJ8Y7YCuauT2MA0GCSqGSIb3DQEBCwUAA4IBAQCGQTCJ\nHQ5Rk7Vs/cAvAC23aBEGqVpSyv/5CzP1McF2x0NGrLrXRAH/Eb0XIp6iqkT8jeml\nPre91SdbocBMS839NGSaQRU+JA5oOGHkuwvy0mAIb9CNzrm4s9HYouh1Fi5yc/7T\njIC78GWnOCGZUCaQ4Z0R/EfyRwgpmlg5rf81rx/PIyT58Ax0StbTOb7bsiR+IQ3p\nqMyzhK4z1hEZ7mmYF0BRVUgWvX1a+ZB6QTUDdN3HCtoDhp+/pQPRV0Nj0MFXeN4+\nP+bzj35byRf5dGQIaD+KG7Mn5naEuQL4toyIeWKGhQLxgnUDGcf+gX/+vWyaqmww\n14p1EynY7ThXu0Er\n-----END CERTIFICATE-----\n",
            "ca_key_algorithm": "RSA",
            "ca_private_key_pem": "-----BEGIN RSA PRIVATE KEY-----\nMIIEogIBAAKCAQEAxsF4d7q+D/3Z33pJ2ejGUfYJ/9rELLajJTgo2+yPtXnFvWby\n7bJOvL6WsDWu6/L73YHwF7QUXVeCATPS0c5czUUK69ms024BZULZT2EByN0QGi64\nLHTXmXVEr0X4xNnlKu9ur+cbcfQhb8lmamOo8KrWFl98brNSbqGYMHOdToPJegSO\nGGkg04fiNXJbVcX6wPuEmzQSCqA763vUjunkhJS2MmA6YtRnDK9s4yEBE7YUyCuB\nMXNoH+H2Grt/B4rM+s+mxGPnsAfwYz7D/9aW638DK2563/QAnv82TXiygQPaeLqO\nZ8eRpdL6N03AIno+6ReCUYxSG989Hc/AIY34qwIDAQABAoIBAAd2qmxskciN8smG\nkRFiwVfAkn2OHIHFVfkG09n2VyssaHWFUSgF4xkJWyVAztHDbRvTTk3FkGI08AfV\nh1wjkK6QoilbIjdKUTkZOonVjbiaPImPKZFZzeLQWYTvbrkNqaJkHVbzqb8suLi2\n6maiWWy4LZPngAe0KitHXCytmsGg9kTQPG5SZBkeySCgn9nhvPHGeX7aE/VxKRyF\nqGkqEKAmc/Dp914VNLKvAWnv58RzRtI1dzm2gdwqnPkKbz6sq41TzyGcTI0HmNf3\nA9kTtLMVCCGtbJYwPr46C2S1RZ0xpGEtlrrc1povG3UKpRqMGg7D8EWfoxIwmtQq\nEyO09AkCgYEAzmDRlG4QnUpQo6JhStqQvqKRBmSDUEAyNOCmR+wQ+2uY1DL7wRH8\n0d0Wa/UN58DQ5zB+Di0nFy6CpUpFHCtdaj8y8+qJgUL5RT4ys2hT9KgD+jOnNw/u\nCFUNgKMRKriL/gSFXeYiR6NlC3YDbn2TQ687h4/JrJZ9AwZ8akKn16cCgYEA9ot3\ntXj0FpIsgRsne8e1GM08Ehmbw5vrUT5ZdQqczqdHZNHxtR+vCWQOVMc9rMqETf9B\nHc22xqBktds9CjipkLYPszkyfZbBSe3TZFIRytrB9NFWD4eJdjYZEdsEkj2s2mRm\nTDvJi2/+36gAjTqsdSeNOvwFxePevX7xNdq6d10CgYA/RgXbiSdE4iz5Dmbf6UTp\nfbQTDqwH5ba+6YVxlZnbS7DOllcDab1mpm8iaD58KGykBQUQ2Z0biWH6xVuM+Gqq\nkXfQur6vx9Xe+ePXh4v9/alCg6WnxxWGrnT2VIiF3ZDmL4KoOE+YQStQqT0CGjQV\nU1tgA6Ckbnsje1CXz5ngDwKBgAz+YLrBuyuNXKcZRUVyywqZlnblvp3ak9ZeUNyo\nSIdjrZGUtwZyuwjlqxOwxIFc0whBUa8+bkmdnnEvMtJdFiK4Va9+bjjMPzekPyXk\nZWepi9tZRQ3geNAwHbYhMuZ6Naf07qdJ519f8bDb69uFoh0yjnDzY2KAlfaqwA+0\njWtJAoGAVKxMmVpaGTX2Japm4Tk0fwpLpi7CpRI5y+s1zjO5Jz18kq3jhj42J7BA\nPlMcF1GayVMaTt0jx/iQrfR825ctrc2j+mV+AjBja7+0NFlrxeM9GCUkVB05e/LW\nfuIx2IA2p6SKf285UbW3Gj1IQcNJJypCnfksz+nP5FNUTfKxAvU=\n-----END RSA PRIVATE KEY-----\n",
            "cert_pem": "-----BEGIN CERTIFICATE-----\nMIIDbjCCAlagAwIBAgIQI/T6XeNpxDVVvdw4P0UGTTANBgkqhkiG9w0BAQsFADAr\nMRIwEAYDVQQKEwlDb2Nrcm9hY2gxFTATBgNVBAMTDENvY2tyb2FjaCBDQTAeFw0y\nNTEwMTUyMjQ1MzVaFw0zMDEwMTkyMzQ1MzVaMCIxEjAQBgNVBAoTCUNvY2tyb2Fj\naDEMMAoGA1UEAxMDdGltMIIBIjANBgkqhkiG9w0BAQEFAAOCAQ8AMIIBCgKCAQEA\nmhAMEcQ9z8qsIsjNVs1xUbhKGEPHXwhGImzz2wS1bjLfzKMrOFZxtrHKtuL4o3TN\n8WM40nxa6c+SG7mMOJXI77Atnsl3a7s0POVmqaoQAQJ1GB49UubaXHsIno5NHtcP\nk1Zs37Y6vYroxXSTj/T4E0/zTvMJYoVubJpKUHPOe5WGwF4aXQ8Mfyh7Dt33J/El\nPkhCB3OKisU/0I8SHKRE7OznH8/HAsdfhA6h9SsIf2aKLI+It2ZLVtihXW6Gxrb9\njiy3g0ASXq09A8kAYUB17caWeeIUrwEo7WepGfrHRoRdiE79QMmTs0Mq4JgIzpnN\nU0BYcEuNjpGlK0pMbRRwnwIDAQABo4GWMIGTMA4GA1UdDwEB/wQEAwIB/jBBBgNV\nHSUEOjA4BgRVHSUABggrBgEFBQcDAgYIKwYBBQUHAwMGCCsGAQUFBwMEBggrBgEF\nBQcDCQYIKwYBBQUHAwEwDAYDVR0TAQH/BAIwADAfBgNVHSMEGDAWgBS+HV3DeQPA\nRZe5E5CfGO2Armrk9jAPBgNVHREECDAGggRyb290MA0GCSqGSIb3DQEBCwUAA4IB\nAQB/xQL38oGEk+wZCbC77DupcIRP0qLkgCCvjpnAo7YUl8cUWYnP++NekMWM1e7I\nlkV+c6EYNZOpy94wjlLuzLLEzqq/CDKSTnoCqQnVonXqT70khwAWLKkDVqqQcdP5\ncNUQs9J29ir+Gwyl2r+7wGqJWemtFSWV4lvrIFtmhM2b9sLprl+iQIID2a/cQnAQ\ncdZZCHFO5GzFbdFWO6Z4YZYOeY2LqohmRm+Gok0EpGkL2rtGclwYw+9PkJ6dxSHR\nVh2J+a4cffWI+vYUv/XVsAMdHJW8vAXB6JYtXQ76ADkgexuBzsgNU/M7ba63zXDB\nqG23bDLsMO9r3JSWIG+ivS0V\n-----END CERTIFICATE-----\n",
            "cert_request_pem": "-----BEGIN CERTIFICATE REQUEST-----\nMIICiTCCAXECAQAwIjESMBAGA1UEChMJQ29ja3JvYWNoMQwwCgYDVQQDEwN0aW0w\nggEiMA0GCSqGSIb3DQEBAQUAA4IBDwAwggEKAoIBAQCaEAwRxD3PyqwiyM1WzXFR\nuEoYQ8dfCEYibPPbBLVuMt/Moys4VnG2scq24vijdM3xYzjSfFrpz5IbuYw4lcjv\nsC2eyXdruzQ85WapqhABAnUYHj1S5tpcewiejk0e1w+TVmzftjq9iujFdJOP9PgT\nT/NO8wlihW5smkpQc857lYbAXhpdDwx/KHsO3fcn8SU+SEIHc4qKxT/QjxIcpETs\n7Ocfz8cCx1+EDqH1Kwh/Zoosj4i3ZktW2KFdbobGtv2OLLeDQBJerT0DyQBhQHXt\nxpZ54hSvASjtZ6kZ+sdGhF2ITv1AyZOzQyrgmAjOmc1TQFhwS42OkaUrSkxtFHCf\nAgMBAAGgIjAgBgkqhkiG9w0BCQ4xEzARMA8GA1UdEQQIMAaCBHJvb3QwDQYJKoZI\nhvcNAQELBQADggEBAF4mJNANZ9VVaquPEKR8wz/fdFLj0Oiquw+OB4M7Rjfe5eGH\neyo9vnoC+1LFhKT0kCQDYIM3k0CPZueSyrJeckzYLJuwZ6ESddxZb5m3SFy87yq8\n5p0zntgXDMHx7Uxclf2OEByhKjw6kZAbc+FZoXzCQxzBu59FX35/2h99BwUITtyF\nAn2Fhzg5E1nwtYYtiie548DkZW4shliEsfdcXXqsVLVXl0tVJnYJqRKekmgX7INN\nUoXduUVX06TFsCnAA+OuBKOQPcrmf+V2RGMVgwZyGimWd38z+PW0e+Lew3UJ04ei\n1UZ67KTFJwBfqJOmmF7XJ9hGVg3LX4othIF5aUk=\n-----END CERTIFICATE REQUEST-----\n",
            "early_renewal_hours": 0,
            "id": "47794978326955541245375352645448173133",
            "is_ca_certificate": false,
            "ready_for_renewal": false,
            "set_subject_key_id": false,
            "validity_end_time": "2030-10-19T23:45:35.402861781Z",
            "validity_period_hours": 43921,
            "validity_start_time": "2025-10-15T22:45:35.402861781Z"
          },
          "sensitive_attributes": [
            [
              {
                "type": "get_attr",
                "value": "ca_private_key_pem"
              }
            ]
          ],
          "identity_schema_version": 0,
          "dependencies": [
            "tls_cert_request.client_csr",
            "tls_private_key.client_keys",
            "tls_private_key.crdb_ca_keys",
            "tls_self_signed_cert.crdb_ca_cert"
          ]
        }
      ]
    },
    {
      "mode": "managed",
      "type": "tls_private_key",
      "name": "client_keys",
      "provider": "provider[\"registry.terraform.io/hashicorp/tls\"]",
      "instances": [
        {
          "schema_version": 1,
          "attributes": {
            "algorithm": "RSA",
            "ecdsa_curve": "P224",
            "id": "2e08676c2222178ffb19e61426b021b60fa331e4",
            "private_key_openssh": "-----BEGIN OPENSSH PRIVATE KEY-----\nb3BlbnNzaC1rZXktdjEAAAAABG5vbmUAAAAEbm9uZQAAAAAAAAABAAABFwAAAAdz\nc2gtcnNhAAAAAwEAAQAAAQEAmhAMEcQ9z8qsIsjNVs1xUbhKGEPHXwhGImzz2wS1\nbjLfzKMrOFZxtrHKtuL4o3TN8WM40nxa6c+SG7mMOJXI77Atnsl3a7s0POVmqaoQ\nAQJ1GB49UubaXHsIno5NHtcPk1Zs37Y6vYroxXSTj/T4E0/zTvMJYoVubJpKUHPO\ne5WGwF4aXQ8Mfyh7Dt33J/ElPkhCB3OKisU/0I8SHKRE7OznH8/HAsdfhA6h9SsI\nf2aKLI+It2ZLVtihXW6Gxrb9jiy3g0ASXq09A8kAYUB17caWeeIUrwEo7WepGfrH\nRoRdiE79QMmTs0Mq4JgIzpnNU0BYcEuNjpGlK0pMbRRwnwAAA7h76ojWe+qI1gAA\nAAdzc2gtcnNhAAABAQCaEAwRxD3PyqwiyM1WzXFRuEoYQ8dfCEYibPPbBLVuMt/M\noys4VnG2scq24vijdM3xYzjSfFrpz5IbuYw4lcjvsC2eyXdruzQ85WapqhABAnUY\nHj1S5tpcewiejk0e1w+TVmzftjq9iujFdJOP9PgTT/NO8wlihW5smkpQc857lYbA\nXhpdDwx/KHsO3fcn8SU+SEIHc4qKxT/QjxIcpETs7Ocfz8cCx1+EDqH1Kwh/Zoos\nj4i3ZktW2KFdbobGtv2OLLeDQBJerT0DyQBhQHXtxpZ54hSvASjtZ6kZ+sdGhF2I\nTv1AyZOzQyrgmAjOmc1TQFhwS42OkaUrSkxtFHCfAAAAAwEAAQAAAQBI2zrh8gRr\nLkS+RGi62nfy9exwUilIG0ETiaO+mRj1rrBgdW98eoDXLXgYificUCIOO+aEv9M8\ni/FkFBioL8lw9Ed2tn63nzWicLfel3JvD8rxJ2fHuy1bm8FlPhVhdsHCYxYkq2hW\n94iBzFH2O5pPg7kjxlJTWZdxW3u2VTW6Ai3iLOPqir4Qo39VVbYx8tSdVZOWke6G\nf3aK15st7UoNpIqj2FUtUrjsQYgHyJbC2Tor26hI7JR8mdK1Z4avEJx3OCOsJXGm\n9GfeYHbr77K+r2mpD6/XvqweOvjtg7XTJvi0eFzoE6y1GWzxZObFglETNaRCidPs\n/i1bE82j8rSpAAAAgDU3v6A2Bshx08uhXFpQq5Cgva+9zuXH3Srx5DuEVGwPHKh8\nS8B7hCHQ2+JG3cpCPmXuYzSVp6odtylXaJmtSauN2USG6xoT+KGDnWJzlQeG1qT7\nphosFiPKoe0oIcgp0a2MOXgNTPTMY8Az/e3iDxqvcPaOtKfA6F8xrIAaL+MGAAAA\ngQDNP+wNlmFwrdMZzc+RTPI7nfZnWjNJM/wvSGpEYGaL6XnF6PgYUHdlv9uMc+vx\nOLBKLRNb5p19pn32jcygHKkJjgYuQ2q0HblO3MndxmMJygpEH4wk0wToeHbYRf2p\npU1geIdWMvt7sZY3+9QuR2RcwfG4bYBcPN+24oH+Iuba+QAAAIEAwCgLRwbP5kEW\nZ8j7xF2i/n1j9wyCj+WcOXhlDNzRrVeyjFTnvWLBpgrm5RtHdDCnTJK/Mz3Ak8Jz\nDGKjkq3o1haSVLJL3EYykEyV3dDifynZ1QCkE/PFJEt/y85artSU6Sa3r9bIuwuo\nIgGhkaE04afpwvyV5zUKP6bu9xpLtlcAAAAAAQID\n-----END OPENSSH PRIVATE KEY-----\n",
            "private_key_pem": "-----BEGIN RSA PRIVATE KEY-----\nMIIEowIBAAKCAQEAmhAMEcQ9z8qsIsjNVs1xUbhKGEPHXwhGImzz2wS1bjLfzKMr\nOFZxtrHKtuL4o3TN8WM40nxa6c+SG7mMOJXI77Atnsl3a7s0POVmqaoQAQJ1GB49\nUubaXHsIno5NHtcPk1Zs37Y6vYroxXSTj/T4E0/zTvMJYoVubJpKUHPOe5WGwF4a\nXQ8Mfyh7Dt33J/ElPkhCB3OKisU/0I8SHKRE7OznH8/HAsdfhA6h9SsIf2aKLI+I\nt2ZLVtihXW6Gxrb9jiy3g0ASXq09A8kAYUB17caWeeIUrwEo7WepGfrHRoRdiE79\nQMmTs0Mq4JgIzpnNU0BYcEuNjpGlK0pMbRRwnwIDAQABAoIBAEjbOuHyBGsuRL5E\naLrad/L17HBSKUgbQROJo76ZGPWusGB1b3x6gNcteBiJ+JxQIg475oS/0zyL8WQU\nGKgvyXD0R3a2frefNaJwt96Xcm8PyvEnZ8e7LVubwWU+FWF2wcJjFiSraFb3iIHM\nUfY7mk+DuSPGUlNZl3Fbe7ZVNboCLeIs4+qKvhCjf1VVtjHy1J1Vk5aR7oZ/dorX\nmy3tSg2kiqPYVS1SuOxBiAfIlsLZOivbqEjslHyZ0rVnhq8QnHc4I6wlcab0Z95g\nduvvsr6vaakPr9e+rB46+O2DtdMm+LR4XOgTrLUZbPFk5sWCURM1pEKJ0+z+LVsT\nzaPytKkCgYEAzT/sDZZhcK3TGc3PkUzyO532Z1ozSTP8L0hqRGBmi+l5xej4GFB3\nZb/bjHPr8TiwSi0TW+adfaZ99o3MoBypCY4GLkNqtB25TtzJ3cZjCcoKRB+MJNME\n6Hh22EX9qaVNYHiHVjL7e7GWN/vULkdkXMHxuG2AXDzftuKB/iLm2vkCgYEAwCgL\nRwbP5kEWZ8j7xF2i/n1j9wyCj+WcOXhlDNzRrVeyjFTnvWLBpgrm5RtHdDCnTJK/\nMz3Ak8JzDGKjkq3o1haSVLJL3EYykEyV3dDifynZ1QCkE/PFJEt/y85artSU6Sa3\nr9bIuwuoIgGhkaE04afpwvyV5zUKP6bu9xpLtlcCgYEAm8eRVLq3V/tGRsZzbReW\nnnMEymqmlD/Vftmadi0oh7Z7yx9H9cRU6rAUZWSyRhI9kv7lO5IsJGrSHeh/z2IR\nVgQqYsCeYvhQZi+jMyTYlFx5MD01c9mJVxvfL8TngvPIZ5jzNxRY1QfzOKh04W8k\nGFbHLLBHhTpanYcLHKTGzJkCgYBJq5CXTI9MccvLQozz/gpNk3lN8CfmT1uT1Qq4\n4bgpwyObFbo7K6+enzNixxCgBT8+5kwTsysv+y7soqyfwbkwyzqS6kCXVPpxxEr4\n3erYYg030qUVWTJN9fwrARRXTv1AXi2yZqBSxedSEloFYU7K7Pt8XCaEnBsvyCp5\n5kT8xQKBgDU3v6A2Bshx08uhXFpQq5Cgva+9zuXH3Srx5DuEVGwPHKh8S8B7hCHQ\n2+JG3cpCPmXuYzSVp6odtylXaJmtSauN2USG6xoT+KGDnWJzlQeG1qT7phosFiPK\noe0oIcgp0a2MOXgNTPTMY8Az/e3iDxqvcPaOtKfA6F8xrIAaL+MG\n-----END RSA PRIVATE KEY-----\n",
            "private_key_pem_pkcs8": "-----BEGIN PRIVATE KEY-----\nMIIEvQIBADANBgkqhkiG9w0BAQEFAASCBKcwggSjAgEAAoIBAQCaEAwRxD3Pyqwi\nyM1WzXFRuEoYQ8dfCEYibPPbBLVuMt/Moys4VnG2scq24vijdM3xYzjSfFrpz5Ib\nuYw4lcjvsC2eyXdruzQ85WapqhABAnUYHj1S5tpcewiejk0e1w+TVmzftjq9iujF\ndJOP9PgTT/NO8wlihW5smkpQc857lYbAXhpdDwx/KHsO3fcn8SU+SEIHc4qKxT/Q\njxIcpETs7Ocfz8cCx1+EDqH1Kwh/Zoosj4i3ZktW2KFdbobGtv2OLLeDQBJerT0D\nyQBhQHXtxpZ54hSvASjtZ6kZ+sdGhF2ITv1AyZOzQyrgmAjOmc1TQFhwS42OkaUr\nSkxtFHCfAgMBAAECggEASNs64fIEay5EvkRoutp38vXscFIpSBtBE4mjvpkY9a6w\nYHVvfHqA1y14GIn4nFAiDjvmhL/TPIvxZBQYqC/JcPRHdrZ+t581onC33pdybw/K\n8Sdnx7stW5vBZT4VYXbBwmMWJKtoVveIgcxR9juaT4O5I8ZSU1mXcVt7tlU1ugIt\n4izj6oq+EKN/VVW2MfLUnVWTlpHuhn92itebLe1KDaSKo9hVLVK47EGIB8iWwtk6\nK9uoSOyUfJnStWeGrxCcdzgjrCVxpvRn3mB26++yvq9pqQ+v176sHjr47YO10yb4\ntHhc6BOstRls8WTmxYJREzWkQonT7P4tWxPNo/K0qQKBgQDNP+wNlmFwrdMZzc+R\nTPI7nfZnWjNJM/wvSGpEYGaL6XnF6PgYUHdlv9uMc+vxOLBKLRNb5p19pn32jcyg\nHKkJjgYuQ2q0HblO3MndxmMJygpEH4wk0wToeHbYRf2ppU1geIdWMvt7sZY3+9Qu\nR2RcwfG4bYBcPN+24oH+Iuba+QKBgQDAKAtHBs/mQRZnyPvEXaL+fWP3DIKP5Zw5\neGUM3NGtV7KMVOe9YsGmCublG0d0MKdMkr8zPcCTwnMMYqOSrejWFpJUskvcRjKQ\nTJXd0OJ/KdnVAKQT88UkS3/Lzlqu1JTpJrev1si7C6giAaGRoTThp+nC/JXnNQo/\npu73Gku2VwKBgQCbx5FUurdX+0ZGxnNtF5aecwTKaqaUP9V+2Zp2LSiHtnvLH0f1\nxFTqsBRlZLJGEj2S/uU7kiwkatId6H/PYhFWBCpiwJ5i+FBmL6MzJNiUXHkwPTVz\n2YlXG98vxOeC88hnmPM3FFjVB/M4qHThbyQYVscssEeFOlqdhwscpMbMmQKBgEmr\nkJdMj0xxy8tCjPP+Ck2TeU3wJ+ZPW5PVCrjhuCnDI5sVujsrr56fM2LHEKAFPz7m\nTBOzKy/7LuyirJ/BuTDLOpLqQJdU+nHESvjd6thiDTfSpRVZMk31/CsBFFdO/UBe\nLbJmoFLF51ISWgVhTsrs+3xcJoScGy/IKnnmRPzFAoGANTe/oDYGyHHTy6FcWlCr\nkKC9r73O5cfdKvHkO4RUbA8cqHxLwHuEIdDb4kbdykI+Ze5jNJWnqh23KVdoma1J\nq43ZRIbrGhP4oYOdYnOVB4bWpPumGiwWI8qh7SghyCnRrYw5eA1M9MxjwDP97eIP\nGq9w9o60p8DoXzGsgBov4wY=\n-----END PRIVATE KEY-----\n",
            "public_key_fingerprint_md5": "16:2d:f7:cd:27:fe:0e:3b:8e:05:16:66:1a:e3:23:0d",
            "public_key_fingerprint_sha256": "SHA256:tbYo+WN02IpKuJ845e9jTomw6um+p12B2d65Yz/h3Zk",
            "public_key_openssh": "ssh-rsa AAAAB3NzaC1yc2EAAAADAQABAAABAQCaEAwRxD3PyqwiyM1WzXFRuEoYQ8dfCEYibPPbBLVuMt/Moys4VnG2scq24vijdM3xYzjSfFrpz5IbuYw4lcjvsC2eyXdruzQ85WapqhABAnUYHj1S5tpcewiejk0e1w+TVmzftjq9iujFdJOP9PgTT/NO8wlihW5smkpQc857lYbAXhpdDwx/KHsO3fcn8SU+SEIHc4qKxT/QjxIcpETs7Ocfz8cCx1+EDqH1Kwh/Zoosj4i3ZktW2KFdbobGtv2OLLeDQBJerT0DyQBhQHXtxpZ54hSvASjtZ6kZ+sdGhF2ITv1AyZOzQyrgmAjOmc1TQFhwS42OkaUrSkxtFHCf\n",
            "public_key_pem": "-----BEGIN PUBLIC KEY-----\nMIIBIjANBgkqhkiG9w0BAQEFAAOCAQ8AMIIBCgKCAQEAmhAMEcQ9z8qsIsjNVs1x\nUbhKGEPHXwhGImzz2wS1bjLfzKMrOFZxtrHKtuL4o3TN8WM40nxa6c+SG7mMOJXI\n77Atnsl3a7s0POVmqaoQAQJ1GB49UubaXHsIno5NHtcPk1Zs37Y6vYroxXSTj/T4\nE0/zTvMJYoVubJpKUHPOe5WGwF4aXQ8Mfyh7Dt33J/ElPkhCB3OKisU/0I8SHKRE\n7OznH8/HAsdfhA6h9SsIf2aKLI+It2ZLVtihXW6Gxrb9jiy3g0ASXq09A8kAYUB1\n7caWeeIUrwEo7WepGfrHRoRdiE79QMmTs0Mq4JgIzpnNU0BYcEuNjpGlK0pMbRRw\nnwIDAQAB\n-----END PUBLIC KEY-----\n",
            "rsa_bits": 2048
          },
          "sensitive_attributes": [
            [
              {
                "type": "get_attr",
                "value": "private_key_openssh"
              }
            ],
            [
              {
                "type": "get_attr",
                "value": "private_key_pem"
              }
            ],
            [
              {
                "type": "get_attr",
                "value": "private_key_pem_pkcs8"
              }
            ]
          ],
          "identity_schema_version": 0
        }
      ]
    },
    {
      "mode": "managed",
      "type": "tls_private_key",
      "name": "crdb_ca_keys",
      "provider": "provider[\"registry.terraform.io/hashicorp/tls\"]",
      "instances": [
        {
          "schema_version": 1,
          "attributes": {
            "algorithm": "RSA",
            "ecdsa_curve": "P224",
            "id": "958c82eb1c8ea2447189f7f2f6ef6725137a3341",
            "private_key_openssh": "-----BEGIN OPENSSH PRIVATE KEY-----\nb3BlbnNzaC1rZXktdjEAAAAABG5vbmUAAAAEbm9uZQAAAAAAAAABAAABFwAAAAdz\nc2gtcnNhAAAAAwEAAQAAAQEAxsF4d7q+D/3Z33pJ2ejGUfYJ/9rELLajJTgo2+yP\ntXnFvWby7bJOvL6WsDWu6/L73YHwF7QUXVeCATPS0c5czUUK69ms024BZULZT2EB\nyN0QGi64LHTXmXVEr0X4xNnlKu9ur+cbcfQhb8lmamOo8KrWFl98brNSbqGYMHOd\nToPJegSOGGkg04fiNXJbVcX6wPuEmzQSCqA763vUjunkhJS2MmA6YtRnDK9s4yEB\nE7YUyCuBMXNoH+H2Grt/B4rM+s+mxGPnsAfwYz7D/9aW638DK2563/QAnv82TXiy\ngQPaeLqOZ8eRpdL6N03AIno+6ReCUYxSG989Hc/AIY34qwAAA7iohtwQqIbcEAAA\nAAdzc2gtcnNhAAABAQDGwXh3ur4P/dnfeknZ6MZR9gn/2sQstqMlOCjb7I+1ecW9\nZvLtsk68vpawNa7r8vvdgfAXtBRdV4IBM9LRzlzNRQrr2azTbgFlQtlPYQHI3RAa\nLrgsdNeZdUSvRfjE2eUq726v5xtx9CFvyWZqY6jwqtYWX3xus1JuoZgwc51Og8l6\nBI4YaSDTh+I1cltVxfrA+4SbNBIKoDvre9SO6eSElLYyYDpi1GcMr2zjIQETthTI\nK4Exc2gf4fYau38Hisz6z6bEY+ewB/BjPsP/1pbrfwMrbnrf9ACe/zZNeLKBA9p4\nuo5nx5Gl0vo3TcAiej7pF4JRjFIb3z0dz8AhjfirAAAAAwEAAQAAAQAHdqpsbJHI\njfLJhpERYsFXwJJ9jhyBxVX5BtPZ9lcrLGh1hVEoBeMZCVslQM7Rw20b005NxZBi\nNPAH1YdcI5CukKIpWyI3SlE5GTqJ1Y24mjyJjymRWc3i0FmE7265DamiZB1W86m/\nLLi4tupmollsuC2T54AHtCorR1wsrZrBoPZE0DxuUmQZHskgoJ/Z4bzxxnl+2hP1\ncSkchahpKhCgJnPw6fdeFTSyrwFp7+fEc0bSNXc5toHcKpz5Cm8+rKuNU88hnEyN\nB5jX9wPZE7SzFQghrWyWMD6+OgtktUWdMaRhLZa63NaaLxt1CqUajBoOw/BFn6MS\nMJrUKhMjtPQJAAAAgFSsTJlaWhk19iWqZuE5NH8KS6YuwqUSOcvrNc4zuSc9fJKt\n44Y+NiewQD5THBdRmslTGk7dI8f4kK30fNuXLa3No/plfgIwY2u/tDRZa8XjPRgl\nJFQdOXvy1n7iMdiANqekin9vOVG1txo9SEHDSScqQp35LM/pz+RTVE3ysQL1AAAA\ngQDOYNGUbhCdSlCjomFK2pC+opEGZINQQDI04KZH7BD7a5jUMvvBEfzR3RZr9Q3n\nwNDnMH4OLScXLoKlSkUcK11qPzLz6omBQvlFPjKzaFP0qAP6M6c3D+4IVQ2AoxEq\nuIv+BIVd5iJHo2ULdgNufZNDrzuHj8msln0DBnxqQqfXpwAAAIEA9ot3tXj0FpIs\ngRsne8e1GM08Ehmbw5vrUT5ZdQqczqdHZNHxtR+vCWQOVMc9rMqETf9BHc22xqBk\ntds9CjipkLYPszkyfZbBSe3TZFIRytrB9NFWD4eJdjYZEdsEkj2s2mRmTDvJi2/+\n36gAjTqsdSeNOvwFxePevX7xNdq6d10AAAAAAQID\n-----END OPENSSH PRIVATE KEY-----\n",
            "private_key_pem": "-----BEGIN RSA PRIVATE KEY-----\nMIIEogIBAAKCAQEAxsF4d7q+D/3Z33pJ2ejGUfYJ/9rELLajJTgo2+yPtXnFvWby\n7bJOvL6WsDWu6/L73YHwF7QUXVeCATPS0c5czUUK69ms024BZULZT2EByN0QGi64\nLHTXmXVEr0X4xNnlKu9ur+cbcfQhb8lmamOo8KrWFl98brNSbqGYMHOdToPJegSO\nGGkg04fiNXJbVcX6wPuEmzQSCqA763vUjunkhJS2MmA6YtRnDK9s4yEBE7YUyCuB\nMXNoH+H2Grt/B4rM+s+mxGPnsAfwYz7D/9aW638DK2563/QAnv82TXiygQPaeLqO\nZ8eRpdL6N03AIno+6ReCUYxSG989Hc/AIY34qwIDAQABAoIBAAd2qmxskciN8smG\nkRFiwVfAkn2OHIHFVfkG09n2VyssaHWFUSgF4xkJWyVAztHDbRvTTk3FkGI08AfV\nh1wjkK6QoilbIjdKUTkZOonVjbiaPImPKZFZzeLQWYTvbrkNqaJkHVbzqb8suLi2\n6maiWWy4LZPngAe0KitHXCytmsGg9kTQPG5SZBkeySCgn9nhvPHGeX7aE/VxKRyF\nqGkqEKAmc/Dp914VNLKvAWnv58RzRtI1dzm2gdwqnPkKbz6sq41TzyGcTI0HmNf3\nA9kTtLMVCCGtbJYwPr46C2S1RZ0xpGEtlrrc1povG3UKpRqMGg7D8EWfoxIwmtQq\nEyO09AkCgYEAzmDRlG4QnUpQo6JhStqQvqKRBmSDUEAyNOCmR+wQ+2uY1DL7wRH8\n0d0Wa/UN58DQ5zB+Di0nFy6CpUpFHCtdaj8y8+qJgUL5RT4ys2hT9KgD+jOnNw/u\nCFUNgKMRKriL/gSFXeYiR6NlC3YDbn2TQ687h4/JrJZ9AwZ8akKn16cCgYEA9ot3\ntXj0FpIsgRsne8e1GM08Ehmbw5vrUT5ZdQqczqdHZNHxtR+vCWQOVMc9rMqETf9B\nHc22xqBktds9CjipkLYPszkyfZbBSe3TZFIRytrB9NFWD4eJdjYZEdsEkj2s2mRm\nTDvJi2/+36gAjTqsdSeNOvwFxePevX7xNdq6d10CgYA/RgXbiSdE4iz5Dmbf6UTp\nfbQTDqwH5ba+6YVxlZnbS7DOllcDab1mpm8iaD58KGykBQUQ2Z0biWH6xVuM+Gqq\nkXfQur6vx9Xe+ePXh4v9/alCg6WnxxWGrnT2VIiF3ZDmL4KoOE+YQStQqT0CGjQV\nU1tgA6Ckbnsje1CXz5ngDwKBgAz+YLrBuyuNXKcZRUVyywqZlnblvp3ak9ZeUNyo\nSIdjrZGUtwZyuwjlqxOwxIFc0whBUa8+bkmdnnEvMtJdFiK4Va9+bjjMPzekPyXk\nZWepi9tZRQ3geNAwHbYhMuZ6Naf07qdJ519f8bDb69uFoh0yjnDzY2KAlfaqwA+0\njWtJAoGAVKxMmVpaGTX2Japm4Tk0fwpLpi7CpRI5y+s1zjO5Jz18kq3jhj42J7BA\nPlMcF1GayVMaTt0jx/iQrfR825ctrc2j+mV+AjBja7+0NFlrxeM9GCUkVB05e/LW\nfuIx2IA2p6SKf285UbW3Gj1IQcNJJypCnfksz+nP5FNUTfKxAvU=\n-----END RSA PRIVATE KEY-----\n",
            "private_key_pem_pkcs8": "-----BEGIN PRIVATE KEY-----\nMIIEvAIBADANBgkqhkiG9w0BAQEFAASCBKYwggSiAgEAAoIBAQDGwXh3ur4P/dnf\neknZ6MZR9gn/2sQstqMlOCjb7I+1ecW9ZvLtsk68vpawNa7r8vvdgfAXtBRdV4IB\nM9LRzlzNRQrr2azTbgFlQtlPYQHI3RAaLrgsdNeZdUSvRfjE2eUq726v5xtx9CFv\nyWZqY6jwqtYWX3xus1JuoZgwc51Og8l6BI4YaSDTh+I1cltVxfrA+4SbNBIKoDvr\ne9SO6eSElLYyYDpi1GcMr2zjIQETthTIK4Exc2gf4fYau38Hisz6z6bEY+ewB/Bj\nPsP/1pbrfwMrbnrf9ACe/zZNeLKBA9p4uo5nx5Gl0vo3TcAiej7pF4JRjFIb3z0d\nz8AhjfirAgMBAAECggEAB3aqbGyRyI3yyYaREWLBV8CSfY4cgcVV+QbT2fZXKyxo\ndYVRKAXjGQlbJUDO0cNtG9NOTcWQYjTwB9WHXCOQrpCiKVsiN0pRORk6idWNuJo8\niY8pkVnN4tBZhO9uuQ2pomQdVvOpvyy4uLbqZqJZbLgtk+eAB7QqK0dcLK2awaD2\nRNA8blJkGR7JIKCf2eG88cZ5ftoT9XEpHIWoaSoQoCZz8On3XhU0sq8Bae/nxHNG\n0jV3ObaB3Cqc+QpvPqyrjVPPIZxMjQeY1/cD2RO0sxUIIa1sljA+vjoLZLVFnTGk\nYS2WutzWmi8bdQqlGowaDsPwRZ+jEjCa1CoTI7T0CQKBgQDOYNGUbhCdSlCjomFK\n2pC+opEGZINQQDI04KZH7BD7a5jUMvvBEfzR3RZr9Q3nwNDnMH4OLScXLoKlSkUc\nK11qPzLz6omBQvlFPjKzaFP0qAP6M6c3D+4IVQ2AoxEquIv+BIVd5iJHo2ULdgNu\nfZNDrzuHj8msln0DBnxqQqfXpwKBgQD2i3e1ePQWkiyBGyd7x7UYzTwSGZvDm+tR\nPll1CpzOp0dk0fG1H68JZA5Uxz2syoRN/0EdzbbGoGS12z0KOKmQtg+zOTJ9lsFJ\n7dNkUhHK2sH00VYPh4l2NhkR2wSSPazaZGZMO8mLb/7fqACNOqx1J406/AXF4969\nfvE12rp3XQKBgD9GBduJJ0TiLPkOZt/pROl9tBMOrAfltr7phXGVmdtLsM6WVwNp\nvWambyJoPnwobKQFBRDZnRuJYfrFW4z4aqqRd9C6vq/H1d7549eHi/39qUKDpafH\nFYaudPZUiIXdkOYvgqg4T5hBK1CpPQIaNBVTW2ADoKRueyN7UJfPmeAPAoGADP5g\nusG7K41cpxlFRXLLCpmWduW+ndqT1l5Q3KhIh2OtkZS3BnK7COWrE7DEgVzTCEFR\nrz5uSZ2ecS8y0l0WIrhVr35uOMw/N6Q/JeRlZ6mL21lFDeB40DAdtiEy5no1p/Tu\np0nnX1/xsNvr24WiHTKOcPNjYoCV9qrAD7SNa0kCgYBUrEyZWloZNfYlqmbhOTR/\nCkumLsKlEjnL6zXOM7knPXySreOGPjYnsEA+UxwXUZrJUxpO3SPH+JCt9Hzbly2t\nzaP6ZX4CMGNrv7Q0WWvF4z0YJSRUHTl78tZ+4jHYgDanpIp/bzlRtbcaPUhBw0kn\nKkKd+SzP6c/kU1RN8rEC9Q==\n-----END PRIVATE KEY-----\n",
            "public_key_fingerprint_md5": "4a:01:9d:fc:75:8b:72:40:5d:1b:de:ee:32:65:be:50",
            "public_key_fingerprint_sha256": "SHA256:Db2WNoC3WkQMfys6UQ5NhBI0Jsa/hrBpBfuh7b4slKU",
            "public_key_openssh": "ssh-rsa AAAAB3NzaC1yc2EAAAADAQABAAABAQDGwXh3ur4P/dnfeknZ6MZR9gn/2sQstqMlOCjb7I+1ecW9ZvLtsk68vpawNa7r8vvdgfAXtBRdV4IBM9LRzlzNRQrr2azTbgFlQtlPYQHI3RAaLrgsdNeZdUSvRfjE2eUq726v5xtx9CFvyWZqY6jwqtYWX3xus1JuoZgwc51Og8l6BI4YaSDTh+I1cltVxfrA+4SbNBIKoDvre9SO6eSElLYyYDpi1GcMr2zjIQETthTIK4Exc2gf4fYau38Hisz6z6bEY+ewB/BjPsP/1pbrfwMrbnrf9ACe/zZNeLKBA9p4uo5nx5Gl0vo3TcAiej7pF4JRjFIb3z0dz8Ahjfir\n",
            "public_key_pem": "-----BEGIN PUBLIC KEY-----\nMIIBIjANBgkqhkiG9w0BAQEFAAOCAQ8AMIIBCgKCAQEAxsF4d7q+D/3Z33pJ2ejG\nUfYJ/9rELLajJTgo2+yPtXnFvWby7bJOvL6WsDWu6/L73YHwF7QUXVeCATPS0c5c\nzUUK69ms024BZULZT2EByN0QGi64LHTXmXVEr0X4xNnlKu9ur+cbcfQhb8lmamOo\n8KrWFl98brNSbqGYMHOdToPJegSOGGkg04fiNXJbVcX6wPuEmzQSCqA763vUjunk\nhJS2MmA6YtRnDK9s4yEBE7YUyCuBMXNoH+H2Grt/B4rM+s+mxGPnsAfwYz7D/9aW\n638DK2563/QAnv82TXiygQPaeLqOZ8eRpdL6N03AIno+6ReCUYxSG989Hc/AIY34\nqwIDAQAB\n-----END PUBLIC KEY-----\n",
            "rsa_bits": 2048
          },
          "sensitive_attributes": [
            [
              {
                "type": "get_attr",
                "value": "private_key_openssh"
              }
            ],
            [
              {
                "type": "get_attr",
                "value": "private_key_pem"
              }
            ],
            [
              {
                "type": "get_attr",
                "value": "private_key_pem_pkcs8"
              }
            ]
          ],
          "identity_schema_version": 0
        }
      ]
    },
    {
      "mode": "managed",
      "type": "tls_self_signed_cert",
      "name": "crdb_ca_cert",
      "provider": "provider[\"registry.terraform.io/hashicorp/tls\"]",
      "instances": [
        {
          "schema_version": 0,
          "attributes": {
            "allowed_uses": [
              "any_extended",
              "cert_signing",
              "client_auth",
              "code_signing",
              "content_commitment",
              "crl_signing",
              "data_encipherment",
              "digital_signature",
              "email_protection",
              "key_agreement",
              "key_encipherment",
              "ocsp_signing",
              "server_auth"
            ],
            "cert_pem": "-----BEGIN CERTIFICATE-----\nMIIDaDCCAlCgAwIBAgIRALv94tPMkBCfdqnHxWbZI5gwDQYJKoZIhvcNAQELBQAw\nKzESMBAGA1UEChMJQ29ja3JvYWNoMRUwEwYDVQQDEwxDb2Nrcm9hY2ggQ0EwHhcN\nMjUxMDE1MjI0NTM1WhcNMzAxMjAzMjI0NTM1WjArMRIwEAYDVQQKEwlDb2Nrcm9h\nY2gxFTATBgNVBAMTDENvY2tyb2FjaCBDQTCCASIwDQYJKoZIhvcNAQEBBQADggEP\nADCCAQoCggEBAMbBeHe6vg/92d96SdnoxlH2Cf/axCy2oyU4KNvsj7V5xb1m8u2y\nTry+lrA1ruvy+92B8Be0FF1XggEz0tHOXM1FCuvZrNNuAWVC2U9hAcjdEBouuCx0\n15l1RK9F+MTZ5Srvbq/nG3H0IW/JZmpjqPCq1hZffG6zUm6hmDBznU6DyXoEjhhp\nINOH4jVyW1XF+sD7hJs0EgqgO+t71I7p5ISUtjJgOmLUZwyvbOMhARO2FMgrgTFz\naB/h9hq7fweKzPrPpsRj57AH8GM+w//Wlut/Aytuet/0AJ7/Nk14soED2ni6jmfH\nkaXS+jdNwCJ6PukXglGMUhvfPR3PwCGN+KsCAwEAAaOBhjCBgzAOBgNVHQ8BAf8E\nBAMCAf4wQQYDVR0lBDowOAYEVR0lAAYIKwYBBQUHAwIGCCsGAQUFBwMDBggrBgEF\nBQcDBAYIKwYBBQUHAwkGCCsGAQUFBwMBMA8GA1UdEwEB/wQFMAMBAf8wHQYDVR0O\nBBYEFL4dXcN5A8BFl7kTkJ8Y7YCuauT2MA0GCSqGSIb3DQEBCwUAA4IBAQCGQTCJ\nHQ5Rk7Vs/cAvAC23aBEGqVpSyv/5CzP1McF2x0NGrLrXRAH/Eb0XIp6iqkT8jeml\nPre91SdbocBMS839NGSaQRU+JA5oOGHkuwvy0mAIb9CNzrm4s9HYouh1Fi5yc/7T\njIC78GWnOCGZUCaQ4Z0R/EfyRwgpmlg5rf81rx/PIyT58Ax0StbTOb7bsiR+IQ3p\nqMyzhK4z1hEZ7mmYF0BRVUgWvX1a+ZB6QTUDdN3HCtoDhp+/pQPRV0Nj0MFXeN4+\nP+bzj35byRf5dGQIaD+KG7Mn5naEuQL4toyIeWKGhQLxgnUDGcf+gX/+vWyaqmww\n14p1EynY7ThXu0Er\n-----END CERTIFICATE-----\n",
            "dns_names": null,
            "early_renewal_hours": 0,
            "id": "249883886922010401231346699433624019864",
            "ip_addresses": null,
            "is_ca_certificate": true,
            "key_algorithm": "RSA",
            "private_key_pem": "-----BEGIN RSA PRIVATE KEY-----\nMIIEogIBAAKCAQEAxsF4d7q+D/3Z33pJ2ejGUfYJ/9rELLajJTgo2+yPtXnFvWby\n7bJOvL6WsDWu6/L73YHwF7QUXVeCATPS0c5czUUK69ms024BZULZT2EByN0QGi64\nLHTXmXVEr0X4xNnlKu9ur+cbcfQhb8lmamOo8KrWFl98brNSbqGYMHOdToPJegSO\nGGkg04fiNXJbVcX6wPuEmzQSCqA763vUjunkhJS2MmA6YtRnDK9s4yEBE7YUyCuB\nMXNoH+H2Grt/B4rM+s+mxGPnsAfwYz7D/9aW638DK2563/QAnv82TXiygQPaeLqO\nZ8eRpdL6N03AIno+6ReCUYxSG989Hc/AIY34qwIDAQABAoIBAAd2qmxskciN8smG\nkRFiwVfAkn2OHIHFVfkG09n2VyssaHWFUSgF4xkJWyVAztHDbRvTTk3FkGI08AfV\nh1wjkK6QoilbIjdKUTkZOonVjbiaPImPKZFZzeLQWYTvbrkNqaJkHVbzqb8suLi2\n6maiWWy4LZPngAe0KitHXCytmsGg9kTQPG5SZBkeySCgn9nhvPHGeX7aE/VxKRyF\nqGkqEKAmc/Dp914VNLKvAWnv58RzRtI1dzm2gdwqnPkKbz6sq41TzyGcTI0HmNf3\nA9kTtLMVCCGtbJYwPr46C2S1RZ0xpGEtlrrc1povG3UKpRqMGg7D8EWfoxIwmtQq\nEyO09AkCgYEAzmDRlG4QnUpQo6JhStqQvqKRBmSDUEAyNOCmR+wQ+2uY1DL7wRH8\n0d0Wa/UN58DQ5zB+Di0nFy6CpUpFHCtdaj8y8+qJgUL5RT4ys2hT9KgD+jOnNw/u\nCFUNgKMRKriL/gSFXeYiR6NlC3YDbn2TQ687h4/JrJZ9AwZ8akKn16cCgYEA9ot3\ntXj0FpIsgRsne8e1GM08Ehmbw5vrUT5ZdQqczqdHZNHxtR+vCWQOVMc9rMqETf9B\nHc22xqBktds9CjipkLYPszkyfZbBSe3TZFIRytrB9NFWD4eJdjYZEdsEkj2s2mRm\nTDvJi2/+36gAjTqsdSeNOvwFxePevX7xNdq6d10CgYA/RgXbiSdE4iz5Dmbf6UTp\nfbQTDqwH5ba+6YVxlZnbS7DOllcDab1mpm8iaD58KGykBQUQ2Z0biWH6xVuM+Gqq\nkXfQur6vx9Xe+ePXh4v9/alCg6WnxxWGrnT2VIiF3ZDmL4KoOE+YQStQqT0CGjQV\nU1tgA6Ckbnsje1CXz5ngDwKBgAz+YLrBuyuNXKcZRUVyywqZlnblvp3ak9ZeUNyo\nSIdjrZGUtwZyuwjlqxOwxIFc0whBUa8+bkmdnnEvMtJdFiK4Va9+bjjMPzekPyXk\nZWepi9tZRQ3geNAwHbYhMuZ6Naf07qdJ519f8bDb69uFoh0yjnDzY2KAlfaqwA+0\njWtJAoGAVKxMmVpaGTX2Japm4Tk0fwpLpi7CpRI5y+s1zjO5Jz18kq3jhj42J7BA\nPlMcF1GayVMaTt0jx/iQrfR825ctrc2j+mV+AjBja7+0NFlrxeM9GCUkVB05e/LW\nfuIx2IA2p6SKf285UbW3Gj1IQcNJJypCnfksz+nP5FNUTfKxAvU=\n-----END RSA PRIVATE KEY-----\n",
            "ready_for_renewal": false,
            "set_authority_key_id": false,
            "set_subject_key_id": false,
            "subject": [
              {
                "common_name": "Cockroach CA",
                "country": null,
                "email_address": null,
                "locality": null,
                "organization": "Cockroach",
                "organizational_unit": null,
                "postal_code": null,
                "province": null,
                "serial_number": null,
                "street_address": null
              }
            ],
            "uris": null,
            "validity_end_time": "2030-12-03T22:45:35.384028989Z",
            "validity_period_hours": 45000,
            "validity_start_time": "2025-10-15T22:45:35.384028989Z"
          },
          "sensitive_attributes": [
            [
              {
                "type": "get_attr",
                "value": "private_key_pem"
              }
            ]
          ],
          "identity_schema_version": 0,
          "dependencies": [
            "tls_private_key.crdb_ca_keys"
          ]
        }
      ]
    },
    {
      "module": "module.security-group-01",
      "mode": "managed",
      "type": "aws_security_group",
      "name": "this_name_prefix",
      "provider": "provider[\"registry.terraform.io/hashicorp/aws\"]",
      "instances": [
        {
          "index_key": 0,
          "schema_version": 1,
          "attributes": {
            "arn": "arn:aws:ec2:us-west-2:337380398238:security-group/sg-0fdefa904aec71c3c",
            "description": "Allow desktop access (SSH, RDP, Database, HTTP) to EC2 instances",
            "egress": [],
            "id": "sg-0fdefa904aec71c3c",
            "ingress": [],
            "name": "trs-sr----trs-sr-demo----sg01-20251015224546945500000001",
            "name_prefix": "trs-sr----trs-sr-demo----sg01-",
            "owner_id": "337380398238",
            "revoke_rules_on_delete": false,
            "tags": {
              "Name": "trs-sr----trs-sr-demo----sg01",
              "owner": "trs-sr---",
              "project": "trs-sr-demo---"
            },
            "tags_all": {
              "Name": "trs-sr----trs-sr-demo----sg01",
              "owner": "trs-sr---",
              "project": "trs-sr-demo---"
            },
            "timeouts": {
              "create": "10m",
              "delete": "15m"
            },
            "vpc_id": "vpc-0e999b074e0a7cb63"
          },
          "sensitive_attributes": [],
          "identity_schema_version": 0,
          "private": "eyJlMmJmYjczMC1lY2FhLTExZTYtOGY4OC0zNDM2M2JjN2M0YzAiOnsiY3JlYXRlIjo2MDAwMDAwMDAwMDAsImRlbGV0ZSI6OTAwMDAwMDAwMDAwfSwic2NoZW1hX3ZlcnNpb24iOiIxIn0=",
          "dependencies": [
            "aws_vpc.main"
          ],
          "create_before_destroy": true
        }
      ]
    },
    {
      "module": "module.security-group-01",
      "mode": "managed",
      "type": "aws_security_group_rule",
      "name": "egress_rules",
      "provider": "provider[\"registry.terraform.io/hashicorp/aws\"]",
      "instances": [
        {
          "index_key": 0,
          "schema_version": 2,
          "attributes": {
            "cidr_blocks": [
              "0.0.0.0/0"
            ],
            "description": "All protocols",
            "from_port": -1,
            "id": "sgrule-2615563793",
            "ipv6_cidr_blocks": [
              "::/0"
            ],
            "prefix_list_ids": [],
            "protocol": "-1",
            "security_group_id": "sg-0fdefa904aec71c3c",
            "security_group_rule_id": "",
            "self": false,
            "source_security_group_id": null,
            "timeouts": null,
            "to_port": -1,
            "type": "egress"
          },
          "sensitive_attributes": [],
          "identity_schema_version": 0,
          "private": "eyJlMmJmYjczMC1lY2FhLTExZTYtOGY4OC0zNDM2M2JjN2M0YzAiOnsiY3JlYXRlIjozMDAwMDAwMDAwMDB9LCJzY2hlbWFfdmVyc2lvbiI6IjIifQ==",
          "dependencies": [
            "aws_vpc.main",
            "module.security-group-01.aws_security_group.this",
            "module.security-group-01.aws_security_group.this_name_prefix"
          ]
        }
      ]
    },
    {
      "module": "module.security-group-01",
      "mode": "managed",
      "type": "aws_security_group_rule",
      "name": "ingress_with_cidr_blocks",
      "provider": "provider[\"registry.terraform.io/hashicorp/aws\"]",
      "instances": [
        {
          "index_key": 0,
          "schema_version": 2,
          "attributes": {
            "cidr_blocks": [
              "8.36.116.0/24",
              "8.39.144.0/24",
              "31.186.239.0/24",
              "163.116.128.0/17",
              "162.10.0.0/17",
              "163.116.141.21/32",
              "44.250.60.240/32"
            ],
            "description": "Allow cockroach database access from my-ip",
            "from_port": 26257,
            "id": "sgrule-4035488899",
            "ipv6_cidr_blocks": null,
            "prefix_list_ids": [],
            "protocol": "tcp",
            "security_group_id": "sg-0fdefa904aec71c3c",
            "security_group_rule_id": "",
            "self": false,
            "source_security_group_id": null,
            "timeouts": null,
            "to_port": 26257,
            "type": "ingress"
          },
          "sensitive_attributes": [],
          "identity_schema_version": 0,
          "private": "eyJlMmJmYjczMC1lY2FhLTExZTYtOGY4OC0zNDM2M2JjN2M0YzAiOnsiY3JlYXRlIjozMDAwMDAwMDAwMDB9LCJzY2hlbWFfdmVyc2lvbiI6IjIifQ==",
          "dependencies": [
            "aws_vpc.main",
            "module.security-group-01.aws_security_group.this",
            "module.security-group-01.aws_security_group.this_name_prefix"
          ]
        },
        {
          "index_key": 1,
          "schema_version": 2,
          "attributes": {
            "cidr_blocks": [
              "8.36.116.0/24",
              "8.39.144.0/24",
              "31.186.239.0/24",
              "163.116.128.0/17",
              "162.10.0.0/17",
              "163.116.141.21/32",
              "44.250.60.240/32"
            ],
            "description": "Ingress Rule",
            "from_port": 22,
            "id": "sgrule-1210228616",
            "ipv6_cidr_blocks": null,
            "prefix_list_ids": [],
            "protocol": "tcp",
            "security_group_id": "sg-0fdefa904aec71c3c",
            "security_group_rule_id": "",
            "self": false,
            "source_security_group_id": null,
            "timeouts": null,
            "to_port": 22,
            "type": "ingress"
          },
          "sensitive_attributes": [],
          "identity_schema_version": 0,
          "private": "eyJlMmJmYjczMC1lY2FhLTExZTYtOGY4OC0zNDM2M2JjN2M0YzAiOnsiY3JlYXRlIjozMDAwMDAwMDAwMDB9LCJzY2hlbWFfdmVyc2lvbiI6IjIifQ==",
          "dependencies": [
            "aws_vpc.main",
            "module.security-group-01.aws_security_group.this",
            "module.security-group-01.aws_security_group.this_name_prefix"
          ]
        },
        {
          "index_key": 2,
          "schema_version": 2,
          "attributes": {
            "cidr_blocks": [
              "8.36.116.0/24",
              "8.39.144.0/24",
              "31.186.239.0/24",
              "163.116.128.0/17",
              "162.10.0.0/17",
              "163.116.141.21/32",
              "44.250.60.240/32"
            ],
            "description": "Ingress Rule",
            "from_port": 8080,
            "id": "sgrule-2361507208",
            "ipv6_cidr_blocks": null,
            "prefix_list_ids": [],
            "protocol": "tcp",
            "security_group_id": "sg-0fdefa904aec71c3c",
            "security_group_rule_id": "",
            "self": false,
            "source_security_group_id": null,
            "timeouts": null,
            "to_port": 8080,
            "type": "ingress"
          },
          "sensitive_attributes": [],
          "identity_schema_version": 0,
          "private": "eyJlMmJmYjczMC1lY2FhLTExZTYtOGY4OC0zNDM2M2JjN2M0YzAiOnsiY3JlYXRlIjozMDAwMDAwMDAwMDB9LCJzY2hlbWFfdmVyc2lvbiI6IjIifQ==",
          "dependencies": [
            "aws_vpc.main",
            "module.security-group-01.aws_security_group.this",
            "module.security-group-01.aws_security_group.this_name_prefix"
          ]
        },
        {
          "index_key": 3,
          "schema_version": 2,
          "attributes": {
            "cidr_blocks": [
              "8.36.116.0/24",
              "8.39.144.0/24",
              "31.186.239.0/24",
              "163.116.128.0/17",
              "162.10.0.0/17",
              "163.116.141.21/32",
              "44.250.60.240/32"
            ],
            "description": "Ingress Rule",
            "from_port": 3389,
            "id": "sgrule-1960423647",
            "ipv6_cidr_blocks": null,
            "prefix_list_ids": [],
            "protocol": "tcp",
            "security_group_id": "sg-0fdefa904aec71c3c",
            "security_group_rule_id": "",
            "self": false,
            "source_security_group_id": null,
            "timeouts": null,
            "to_port": 3389,
            "type": "ingress"
          },
          "sensitive_attributes": [],
          "identity_schema_version": 0,
          "private": "eyJlMmJmYjczMC1lY2FhLTExZTYtOGY4OC0zNDM2M2JjN2M0YzAiOnsiY3JlYXRlIjozMDAwMDAwMDAwMDB9LCJzY2hlbWFfdmVyc2lvbiI6IjIifQ==",
          "dependencies": [
            "aws_vpc.main",
            "module.security-group-01.aws_security_group.this",
            "module.security-group-01.aws_security_group.this_name_prefix"
          ]
        },
        {
          "index_key": 4,
          "schema_version": 2,
          "attributes": {
            "cidr_blocks": [
              "8.36.116.0/24",
              "8.39.144.0/24",
              "31.186.239.0/24",
              "163.116.128.0/17",
              "162.10.0.0/17",
              "163.116.141.21/32",
              "44.250.60.240/32"
            ],
            "description": "Ingress Rule",
            "from_port": 3389,
            "id": "sgrule-180745242",
            "ipv6_cidr_blocks": null,
            "prefix_list_ids": [],
            "protocol": "udp",
            "security_group_id": "sg-0fdefa904aec71c3c",
            "security_group_rule_id": "",
            "self": false,
            "source_security_group_id": null,
            "timeouts": null,
            "to_port": 3389,
            "type": "ingress"
          },
          "sensitive_attributes": [],
          "identity_schema_version": 0,
          "private": "eyJlMmJmYjczMC1lY2FhLTExZTYtOGY4OC0zNDM2M2JjN2M0YzAiOnsiY3JlYXRlIjozMDAwMDAwMDAwMDB9LCJzY2hlbWFfdmVyc2lvbiI6IjIifQ==",
          "dependencies": [
            "aws_vpc.main",
            "module.security-group-01.aws_security_group.this",
            "module.security-group-01.aws_security_group.this_name_prefix"
          ]
        }
      ]
    },
    {
      "module": "module.security-group-02",
      "mode": "managed",
      "type": "aws_security_group",
      "name": "this_name_prefix",
      "provider": "provider[\"registry.terraform.io/hashicorp/aws\"]",
      "instances": [
        {
          "index_key": 0,
          "schema_version": 1,
          "attributes": {
            "arn": "arn:aws:ec2:us-west-2:337380398238:security-group/sg-0226444bf58120777",
            "description": "Allow Intra-node communication",
            "egress": [],
            "id": "sg-0226444bf58120777",
            "ingress": [],
            "name": "trs-sr----trs-sr-demo----sg02-20251015224546948000000002",
            "name_prefix": "trs-sr----trs-sr-demo----sg02-",
            "owner_id": "337380398238",
            "revoke_rules_on_delete": false,
            "tags": {
              "Name": "trs-sr----trs-sr-demo----sg02",
              "owner": "trs-sr---",
              "project": "trs-sr-demo---"
            },
            "tags_all": {
              "Name": "trs-sr----trs-sr-demo----sg02",
              "owner": "trs-sr---",
              "project": "trs-sr-demo---"
            },
            "timeouts": {
              "create": "10m",
              "delete": "15m"
            },
            "vpc_id": "vpc-0e999b074e0a7cb63"
          },
          "sensitive_attributes": [],
          "identity_schema_version": 0,
          "private": "eyJlMmJmYjczMC1lY2FhLTExZTYtOGY4OC0zNDM2M2JjN2M0YzAiOnsiY3JlYXRlIjo2MDAwMDAwMDAwMDAsImRlbGV0ZSI6OTAwMDAwMDAwMDAwfSwic2NoZW1hX3ZlcnNpb24iOiIxIn0=",
          "dependencies": [
            "aws_vpc.main"
          ],
          "create_before_destroy": true
        }
      ]
    },
    {
      "module": "module.security-group-02",
      "mode": "managed",
      "type": "aws_security_group_rule",
      "name": "egress_rules",
      "provider": "provider[\"registry.terraform.io/hashicorp/aws\"]",
      "instances": [
        {
          "index_key": 0,
          "schema_version": 2,
          "attributes": {
            "cidr_blocks": [
              "0.0.0.0/0"
            ],
            "description": "All protocols",
            "from_port": -1,
            "id": "sgrule-3930537105",
            "ipv6_cidr_blocks": [
              "::/0"
            ],
            "prefix_list_ids": [],
            "protocol": "-1",
            "security_group_id": "sg-0226444bf58120777",
            "security_group_rule_id": "",
            "self": false,
            "source_security_group_id": null,
            "timeouts": null,
            "to_port": -1,
            "type": "egress"
          },
          "sensitive_attributes": [],
          "identity_schema_version": 0,
          "private": "eyJlMmJmYjczMC1lY2FhLTExZTYtOGY4OC0zNDM2M2JjN2M0YzAiOnsiY3JlYXRlIjozMDAwMDAwMDAwMDB9LCJzY2hlbWFfdmVyc2lvbiI6IjIifQ==",
          "dependencies": [
            "aws_vpc.main",
            "module.security-group-02.aws_security_group.this",
            "module.security-group-02.aws_security_group.this_name_prefix"
          ]
        }
      ]
    },
    {
      "module": "module.security-group-02",
      "mode": "managed",
      "type": "aws_security_group_rule",
      "name": "ingress_with_self",
      "provider": "provider[\"registry.terraform.io/hashicorp/aws\"]",
      "instances": [
        {
          "index_key": 0,
          "schema_version": 2,
          "attributes": {
            "cidr_blocks": null,
            "description": "Ingress Rule",
            "from_port": -1,
            "id": "sgrule-1796369584",
            "ipv6_cidr_blocks": null,
            "prefix_list_ids": [],
            "protocol": "-1",
            "security_group_id": "sg-0226444bf58120777",
            "security_group_rule_id": "sgr-019934feb8940ff4b",
            "self": true,
            "source_security_group_id": null,
            "timeouts": null,
            "to_port": -1,
            "type": "ingress"
          },
          "sensitive_attributes": [],
          "identity_schema_version": 0,
          "private": "eyJlMmJmYjczMC1lY2FhLTExZTYtOGY4OC0zNDM2M2JjN2M0YzAiOnsiY3JlYXRlIjozMDAwMDAwMDAwMDB9LCJzY2hlbWFfdmVyc2lvbiI6IjIifQ==",
          "dependencies": [
            "aws_vpc.main",
            "module.security-group-02.aws_security_group.this",
            "module.security-group-02.aws_security_group.this_name_prefix"
          ]
        }
      ]
    }
  ],
  "check_results": [
    {
      "object_kind": "var",
      "config_addr": "var.crdb_root_volume_type",
      "status": "pass",
      "objects": [
        {
          "object_addr": "var.crdb_root_volume_type",
          "status": "pass"
        }
      ]
    },
    {
      "object_kind": "var",
      "config_addr": "var.include_app",
      "status": "pass",
      "objects": [
        {
          "object_addr": "var.include_app",
          "status": "pass"
        }
      ]
    },
    {
      "object_kind": "var",
      "config_addr": "var.install_enterprise_keys",
      "status": "pass",
      "objects": [
        {
          "object_addr": "var.install_enterprise_keys",
          "status": "pass"
        }
      ]
    },
    {
      "object_kind": "var",
      "config_addr": "var.include_ha_proxy",
      "status": "pass",
      "objects": [
        {
          "object_addr": "var.include_ha_proxy",
          "status": "pass"
        }
      ]
    },
    {
      "object_kind": "var",
      "config_addr": "var.systemd_restart_option",
      "status": "pass",
      "objects": [
        {
          "object_addr": "var.systemd_restart_option",
          "status": "pass"
        }
      ]
    },
    {
      "object_kind": "var",
      "config_addr": "var.run_init",
      "status": "pass",
      "objects": [
        {
          "object_addr": "var.run_init",
          "status": "pass"
        }
      ]
    },
    {
      "object_kind": "var",
      "config_addr": "var.create_ec2_instances",
      "status": "pass",
      "objects": [
        {
          "object_addr": "var.create_ec2_instances",
          "status": "pass"
        }
      ]
    },
    {
      "object_kind": "var",
      "config_addr": "var.crdb_enable_spot_instances",
      "status": "pass",
      "objects": [
        {
          "object_addr": "var.crdb_enable_spot_instances",
          "status": "pass"
        }
      ]
    },
    {
      "object_kind": "var",
      "config_addr": "var.install_system_location_data",
      "status": "pass",
      "objects": [
        {
          "object_addr": "var.install_system_location_data",
          "status": "pass"
        }
      ]
    },
    {
      "object_kind": "var",
      "config_addr": "var.crdb_nodes",
      "status": "pass",
      "objects": [
        {
          "object_addr": "var.crdb_nodes",
          "status": "pass"
        }
      ]
    },
    {
      "object_kind": "var",
      "config_addr": "var.include_demo",
      "status": "pass",
      "objects": [
        {
          "object_addr": "var.include_demo",
          "status": "pass"
        }
      ]
    },
    {
      "object_kind": "var",
      "config_addr": "var.crdb_wal_failover",
      "status": "pass",
      "objects": [
        {
          "object_addr": "var.crdb_wal_failover",
          "status": "pass"
        }
      ]
    },
    {
      "object_kind": "var",
      "config_addr": "var.install_haproxy_on_app",
      "status": "pass",
      "objects": [
        {
          "object_addr": "var.install_haproxy_on_app",
          "status": "pass"
        }
      ]
    },
    {
      "object_kind": "var",
      "config_addr": "var.create_db_ui_user",
      "status": "pass",
      "objects": [
        {
          "object_addr": "var.create_db_ui_user",
          "status": "pass"
        }
      ]
    },
    {
      "object_kind": "var",
      "config_addr": "var.create_admin_user",
      "status": "pass",
      "objects": [
        {
          "object_addr": "var.create_admin_user",
          "status": "pass"
        }
      ]
    },
    {
      "object_kind": "var",
      "config_addr": "var.crdb_arm_release",
      "status": "pass",
      "objects": [
        {
          "object_addr": "var.crdb_arm_release",
          "status": "pass"
        }
      ]
    },
    {
      "object_kind": "var",
      "config_addr": "var.crdb_store_volume_type",
      "status": "pass",
      "objects": [
        {
          "object_addr": "var.crdb_store_volume_type",
          "status": "pass"
        }
      ]
    }
  ]
}
